// !$*UTF8*$!
{
	archiveVersion = 1;
	classes = {
	};
	objectVersion = 56;
	objects = {

/* Begin PBXBuildFile section */
		64E499C5CFAEA368EC21313F /* Pods_DataTests.framework in Frameworks */ = {isa = PBXBuildFile; fileRef = 1571EA0A08D442FEF7C09424 /* Pods_DataTests.framework */; };
		7EF3A291581F7EA20CB1042D /* Pods_Data.framework in Frameworks */ = {isa = PBXBuildFile; fileRef = E91B3E23688435064A60C0C4 /* Pods_Data.framework */; };
		D89DBE1D2B872F0B00E5F1BD /* NonceGenerator.swift in Sources */ = {isa = PBXBuildFile; fileRef = D89DBE1C2B872F0B00E5F1BD /* NonceGenerator.swift */; };
		D89DBE282B88802800E5F1BD /* Country.swift in Sources */ = {isa = PBXBuildFile; fileRef = D89DBE272B88802800E5F1BD /* Country.swift */; };
		D89DBE2B2B88817E00E5F1BD /* JSONUtils.swift in Sources */ = {isa = PBXBuildFile; fileRef = D89DBE2A2B88817E00E5F1BD /* JSONUtils.swift */; };
		D89DBE2F2B88846C00E5F1BD /* LoaderViewModel.swift in Sources */ = {isa = PBXBuildFile; fileRef = D89DBE2E2B88846C00E5F1BD /* LoaderViewModel.swift */; };
		D89DBE402B8C9E7400E5F1BD /* RouterView.swift in Sources */ = {isa = PBXBuildFile; fileRef = D89DBE3F2B8C9E7400E5F1BD /* RouterView.swift */; };
		D89DBE442B8CB11600E5F1BD /* AuthHandler.swift in Sources */ = {isa = PBXBuildFile; fileRef = D89DBE432B8CB11600E5F1BD /* AuthHandler.swift */; };
		D89DBE462B8CBE0F00E5F1BD /* FirestoreManager.swift in Sources */ = {isa = PBXBuildFile; fileRef = D89DBE452B8CBE0F00E5F1BD /* FirestoreManager.swift */; };
		D89DBE482B8CBE4C00E5F1BD /* AppUser.swift in Sources */ = {isa = PBXBuildFile; fileRef = D89DBE472B8CBE4C00E5F1BD /* AppUser.swift */; };
		D89DBE4A2B8CBEAE00E5F1BD /* ServiceError.swift in Sources */ = {isa = PBXBuildFile; fileRef = D89DBE492B8CBEAE00E5F1BD /* ServiceError.swift */; };
		D89DBE532B8DC9F700E5F1BD /* AppRoute.swift in Sources */ = {isa = PBXBuildFile; fileRef = D89DBE522B8DC9F700E5F1BD /* AppRoute.swift */; };
		D8AC25BB2B7F327A00CEAAD3 /* SplitoPreference.swift in Sources */ = {isa = PBXBuildFile; fileRef = D8AC25BA2B7F327A00CEAAD3 /* SplitoPreference.swift */; };
		D8AC25BE2B7F359B00CEAAD3 /* FirebaseProvider.swift in Sources */ = {isa = PBXBuildFile; fileRef = D8AC25BD2B7F359B00CEAAD3 /* FirebaseProvider.swift */; };
		D8AC25C12B7F38D300CEAAD3 /* Injector.swift in Sources */ = {isa = PBXBuildFile; fileRef = D8AC25C02B7F38D300CEAAD3 /* Injector.swift */; };
		D8AC25C32B7F390B00CEAAD3 /* AppAssembly.swift in Sources */ = {isa = PBXBuildFile; fileRef = D8AC25C22B7F390B00CEAAD3 /* AppAssembly.swift */; };
		D8D42A9B2B8709FD009B345D /* BaseViewModel.swift in Sources */ = {isa = PBXBuildFile; fileRef = D8D42A9A2B8709FD009B345D /* BaseViewModel.swift */; };
		D8D42A9F2B870BBA009B345D /* BaseStyle.framework in Frameworks */ = {isa = PBXBuildFile; fileRef = D8D42A9E2B870BBA009B345D /* BaseStyle.framework */; };
		D8D42AA02B870BBA009B345D /* BaseStyle.framework in Embed Frameworks */ = {isa = PBXBuildFile; fileRef = D8D42A9E2B870BBA009B345D /* BaseStyle.framework */; settings = {ATTRIBUTES = (CodeSignOnCopy, RemoveHeadersOnCopy, ); }; };
		D8D42AA92B872726009B345D /* DDLogProvider.swift in Sources */ = {isa = PBXBuildFile; fileRef = D8D42AA82B872726009B345D /* DDLogProvider.swift */; };
		D8DF8BBF2B7A315100165138 /* Data.framework in Frameworks */ = {isa = PBXBuildFile; fileRef = D8DF8BB62B7A315000165138 /* Data.framework */; };
		D8DF8BC42B7A315100165138 /* DataTests.swift in Sources */ = {isa = PBXBuildFile; fileRef = D8DF8BC32B7A315100165138 /* DataTests.swift */; };
		D8DF8BC52B7A315100165138 /* Data.h in Headers */ = {isa = PBXBuildFile; fileRef = D8DF8BB92B7A315000165138 /* Data.h */; settings = {ATTRIBUTES = (Public, ); }; };
/* End PBXBuildFile section */

/* Begin PBXContainerItemProxy section */
		D8DF8BC02B7A315100165138 /* PBXContainerItemProxy */ = {
			isa = PBXContainerItemProxy;
			containerPortal = D8DF8BAD2B7A315000165138 /* Project object */;
			proxyType = 1;
			remoteGlobalIDString = D8DF8BB52B7A315000165138;
			remoteInfo = Data;
		};
/* End PBXContainerItemProxy section */

/* Begin PBXCopyFilesBuildPhase section */
		D8D42AA12B870BBA009B345D /* Embed Frameworks */ = {
			isa = PBXCopyFilesBuildPhase;
			buildActionMask = 2147483647;
			dstPath = "";
			dstSubfolderSpec = 10;
			files = (
				D8D42AA02B870BBA009B345D /* BaseStyle.framework in Embed Frameworks */,
			);
			name = "Embed Frameworks";
			runOnlyForDeploymentPostprocessing = 0;
		};
/* End PBXCopyFilesBuildPhase section */

/* Begin PBXFileReference section */
		1571EA0A08D442FEF7C09424 /* Pods_DataTests.framework */ = {isa = PBXFileReference; explicitFileType = wrapper.framework; includeInIndex = 0; path = Pods_DataTests.framework; sourceTree = BUILT_PRODUCTS_DIR; };
		5B14CF1A2EEF27479BF50566 /* Pods-DataTests.debug.xcconfig */ = {isa = PBXFileReference; includeInIndex = 1; lastKnownFileType = text.xcconfig; name = "Pods-DataTests.debug.xcconfig"; path = "Target Support Files/Pods-DataTests/Pods-DataTests.debug.xcconfig"; sourceTree = "<group>"; };
		803094012FE4C155F2A347B6 /* Pods-DataTests.release.xcconfig */ = {isa = PBXFileReference; includeInIndex = 1; lastKnownFileType = text.xcconfig; name = "Pods-DataTests.release.xcconfig"; path = "Target Support Files/Pods-DataTests/Pods-DataTests.release.xcconfig"; sourceTree = "<group>"; };
		BED6C37AA3F8FD2A6350DE1C /* Pods-Data.debug.xcconfig */ = {isa = PBXFileReference; includeInIndex = 1; lastKnownFileType = text.xcconfig; name = "Pods-Data.debug.xcconfig"; path = "Target Support Files/Pods-Data/Pods-Data.debug.xcconfig"; sourceTree = "<group>"; };
		D89DBE1C2B872F0B00E5F1BD /* NonceGenerator.swift */ = {isa = PBXFileReference; lastKnownFileType = sourcecode.swift; path = NonceGenerator.swift; sourceTree = "<group>"; };
		D89DBE272B88802800E5F1BD /* Country.swift */ = {isa = PBXFileReference; lastKnownFileType = sourcecode.swift; path = Country.swift; sourceTree = "<group>"; };
		D89DBE2A2B88817E00E5F1BD /* JSONUtils.swift */ = {isa = PBXFileReference; lastKnownFileType = sourcecode.swift; path = JSONUtils.swift; sourceTree = "<group>"; };
		D89DBE2E2B88846C00E5F1BD /* LoaderViewModel.swift */ = {isa = PBXFileReference; fileEncoding = 4; lastKnownFileType = sourcecode.swift; path = LoaderViewModel.swift; sourceTree = "<group>"; };
		D89DBE3F2B8C9E7400E5F1BD /* RouterView.swift */ = {isa = PBXFileReference; lastKnownFileType = sourcecode.swift; path = RouterView.swift; sourceTree = "<group>"; };
		D89DBE432B8CB11600E5F1BD /* AuthHandler.swift */ = {isa = PBXFileReference; lastKnownFileType = sourcecode.swift; path = AuthHandler.swift; sourceTree = "<group>"; };
		D89DBE452B8CBE0F00E5F1BD /* FirestoreManager.swift */ = {isa = PBXFileReference; lastKnownFileType = sourcecode.swift; path = FirestoreManager.swift; sourceTree = "<group>"; };
		D89DBE472B8CBE4C00E5F1BD /* AppUser.swift */ = {isa = PBXFileReference; lastKnownFileType = sourcecode.swift; path = AppUser.swift; sourceTree = "<group>"; };
		D89DBE492B8CBEAE00E5F1BD /* ServiceError.swift */ = {isa = PBXFileReference; lastKnownFileType = sourcecode.swift; path = ServiceError.swift; sourceTree = "<group>"; };
		D89DBE522B8DC9F700E5F1BD /* AppRoute.swift */ = {isa = PBXFileReference; lastKnownFileType = sourcecode.swift; path = AppRoute.swift; sourceTree = "<group>"; };
		D8AC25BA2B7F327A00CEAAD3 /* SplitoPreference.swift */ = {isa = PBXFileReference; lastKnownFileType = sourcecode.swift; path = SplitoPreference.swift; sourceTree = "<group>"; };
		D8AC25BD2B7F359B00CEAAD3 /* FirebaseProvider.swift */ = {isa = PBXFileReference; lastKnownFileType = sourcecode.swift; path = FirebaseProvider.swift; sourceTree = "<group>"; };
		D8AC25C02B7F38D300CEAAD3 /* Injector.swift */ = {isa = PBXFileReference; lastKnownFileType = sourcecode.swift; path = Injector.swift; sourceTree = "<group>"; };
		D8AC25C22B7F390B00CEAAD3 /* AppAssembly.swift */ = {isa = PBXFileReference; lastKnownFileType = sourcecode.swift; path = AppAssembly.swift; sourceTree = "<group>"; };
		D8D42A9A2B8709FD009B345D /* BaseViewModel.swift */ = {isa = PBXFileReference; lastKnownFileType = sourcecode.swift; path = BaseViewModel.swift; sourceTree = "<group>"; };
		D8D42A9E2B870BBA009B345D /* BaseStyle.framework */ = {isa = PBXFileReference; explicitFileType = wrapper.framework; path = BaseStyle.framework; sourceTree = BUILT_PRODUCTS_DIR; };
		D8D42AA82B872726009B345D /* DDLogProvider.swift */ = {isa = PBXFileReference; lastKnownFileType = sourcecode.swift; path = DDLogProvider.swift; sourceTree = "<group>"; };
		D8DF8BB62B7A315000165138 /* Data.framework */ = {isa = PBXFileReference; explicitFileType = wrapper.framework; includeInIndex = 0; path = Data.framework; sourceTree = BUILT_PRODUCTS_DIR; };
		D8DF8BB92B7A315000165138 /* Data.h */ = {isa = PBXFileReference; lastKnownFileType = sourcecode.c.h; path = Data.h; sourceTree = "<group>"; };
		D8DF8BBE2B7A315100165138 /* DataTests.xctest */ = {isa = PBXFileReference; explicitFileType = wrapper.cfbundle; includeInIndex = 0; path = DataTests.xctest; sourceTree = BUILT_PRODUCTS_DIR; };
		D8DF8BC32B7A315100165138 /* DataTests.swift */ = {isa = PBXFileReference; lastKnownFileType = sourcecode.swift; path = DataTests.swift; sourceTree = "<group>"; };
		E03ED35E1B582FED247ACC38 /* Pods-Data.release.xcconfig */ = {isa = PBXFileReference; includeInIndex = 1; lastKnownFileType = text.xcconfig; name = "Pods-Data.release.xcconfig"; path = "Target Support Files/Pods-Data/Pods-Data.release.xcconfig"; sourceTree = "<group>"; };
		E91B3E23688435064A60C0C4 /* Pods_Data.framework */ = {isa = PBXFileReference; explicitFileType = wrapper.framework; includeInIndex = 0; path = Pods_Data.framework; sourceTree = BUILT_PRODUCTS_DIR; };
/* End PBXFileReference section */

/* Begin PBXFrameworksBuildPhase section */
		D8DF8BB32B7A315000165138 /* Frameworks */ = {
			isa = PBXFrameworksBuildPhase;
			buildActionMask = 2147483647;
			files = (
				7EF3A291581F7EA20CB1042D /* Pods_Data.framework in Frameworks */,
				D8D42A9F2B870BBA009B345D /* BaseStyle.framework in Frameworks */,
			);
			runOnlyForDeploymentPostprocessing = 0;
		};
		D8DF8BBB2B7A315100165138 /* Frameworks */ = {
			isa = PBXFrameworksBuildPhase;
			buildActionMask = 2147483647;
			files = (
				D8DF8BBF2B7A315100165138 /* Data.framework in Frameworks */,
				64E499C5CFAEA368EC21313F /* Pods_DataTests.framework in Frameworks */,
			);
			runOnlyForDeploymentPostprocessing = 0;
		};
/* End PBXFrameworksBuildPhase section */

/* Begin PBXGroup section */
		9E4388A4C8057257EE82C256 /* Pods */ = {
			isa = PBXGroup;
			children = (
				BED6C37AA3F8FD2A6350DE1C /* Pods-Data.debug.xcconfig */,
				E03ED35E1B582FED247ACC38 /* Pods-Data.release.xcconfig */,
				5B14CF1A2EEF27479BF50566 /* Pods-DataTests.debug.xcconfig */,
				803094012FE4C155F2A347B6 /* Pods-DataTests.release.xcconfig */,
			);
			name = Pods;
			path = ../Pods;
			sourceTree = "<group>";
		};
		CA0032CEB21389E501879589 /* Frameworks */ = {
			isa = PBXGroup;
			children = (
				D8D42A9E2B870BBA009B345D /* BaseStyle.framework */,
				E91B3E23688435064A60C0C4 /* Pods_Data.framework */,
				1571EA0A08D442FEF7C09424 /* Pods_DataTests.framework */,
			);
			name = Frameworks;
			sourceTree = "<group>";
		};
		D89DBE262B88801F00E5F1BD /* Model */ = {
			isa = PBXGroup;
			children = (
				D89DBE272B88802800E5F1BD /* Country.swift */,
				D89DBE472B8CBE4C00E5F1BD /* AppUser.swift */,
				D89DBE432B8CB11600E5F1BD /* AuthHandler.swift */,
				D89DBE452B8CBE0F00E5F1BD /* FirestoreManager.swift */,
				D89DBE2E2B88846C00E5F1BD /* LoaderViewModel.swift */,
			);
			path = Model;
			sourceTree = "<group>";
		};
		D89DBE292B88817200E5F1BD /* Utils */ = {
			isa = PBXGroup;
			children = (
				D89DBE2A2B88817E00E5F1BD /* JSONUtils.swift */,
			);
			path = Utils;
			sourceTree = "<group>";
		};
		D89DBE4B2B8CBEB500E5F1BD /* Services */ = {
			isa = PBXGroup;
			children = (
				D89DBE492B8CBEAE00E5F1BD /* ServiceError.swift */,
			);
			path = Services;
			sourceTree = "<group>";
		};
		D89DBE512B8DC4ED00E5F1BD /* Router */ = {
			isa = PBXGroup;
			children = (
				D89DBE3F2B8C9E7400E5F1BD /* RouterView.swift */,
				D89DBE522B8DC9F700E5F1BD /* AppRoute.swift */,
			);
			path = Router;
			sourceTree = "<group>";
		};
		D8AC25B92B7F326B00CEAAD3 /* Store */ = {
			isa = PBXGroup;
			children = (
				D8AC25BA2B7F327A00CEAAD3 /* SplitoPreference.swift */,
			);
			path = Store;
			sourceTree = "<group>";
		};
		D8AC25BC2B7F357A00CEAAD3 /* Helper */ = {
			isa = PBXGroup;
			children = (
				D8D42AA72B87271A009B345D /* Logger */,
				D8D42AA62B872710009B345D /* Firebase */,
				D8D42AA52B872704009B345D /* ViewModel */,
				D89DBE1C2B872F0B00E5F1BD /* NonceGenerator.swift */,
			);
			path = Helper;
			sourceTree = "<group>";
		};
		D8AC25BF2B7F38C800CEAAD3 /* DI */ = {
			isa = PBXGroup;
			children = (
				D8AC25C02B7F38D300CEAAD3 /* Injector.swift */,
				D8AC25C22B7F390B00CEAAD3 /* AppAssembly.swift */,
			);
			path = DI;
			sourceTree = "<group>";
		};
		D8D42AA52B872704009B345D /* ViewModel */ = {
			isa = PBXGroup;
			children = (
				D8D42A9A2B8709FD009B345D /* BaseViewModel.swift */,
			);
			path = ViewModel;
			sourceTree = "<group>";
		};
		D8D42AA62B872710009B345D /* Firebase */ = {
			isa = PBXGroup;
			children = (
				D8AC25BD2B7F359B00CEAAD3 /* FirebaseProvider.swift */,
			);
			path = Firebase;
			sourceTree = "<group>";
		};
		D8D42AA72B87271A009B345D /* Logger */ = {
			isa = PBXGroup;
			children = (
				D8D42AA82B872726009B345D /* DDLogProvider.swift */,
			);
			path = Logger;
			sourceTree = "<group>";
		};
		D8DF8BAC2B7A315000165138 = {
			isa = PBXGroup;
			children = (
				D8DF8BB82B7A315000165138 /* Data */,
				D8DF8BC22B7A315100165138 /* DataTests */,
				D8DF8BB72B7A315000165138 /* Products */,
				9E4388A4C8057257EE82C256 /* Pods */,
				CA0032CEB21389E501879589 /* Frameworks */,
			);
			sourceTree = "<group>";
		};
		D8DF8BB72B7A315000165138 /* Products */ = {
			isa = PBXGroup;
			children = (
				D8DF8BB62B7A315000165138 /* Data.framework */,
				D8DF8BBE2B7A315100165138 /* DataTests.xctest */,
			);
			name = Products;
			sourceTree = "<group>";
		};
		D8DF8BB82B7A315000165138 /* Data */ = {
			isa = PBXGroup;
			children = (
				D8DF8BB92B7A315000165138 /* Data.h */,
				D89DBE512B8DC4ED00E5F1BD /* Router */,
				D8AC25BF2B7F38C800CEAAD3 /* DI */,
				D89DBE262B88801F00E5F1BD /* Model */,
				D89DBE4B2B8CBEB500E5F1BD /* Services */,
				D89DBE292B88817200E5F1BD /* Utils */,
				D8AC25B92B7F326B00CEAAD3 /* Store */,
				D8AC25BC2B7F357A00CEAAD3 /* Helper */,
			);
			path = Data;
			sourceTree = "<group>";
		};
		D8DF8BC22B7A315100165138 /* DataTests */ = {
			isa = PBXGroup;
			children = (
				D8DF8BC32B7A315100165138 /* DataTests.swift */,
			);
			path = DataTests;
			sourceTree = "<group>";
		};
/* End PBXGroup section */

/* Begin PBXHeadersBuildPhase section */
		D8DF8BB12B7A315000165138 /* Headers */ = {
			isa = PBXHeadersBuildPhase;
			buildActionMask = 2147483647;
			files = (
				D8DF8BC52B7A315100165138 /* Data.h in Headers */,
			);
			runOnlyForDeploymentPostprocessing = 0;
		};
/* End PBXHeadersBuildPhase section */

/* Begin PBXNativeTarget section */
		D8DF8BB52B7A315000165138 /* Data */ = {
			isa = PBXNativeTarget;
			buildConfigurationList = D8DF8BC82B7A315100165138 /* Build configuration list for PBXNativeTarget "Data" */;
			buildPhases = (
				927C69B32FF9F96F90F46B00 /* [CP] Check Pods Manifest.lock */,
				D8DF8BB12B7A315000165138 /* Headers */,
				D8DF8BB22B7A315000165138 /* Sources */,
				D8DF8BB32B7A315000165138 /* Frameworks */,
				D8DF8BB42B7A315000165138 /* Resources */,
				D8D42AA12B870BBA009B345D /* Embed Frameworks */,
			);
			buildRules = (
			);
			dependencies = (
			);
			name = Data;
			productName = Data;
			productReference = D8DF8BB62B7A315000165138 /* Data.framework */;
			productType = "com.apple.product-type.framework";
		};
		D8DF8BBD2B7A315100165138 /* DataTests */ = {
			isa = PBXNativeTarget;
			buildConfigurationList = D8DF8BCB2B7A315100165138 /* Build configuration list for PBXNativeTarget "DataTests" */;
			buildPhases = (
				2D7454235C2B49663833FDCB /* [CP] Check Pods Manifest.lock */,
				D8DF8BBA2B7A315100165138 /* Sources */,
				D8DF8BBB2B7A315100165138 /* Frameworks */,
				D8DF8BBC2B7A315100165138 /* Resources */,
			);
			buildRules = (
			);
			dependencies = (
				D8DF8BC12B7A315100165138 /* PBXTargetDependency */,
			);
			name = DataTests;
			productName = DataTests;
			productReference = D8DF8BBE2B7A315100165138 /* DataTests.xctest */;
			productType = "com.apple.product-type.bundle.unit-test";
		};
/* End PBXNativeTarget section */

/* Begin PBXProject section */
		D8DF8BAD2B7A315000165138 /* Project object */ = {
			isa = PBXProject;
			attributes = {
				BuildIndependentTargetsInParallel = 1;
				LastSwiftUpdateCheck = 1520;
				LastUpgradeCheck = 1520;
				TargetAttributes = {
					D8DF8BB52B7A315000165138 = {
						CreatedOnToolsVersion = 15.2;
						LastSwiftMigration = 1520;
					};
					D8DF8BBD2B7A315100165138 = {
						CreatedOnToolsVersion = 15.2;
					};
				};
			};
			buildConfigurationList = D8DF8BB02B7A315000165138 /* Build configuration list for PBXProject "Data" */;
			compatibilityVersion = "Xcode 14.0";
			developmentRegion = en;
			hasScannedForEncodings = 0;
			knownRegions = (
				en,
				Base,
			);
			mainGroup = D8DF8BAC2B7A315000165138;
			productRefGroup = D8DF8BB72B7A315000165138 /* Products */;
			projectDirPath = "";
			projectRoot = "";
			targets = (
				D8DF8BB52B7A315000165138 /* Data */,
				D8DF8BBD2B7A315100165138 /* DataTests */,
			);
		};
/* End PBXProject section */

/* Begin PBXResourcesBuildPhase section */
		D8DF8BB42B7A315000165138 /* Resources */ = {
			isa = PBXResourcesBuildPhase;
			buildActionMask = 2147483647;
			files = (
			);
			runOnlyForDeploymentPostprocessing = 0;
		};
		D8DF8BBC2B7A315100165138 /* Resources */ = {
			isa = PBXResourcesBuildPhase;
			buildActionMask = 2147483647;
			files = (
			);
			runOnlyForDeploymentPostprocessing = 0;
		};
/* End PBXResourcesBuildPhase section */

/* Begin PBXShellScriptBuildPhase section */
		2D7454235C2B49663833FDCB /* [CP] Check Pods Manifest.lock */ = {
			isa = PBXShellScriptBuildPhase;
			buildActionMask = 2147483647;
			files = (
			);
			inputFileListPaths = (
			);
			inputPaths = (
				"${PODS_PODFILE_DIR_PATH}/Podfile.lock",
				"${PODS_ROOT}/Manifest.lock",
			);
			name = "[CP] Check Pods Manifest.lock";
			outputFileListPaths = (
			);
			outputPaths = (
				"$(DERIVED_FILE_DIR)/Pods-DataTests-checkManifestLockResult.txt",
			);
			runOnlyForDeploymentPostprocessing = 0;
			shellPath = /bin/sh;
			shellScript = "diff \"${PODS_PODFILE_DIR_PATH}/Podfile.lock\" \"${PODS_ROOT}/Manifest.lock\" > /dev/null\nif [ $? != 0 ] ; then\n    # print error to STDERR\n    echo \"error: The sandbox is not in sync with the Podfile.lock. Run 'pod install' or update your CocoaPods installation.\" >&2\n    exit 1\nfi\n# This output is used by Xcode 'outputs' to avoid re-running this script phase.\necho \"SUCCESS\" > \"${SCRIPT_OUTPUT_FILE_0}\"\n";
			showEnvVarsInLog = 0;
		};
		927C69B32FF9F96F90F46B00 /* [CP] Check Pods Manifest.lock */ = {
			isa = PBXShellScriptBuildPhase;
			buildActionMask = 2147483647;
			files = (
			);
			inputFileListPaths = (
			);
			inputPaths = (
				"${PODS_PODFILE_DIR_PATH}/Podfile.lock",
				"${PODS_ROOT}/Manifest.lock",
			);
			name = "[CP] Check Pods Manifest.lock";
			outputFileListPaths = (
			);
			outputPaths = (
				"$(DERIVED_FILE_DIR)/Pods-Data-checkManifestLockResult.txt",
			);
			runOnlyForDeploymentPostprocessing = 0;
			shellPath = /bin/sh;
			shellScript = "diff \"${PODS_PODFILE_DIR_PATH}/Podfile.lock\" \"${PODS_ROOT}/Manifest.lock\" > /dev/null\nif [ $? != 0 ] ; then\n    # print error to STDERR\n    echo \"error: The sandbox is not in sync with the Podfile.lock. Run 'pod install' or update your CocoaPods installation.\" >&2\n    exit 1\nfi\n# This output is used by Xcode 'outputs' to avoid re-running this script phase.\necho \"SUCCESS\" > \"${SCRIPT_OUTPUT_FILE_0}\"\n";
			showEnvVarsInLog = 0;
		};
/* End PBXShellScriptBuildPhase section */

/* Begin PBXSourcesBuildPhase section */
		D8DF8BB22B7A315000165138 /* Sources */ = {
			isa = PBXSourcesBuildPhase;
			buildActionMask = 2147483647;
			files = (
				D89DBE4A2B8CBEAE00E5F1BD /* ServiceError.swift in Sources */,
				D89DBE482B8CBE4C00E5F1BD /* AppUser.swift in Sources */,
				D89DBE462B8CBE0F00E5F1BD /* FirestoreManager.swift in Sources */,
				D8AC25BB2B7F327A00CEAAD3 /* SplitoPreference.swift in Sources */,
				D8D42A9B2B8709FD009B345D /* BaseViewModel.swift in Sources */,
				D8AC25C32B7F390B00CEAAD3 /* AppAssembly.swift in Sources */,
				D8AC25C12B7F38D300CEAAD3 /* Injector.swift in Sources */,
				D89DBE2B2B88817E00E5F1BD /* JSONUtils.swift in Sources */,
				D89DBE282B88802800E5F1BD /* Country.swift in Sources */,
				D89DBE532B8DC9F700E5F1BD /* AppRoute.swift in Sources */,
				D89DBE402B8C9E7400E5F1BD /* RouterView.swift in Sources */,
				D8AC25BE2B7F359B00CEAAD3 /* FirebaseProvider.swift in Sources */,
				D89DBE442B8CB11600E5F1BD /* AuthHandler.swift in Sources */,
				D89DBE2F2B88846C00E5F1BD /* LoaderViewModel.swift in Sources */,
				D89DBE1D2B872F0B00E5F1BD /* NonceGenerator.swift in Sources */,
				D8D42AA92B872726009B345D /* DDLogProvider.swift in Sources */,
			);
			runOnlyForDeploymentPostprocessing = 0;
		};
		D8DF8BBA2B7A315100165138 /* Sources */ = {
			isa = PBXSourcesBuildPhase;
			buildActionMask = 2147483647;
			files = (
				D8DF8BC42B7A315100165138 /* DataTests.swift in Sources */,
			);
			runOnlyForDeploymentPostprocessing = 0;
		};
/* End PBXSourcesBuildPhase section */

/* Begin PBXTargetDependency section */
		D8DF8BC12B7A315100165138 /* PBXTargetDependency */ = {
			isa = PBXTargetDependency;
			target = D8DF8BB52B7A315000165138 /* Data */;
			targetProxy = D8DF8BC02B7A315100165138 /* PBXContainerItemProxy */;
		};
/* End PBXTargetDependency section */

/* Begin XCBuildConfiguration section */
		D8DF8BC62B7A315100165138 /* Debug */ = {
			isa = XCBuildConfiguration;
			buildSettings = {
				ALWAYS_SEARCH_USER_PATHS = NO;
				ASSETCATALOG_COMPILER_GENERATE_SWIFT_ASSET_SYMBOL_EXTENSIONS = YES;
				CLANG_ANALYZER_NONNULL = YES;
				CLANG_ANALYZER_NUMBER_OBJECT_CONVERSION = YES_AGGRESSIVE;
				CLANG_CXX_LANGUAGE_STANDARD = "gnu++20";
				CLANG_ENABLE_MODULES = YES;
				CLANG_ENABLE_OBJC_ARC = YES;
				CLANG_ENABLE_OBJC_WEAK = YES;
				CLANG_WARN_BLOCK_CAPTURE_AUTORELEASING = YES;
				CLANG_WARN_BOOL_CONVERSION = YES;
				CLANG_WARN_COMMA = YES;
				CLANG_WARN_CONSTANT_CONVERSION = YES;
				CLANG_WARN_DEPRECATED_OBJC_IMPLEMENTATIONS = YES;
				CLANG_WARN_DIRECT_OBJC_ISA_USAGE = YES_ERROR;
				CLANG_WARN_DOCUMENTATION_COMMENTS = YES;
				CLANG_WARN_EMPTY_BODY = YES;
				CLANG_WARN_ENUM_CONVERSION = YES;
				CLANG_WARN_INFINITE_RECURSION = YES;
				CLANG_WARN_INT_CONVERSION = YES;
				CLANG_WARN_NON_LITERAL_NULL_CONVERSION = YES;
				CLANG_WARN_OBJC_IMPLICIT_RETAIN_SELF = YES;
				CLANG_WARN_OBJC_LITERAL_CONVERSION = YES;
				CLANG_WARN_OBJC_ROOT_CLASS = YES_ERROR;
				CLANG_WARN_QUOTED_INCLUDE_IN_FRAMEWORK_HEADER = YES;
				CLANG_WARN_RANGE_LOOP_ANALYSIS = YES;
				CLANG_WARN_STRICT_PROTOTYPES = YES;
				CLANG_WARN_SUSPICIOUS_MOVE = YES;
				CLANG_WARN_UNGUARDED_AVAILABILITY = YES_AGGRESSIVE;
				CLANG_WARN_UNREACHABLE_CODE = YES;
				CLANG_WARN__DUPLICATE_METHOD_MATCH = YES;
				COPY_PHASE_STRIP = NO;
				CURRENT_PROJECT_VERSION = 1;
				DEBUG_INFORMATION_FORMAT = dwarf;
				ENABLE_STRICT_OBJC_MSGSEND = YES;
				ENABLE_TESTABILITY = YES;
				ENABLE_USER_SCRIPT_SANDBOXING = YES;
				GCC_C_LANGUAGE_STANDARD = gnu17;
				GCC_DYNAMIC_NO_PIC = NO;
				GCC_NO_COMMON_BLOCKS = YES;
				GCC_OPTIMIZATION_LEVEL = 0;
				GCC_PREPROCESSOR_DEFINITIONS = (
					"DEBUG=1",
					"$(inherited)",
				);
				GCC_WARN_64_TO_32_BIT_CONVERSION = YES;
				GCC_WARN_ABOUT_RETURN_TYPE = YES_ERROR;
				GCC_WARN_UNDECLARED_SELECTOR = YES;
				GCC_WARN_UNINITIALIZED_AUTOS = YES_AGGRESSIVE;
				GCC_WARN_UNUSED_FUNCTION = YES;
				GCC_WARN_UNUSED_VARIABLE = YES;
				IPHONEOS_DEPLOYMENT_TARGET = 16.0;
				LOCALIZATION_PREFERS_STRING_CATALOGS = YES;
				MTL_ENABLE_DEBUG_INFO = INCLUDE_SOURCE;
				MTL_FAST_MATH = YES;
				ONLY_ACTIVE_ARCH = YES;
				SDKROOT = iphoneos;
				SWIFT_ACTIVE_COMPILATION_CONDITIONS = "DEBUG $(inherited)";
				SWIFT_OPTIMIZATION_LEVEL = "-Onone";
				VERSIONING_SYSTEM = "apple-generic";
				VERSION_INFO_PREFIX = "";
			};
			name = Debug;
		};
		D8DF8BC72B7A315100165138 /* Release */ = {
			isa = XCBuildConfiguration;
			buildSettings = {
				ALWAYS_SEARCH_USER_PATHS = NO;
				ASSETCATALOG_COMPILER_GENERATE_SWIFT_ASSET_SYMBOL_EXTENSIONS = YES;
				CLANG_ANALYZER_NONNULL = YES;
				CLANG_ANALYZER_NUMBER_OBJECT_CONVERSION = YES_AGGRESSIVE;
				CLANG_CXX_LANGUAGE_STANDARD = "gnu++20";
				CLANG_ENABLE_MODULES = YES;
				CLANG_ENABLE_OBJC_ARC = YES;
				CLANG_ENABLE_OBJC_WEAK = YES;
				CLANG_WARN_BLOCK_CAPTURE_AUTORELEASING = YES;
				CLANG_WARN_BOOL_CONVERSION = YES;
				CLANG_WARN_COMMA = YES;
				CLANG_WARN_CONSTANT_CONVERSION = YES;
				CLANG_WARN_DEPRECATED_OBJC_IMPLEMENTATIONS = YES;
				CLANG_WARN_DIRECT_OBJC_ISA_USAGE = YES_ERROR;
				CLANG_WARN_DOCUMENTATION_COMMENTS = YES;
				CLANG_WARN_EMPTY_BODY = YES;
				CLANG_WARN_ENUM_CONVERSION = YES;
				CLANG_WARN_INFINITE_RECURSION = YES;
				CLANG_WARN_INT_CONVERSION = YES;
				CLANG_WARN_NON_LITERAL_NULL_CONVERSION = YES;
				CLANG_WARN_OBJC_IMPLICIT_RETAIN_SELF = YES;
				CLANG_WARN_OBJC_LITERAL_CONVERSION = YES;
				CLANG_WARN_OBJC_ROOT_CLASS = YES_ERROR;
				CLANG_WARN_QUOTED_INCLUDE_IN_FRAMEWORK_HEADER = YES;
				CLANG_WARN_RANGE_LOOP_ANALYSIS = YES;
				CLANG_WARN_STRICT_PROTOTYPES = YES;
				CLANG_WARN_SUSPICIOUS_MOVE = YES;
				CLANG_WARN_UNGUARDED_AVAILABILITY = YES_AGGRESSIVE;
				CLANG_WARN_UNREACHABLE_CODE = YES;
				CLANG_WARN__DUPLICATE_METHOD_MATCH = YES;
				COPY_PHASE_STRIP = NO;
				CURRENT_PROJECT_VERSION = 1;
				DEBUG_INFORMATION_FORMAT = "dwarf-with-dsym";
				ENABLE_NS_ASSERTIONS = NO;
				ENABLE_STRICT_OBJC_MSGSEND = YES;
				ENABLE_USER_SCRIPT_SANDBOXING = YES;
				GCC_C_LANGUAGE_STANDARD = gnu17;
				GCC_NO_COMMON_BLOCKS = YES;
				GCC_WARN_64_TO_32_BIT_CONVERSION = YES;
				GCC_WARN_ABOUT_RETURN_TYPE = YES_ERROR;
				GCC_WARN_UNDECLARED_SELECTOR = YES;
				GCC_WARN_UNINITIALIZED_AUTOS = YES_AGGRESSIVE;
				GCC_WARN_UNUSED_FUNCTION = YES;
				GCC_WARN_UNUSED_VARIABLE = YES;
				IPHONEOS_DEPLOYMENT_TARGET = 16.0;
				LOCALIZATION_PREFERS_STRING_CATALOGS = YES;
				MTL_ENABLE_DEBUG_INFO = NO;
				MTL_FAST_MATH = YES;
				SDKROOT = iphoneos;
				SWIFT_COMPILATION_MODE = wholemodule;
				VALIDATE_PRODUCT = YES;
				VERSIONING_SYSTEM = "apple-generic";
				VERSION_INFO_PREFIX = "";
			};
			name = Release;
		};
		D8DF8BC92B7A315100165138 /* Debug */ = {
			isa = XCBuildConfiguration;
			baseConfigurationReference = BED6C37AA3F8FD2A6350DE1C /* Pods-Data.debug.xcconfig */;
			buildSettings = {
				CLANG_ENABLE_MODULES = YES;
				CODE_SIGN_STYLE = Automatic;
				CURRENT_PROJECT_VERSION = 1;
				DEFINES_MODULE = YES;
				DEVELOPMENT_TEAM = S985H2T7J8;
				DYLIB_COMPATIBILITY_VERSION = 1;
				DYLIB_CURRENT_VERSION = 1;
				DYLIB_INSTALL_NAME_BASE = "@rpath";
				ENABLE_MODULE_VERIFIER = YES;
				GENERATE_INFOPLIST_FILE = YES;
				INFOPLIST_KEY_NSHumanReadableCopyright = "";
				INSTALL_PATH = "$(LOCAL_LIBRARY_DIR)/Frameworks";
				IPHONEOS_DEPLOYMENT_TARGET = 16.0;
				LD_RUNPATH_SEARCH_PATHS = (
					"$(inherited)",
					"@executable_path/Frameworks",
					"@loader_path/Frameworks",
				);
				MARKETING_VERSION = 1.0;
				MODULE_VERIFIER_SUPPORTED_LANGUAGES = "objective-c objective-c++";
				MODULE_VERIFIER_SUPPORTED_LANGUAGE_STANDARDS = "gnu17 gnu++20";
				PRODUCT_BUNDLE_IDENTIFIER = com.canopas.splito.Data;
				PRODUCT_NAME = "$(TARGET_NAME:c99extidentifier)";
				SKIP_INSTALL = YES;
				SWIFT_EMIT_LOC_STRINGS = YES;
				SWIFT_OPTIMIZATION_LEVEL = "-Onone";
				SWIFT_VERSION = 5.0;
				TARGETED_DEVICE_FAMILY = "1,2";
			};
			name = Debug;
		};
		D8DF8BCA2B7A315100165138 /* Release */ = {
			isa = XCBuildConfiguration;
			baseConfigurationReference = E03ED35E1B582FED247ACC38 /* Pods-Data.release.xcconfig */;
			buildSettings = {
				CLANG_ENABLE_MODULES = YES;
				CODE_SIGN_STYLE = Automatic;
				CURRENT_PROJECT_VERSION = 1;
				DEFINES_MODULE = YES;
				DEVELOPMENT_TEAM = S985H2T7J8;
				DYLIB_COMPATIBILITY_VERSION = 1;
				DYLIB_CURRENT_VERSION = 1;
				DYLIB_INSTALL_NAME_BASE = "@rpath";
				ENABLE_MODULE_VERIFIER = YES;
				GENERATE_INFOPLIST_FILE = YES;
				INFOPLIST_KEY_NSHumanReadableCopyright = "";
				INSTALL_PATH = "$(LOCAL_LIBRARY_DIR)/Frameworks";
				IPHONEOS_DEPLOYMENT_TARGET = 16.0;
				LD_RUNPATH_SEARCH_PATHS = (
					"$(inherited)",
					"@executable_path/Frameworks",
					"@loader_path/Frameworks",
				);
				MARKETING_VERSION = 1.0;
				MODULE_VERIFIER_SUPPORTED_LANGUAGES = "objective-c objective-c++";
				MODULE_VERIFIER_SUPPORTED_LANGUAGE_STANDARDS = "gnu17 gnu++20";
				PRODUCT_BUNDLE_IDENTIFIER = com.canopas.splito.Data;
				PRODUCT_NAME = "$(TARGET_NAME:c99extidentifier)";
				SKIP_INSTALL = YES;
				SWIFT_EMIT_LOC_STRINGS = YES;
				SWIFT_VERSION = 5.0;
				TARGETED_DEVICE_FAMILY = "1,2";
			};
			name = Release;
		};
		D8DF8BCC2B7A315100165138 /* Debug */ = {
			isa = XCBuildConfiguration;
			baseConfigurationReference = 5B14CF1A2EEF27479BF50566 /* Pods-DataTests.debug.xcconfig */;
			buildSettings = {
				ALWAYS_EMBED_SWIFT_STANDARD_LIBRARIES = YES;
				CODE_SIGN_STYLE = Automatic;
				CURRENT_PROJECT_VERSION = 1;
				DEVELOPMENT_TEAM = S985H2T7J8;
				GENERATE_INFOPLIST_FILE = YES;
				MARKETING_VERSION = 1.0;
				PRODUCT_BUNDLE_IDENTIFIER = com.canopas.splito.DataTests;
				PRODUCT_NAME = "$(TARGET_NAME)";
				SWIFT_EMIT_LOC_STRINGS = NO;
				SWIFT_VERSION = 5.0;
				TARGETED_DEVICE_FAMILY = "1,2";
			};
			name = Debug;
		};
		D8DF8BCD2B7A315100165138 /* Release */ = {
			isa = XCBuildConfiguration;
			baseConfigurationReference = 803094012FE4C155F2A347B6 /* Pods-DataTests.release.xcconfig */;
			buildSettings = {
				ALWAYS_EMBED_SWIFT_STANDARD_LIBRARIES = YES;
				CODE_SIGN_STYLE = Automatic;
				CURRENT_PROJECT_VERSION = 1;
				DEVELOPMENT_TEAM = S985H2T7J8;
				GENERATE_INFOPLIST_FILE = YES;
				MARKETING_VERSION = 1.0;
				PRODUCT_BUNDLE_IDENTIFIER = com.canopas.splito.DataTests;
				PRODUCT_NAME = "$(TARGET_NAME)";
				SWIFT_EMIT_LOC_STRINGS = NO;
				SWIFT_VERSION = 5.0;
				TARGETED_DEVICE_FAMILY = "1,2";
			};
			name = Release;
		};
/* End XCBuildConfiguration section */

/* Begin XCConfigurationList section */
		D8DF8BB02B7A315000165138 /* Build configuration list for PBXProject "Data" */ = {
			isa = XCConfigurationList;
			buildConfigurations = (
				D8DF8BC62B7A315100165138 /* Debug */,
				D8DF8BC72B7A315100165138 /* Release */,
			);
			defaultConfigurationIsVisible = 0;
			defaultConfigurationName = Release;
		};
		D8DF8BC82B7A315100165138 /* Build configuration list for PBXNativeTarget "Data" */ = {
			isa = XCConfigurationList;
			buildConfigurations = (
				D8DF8BC92B7A315100165138 /* Debug */,
				D8DF8BCA2B7A315100165138 /* Release */,
			);
			defaultConfigurationIsVisible = 0;
			defaultConfigurationName = Release;
		};
		D8DF8BCB2B7A315100165138 /* Build configuration list for PBXNativeTarget "DataTests" */ = {
			isa = XCConfigurationList;
			buildConfigurations = (
				D8DF8BCC2B7A315100165138 /* Debug */,
				D8DF8BCD2B7A315100165138 /* Release */,
			);
			defaultConfigurationIsVisible = 0;
			defaultConfigurationName = Release;
		};
/* End XCConfigurationList section */
	};
	rootObject = D8DF8BAD2B7A315000165138 /* Project object */;
}
