// !$*UTF8*$!
{
	archiveVersion = 1;
	classes = {
	};
	objectVersion = 56;
	objects = {

/* Begin PBXBuildFile section */
		5BC459F422F2A0D750ACF4E7 /* Pods_Splito.framework in Frameworks */ = {isa = PBXBuildFile; fileRef = 39224D114840C45FEB625628 /* Pods_Splito.framework */; };
		8E3228D89DB8C5A6C3025576 /* Pods_SplitoTests.framework in Frameworks */ = {isa = PBXBuildFile; fileRef = 6E2A368F56740CC352800594 /* Pods_SplitoTests.framework */; };
		C056C127DA375885D47B5B65 /* Pods_Splito_SplitoUITests.framework in Frameworks */ = {isa = PBXBuildFile; fileRef = 11DED773106933B741C874E9 /* Pods_Splito_SplitoUITests.framework */; };
		D89684452B722D3400D5F721 /* SplitoApp.swift in Sources */ = {isa = PBXBuildFile; fileRef = D89684442B722D3400D5F721 /* SplitoApp.swift */; };
		D89684472B722D3400D5F721 /* ContentView.swift in Sources */ = {isa = PBXBuildFile; fileRef = D89684462B722D3400D5F721 /* ContentView.swift */; };
		D89684492B722D3700D5F721 /* Assets.xcassets in Resources */ = {isa = PBXBuildFile; fileRef = D89684482B722D3700D5F721 /* Assets.xcassets */; };
		D896844C2B722D3700D5F721 /* Preview Assets.xcassets in Resources */ = {isa = PBXBuildFile; fileRef = D896844B2B722D3700D5F721 /* Preview Assets.xcassets */; };
		D89684562B722D3700D5F721 /* SplitoTests.swift in Sources */ = {isa = PBXBuildFile; fileRef = D89684552B722D3700D5F721 /* SplitoTests.swift */; };
		D89684602B722D3700D5F721 /* SplitoUITests.swift in Sources */ = {isa = PBXBuildFile; fileRef = D896845F2B722D3700D5F721 /* SplitoUITests.swift */; };
		D89684622B722D3700D5F721 /* SplitoUITestsLaunchTests.swift in Sources */ = {isa = PBXBuildFile; fileRef = D89684612B722D3700D5F721 /* SplitoUITestsLaunchTests.swift */; };
		D89684702B72392600D5F721 /* GoogleService-Info.plist in Resources */ = {isa = PBXBuildFile; fileRef = D896846F2B72392600D5F721 /* GoogleService-Info.plist */; };
		D8D6C3A02B79F8110023CF08 /* AppDelegate.swift in Sources */ = {isa = PBXBuildFile; fileRef = D8D6C39F2B79F8110023CF08 /* AppDelegate.swift */; };
/* End PBXBuildFile section */

/* Begin PBXContainerItemProxy section */
		D89684522B722D3700D5F721 /* PBXContainerItemProxy */ = {
			isa = PBXContainerItemProxy;
			containerPortal = D89684392B722D3400D5F721 /* Project object */;
			proxyType = 1;
			remoteGlobalIDString = D89684402B722D3400D5F721;
			remoteInfo = Splito;
		};
		D896845C2B722D3700D5F721 /* PBXContainerItemProxy */ = {
			isa = PBXContainerItemProxy;
			containerPortal = D89684392B722D3400D5F721 /* Project object */;
			proxyType = 1;
			remoteGlobalIDString = D89684402B722D3400D5F721;
			remoteInfo = Splito;
		};
/* End PBXContainerItemProxy section */

/* Begin PBXFileReference section */
		11DED773106933B741C874E9 /* Pods_Splito_SplitoUITests.framework */ = {isa = PBXFileReference; explicitFileType = wrapper.framework; includeInIndex = 0; path = Pods_Splito_SplitoUITests.framework; sourceTree = BUILT_PRODUCTS_DIR; };
		1F0EAA76EA4080D4B60C4EE3 /* Pods-Splito.release.xcconfig */ = {isa = PBXFileReference; includeInIndex = 1; lastKnownFileType = text.xcconfig; name = "Pods-Splito.release.xcconfig"; path = "Target Support Files/Pods-Splito/Pods-Splito.release.xcconfig"; sourceTree = "<group>"; };
		2D811C52A756602B487C9273 /* Pods-SplitoTests.debug.xcconfig */ = {isa = PBXFileReference; includeInIndex = 1; lastKnownFileType = text.xcconfig; name = "Pods-SplitoTests.debug.xcconfig"; path = "Target Support Files/Pods-SplitoTests/Pods-SplitoTests.debug.xcconfig"; sourceTree = "<group>"; };
		39224D114840C45FEB625628 /* Pods_Splito.framework */ = {isa = PBXFileReference; explicitFileType = wrapper.framework; includeInIndex = 0; path = Pods_Splito.framework; sourceTree = BUILT_PRODUCTS_DIR; };
		6E2A368F56740CC352800594 /* Pods_SplitoTests.framework */ = {isa = PBXFileReference; explicitFileType = wrapper.framework; includeInIndex = 0; path = Pods_SplitoTests.framework; sourceTree = BUILT_PRODUCTS_DIR; };
		924B3CD151035D386A7ACE76 /* Pods-Splito-SplitoUITests.release.xcconfig */ = {isa = PBXFileReference; includeInIndex = 1; lastKnownFileType = text.xcconfig; name = "Pods-Splito-SplitoUITests.release.xcconfig"; path = "Target Support Files/Pods-Splito-SplitoUITests/Pods-Splito-SplitoUITests.release.xcconfig"; sourceTree = "<group>"; };
		A404FB16E4A80EE0FB38FE80 /* Pods-SplitoTests.release.xcconfig */ = {isa = PBXFileReference; includeInIndex = 1; lastKnownFileType = text.xcconfig; name = "Pods-SplitoTests.release.xcconfig"; path = "Target Support Files/Pods-SplitoTests/Pods-SplitoTests.release.xcconfig"; sourceTree = "<group>"; };
		D89684412B722D3400D5F721 /* Splito.app */ = {isa = PBXFileReference; explicitFileType = wrapper.application; includeInIndex = 0; path = Splito.app; sourceTree = BUILT_PRODUCTS_DIR; };
		D89684442B722D3400D5F721 /* SplitoApp.swift */ = {isa = PBXFileReference; lastKnownFileType = sourcecode.swift; path = SplitoApp.swift; sourceTree = "<group>"; };
		D89684462B722D3400D5F721 /* ContentView.swift */ = {isa = PBXFileReference; lastKnownFileType = sourcecode.swift; path = ContentView.swift; sourceTree = "<group>"; };
		D89684482B722D3700D5F721 /* Assets.xcassets */ = {isa = PBXFileReference; lastKnownFileType = folder.assetcatalog; path = Assets.xcassets; sourceTree = "<group>"; };
		D896844B2B722D3700D5F721 /* Preview Assets.xcassets */ = {isa = PBXFileReference; lastKnownFileType = folder.assetcatalog; path = "Preview Assets.xcassets"; sourceTree = "<group>"; };
		D89684512B722D3700D5F721 /* SplitoTests.xctest */ = {isa = PBXFileReference; explicitFileType = wrapper.cfbundle; includeInIndex = 0; path = SplitoTests.xctest; sourceTree = BUILT_PRODUCTS_DIR; };
		D89684552B722D3700D5F721 /* SplitoTests.swift */ = {isa = PBXFileReference; lastKnownFileType = sourcecode.swift; path = SplitoTests.swift; sourceTree = "<group>"; };
		D896845B2B722D3700D5F721 /* SplitoUITests.xctest */ = {isa = PBXFileReference; explicitFileType = wrapper.cfbundle; includeInIndex = 0; path = SplitoUITests.xctest; sourceTree = BUILT_PRODUCTS_DIR; };
		D896845F2B722D3700D5F721 /* SplitoUITests.swift */ = {isa = PBXFileReference; lastKnownFileType = sourcecode.swift; path = SplitoUITests.swift; sourceTree = "<group>"; };
		D89684612B722D3700D5F721 /* SplitoUITestsLaunchTests.swift */ = {isa = PBXFileReference; lastKnownFileType = sourcecode.swift; path = SplitoUITestsLaunchTests.swift; sourceTree = "<group>"; };
		D896846F2B72392600D5F721 /* GoogleService-Info.plist */ = {isa = PBXFileReference; fileEncoding = 4; lastKnownFileType = text.plist.xml; path = "GoogleService-Info.plist"; sourceTree = "<group>"; };
		D8D6C39F2B79F8110023CF08 /* AppDelegate.swift */ = {isa = PBXFileReference; lastKnownFileType = sourcecode.swift; path = AppDelegate.swift; sourceTree = "<group>"; };
		E53742A378995F5361E3B41C /* Pods-Splito.debug.xcconfig */ = {isa = PBXFileReference; includeInIndex = 1; lastKnownFileType = text.xcconfig; name = "Pods-Splito.debug.xcconfig"; path = "Target Support Files/Pods-Splito/Pods-Splito.debug.xcconfig"; sourceTree = "<group>"; };
		FC08D18737ACD58469918E4D /* Pods-Splito-SplitoUITests.debug.xcconfig */ = {isa = PBXFileReference; includeInIndex = 1; lastKnownFileType = text.xcconfig; name = "Pods-Splito-SplitoUITests.debug.xcconfig"; path = "Target Support Files/Pods-Splito-SplitoUITests/Pods-Splito-SplitoUITests.debug.xcconfig"; sourceTree = "<group>"; };
/* End PBXFileReference section */

/* Begin PBXFrameworksBuildPhase section */
		D896843E2B722D3400D5F721 /* Frameworks */ = {
			isa = PBXFrameworksBuildPhase;
			buildActionMask = 2147483647;
			files = (
				5BC459F422F2A0D750ACF4E7 /* Pods_Splito.framework in Frameworks */,
			);
			runOnlyForDeploymentPostprocessing = 0;
		};
		D896844E2B722D3700D5F721 /* Frameworks */ = {
			isa = PBXFrameworksBuildPhase;
			buildActionMask = 2147483647;
			files = (
				8E3228D89DB8C5A6C3025576 /* Pods_SplitoTests.framework in Frameworks */,
			);
			runOnlyForDeploymentPostprocessing = 0;
		};
		D89684582B722D3700D5F721 /* Frameworks */ = {
			isa = PBXFrameworksBuildPhase;
			buildActionMask = 2147483647;
			files = (
				C056C127DA375885D47B5B65 /* Pods_Splito_SplitoUITests.framework in Frameworks */,
			);
			runOnlyForDeploymentPostprocessing = 0;
		};
/* End PBXFrameworksBuildPhase section */

/* Begin PBXGroup section */
		7530D0A01F0D8D2C363B2A6E /* Frameworks */ = {
			isa = PBXGroup;
			children = (
				39224D114840C45FEB625628 /* Pods_Splito.framework */,
				11DED773106933B741C874E9 /* Pods_Splito_SplitoUITests.framework */,
				6E2A368F56740CC352800594 /* Pods_SplitoTests.framework */,
			);
			name = Frameworks;
			sourceTree = "<group>";
		};
		BAA91BB875B265C15A963001 /* Pods */ = {
			isa = PBXGroup;
			children = (
				E53742A378995F5361E3B41C /* Pods-Splito.debug.xcconfig */,
				1F0EAA76EA4080D4B60C4EE3 /* Pods-Splito.release.xcconfig */,
				FC08D18737ACD58469918E4D /* Pods-Splito-SplitoUITests.debug.xcconfig */,
				924B3CD151035D386A7ACE76 /* Pods-Splito-SplitoUITests.release.xcconfig */,
				2D811C52A756602B487C9273 /* Pods-SplitoTests.debug.xcconfig */,
				A404FB16E4A80EE0FB38FE80 /* Pods-SplitoTests.release.xcconfig */,
			);
			path = Pods;
			sourceTree = "<group>";
		};
		D89684382B722D3400D5F721 = {
			isa = PBXGroup;
			children = (
				D89684432B722D3400D5F721 /* Splito */,
				D89684542B722D3700D5F721 /* SplitoTests */,
				D896845E2B722D3700D5F721 /* SplitoUITests */,
				D89684422B722D3400D5F721 /* Products */,
				BAA91BB875B265C15A963001 /* Pods */,
				7530D0A01F0D8D2C363B2A6E /* Frameworks */,
			);
			sourceTree = "<group>";
		};
		D89684422B722D3400D5F721 /* Products */ = {
			isa = PBXGroup;
			children = (
				D89684412B722D3400D5F721 /* Splito.app */,
				D89684512B722D3700D5F721 /* SplitoTests.xctest */,
				D896845B2B722D3700D5F721 /* SplitoUITests.xctest */,
			);
			name = Products;
			sourceTree = "<group>";
		};
		D89684432B722D3400D5F721 /* Splito */ = {
			isa = PBXGroup;
			children = (
				D896846E2B722FD200D5F721 /* Resource */,
				D89684442B722D3400D5F721 /* SplitoApp.swift */,
				D8D6C39F2B79F8110023CF08 /* AppDelegate.swift */,
				D89684462B722D3400D5F721 /* ContentView.swift */,
				D896846F2B72392600D5F721 /* GoogleService-Info.plist */,
				D896844A2B722D3700D5F721 /* Preview Content */,
			);
			path = Splito;
			sourceTree = "<group>";
		};
		D896844A2B722D3700D5F721 /* Preview Content */ = {
			isa = PBXGroup;
			children = (
				D896844B2B722D3700D5F721 /* Preview Assets.xcassets */,
			);
			path = "Preview Content";
			sourceTree = "<group>";
		};
		D89684542B722D3700D5F721 /* SplitoTests */ = {
			isa = PBXGroup;
			children = (
				D89684552B722D3700D5F721 /* SplitoTests.swift */,
			);
			path = SplitoTests;
			sourceTree = "<group>";
		};
		D896845E2B722D3700D5F721 /* SplitoUITests */ = {
			isa = PBXGroup;
			children = (
				D896845F2B722D3700D5F721 /* SplitoUITests.swift */,
				D89684612B722D3700D5F721 /* SplitoUITestsLaunchTests.swift */,
			);
			path = SplitoUITests;
			sourceTree = "<group>";
		};
		D896846E2B722FD200D5F721 /* Resource */ = {
			isa = PBXGroup;
			children = (
				D89684482B722D3700D5F721 /* Assets.xcassets */,
			);
			path = Resource;
			sourceTree = "<group>";
		};
/* End PBXGroup section */

/* Begin PBXNativeTarget section */
		D89684402B722D3400D5F721 /* Splito */ = {
			isa = PBXNativeTarget;
			buildConfigurationList = D89684652B722D3700D5F721 /* Build configuration list for PBXNativeTarget "Splito" */;
			buildPhases = (
				8CC1B815771798750ADE92A8 /* [CP] Check Pods Manifest.lock */,
				D896843D2B722D3400D5F721 /* Sources */,
				D896843E2B722D3400D5F721 /* Frameworks */,
				D896843F2B722D3400D5F721 /* Resources */,
				907A4BF71D4988DA0728BA70 /* [CP] Embed Pods Frameworks */,
			);
			buildRules = (
			);
			dependencies = (
			);
			name = Splito;
			productName = Splito;
			productReference = D89684412B722D3400D5F721 /* Splito.app */;
			productType = "com.apple.product-type.application";
		};
		D89684502B722D3700D5F721 /* SplitoTests */ = {
			isa = PBXNativeTarget;
			buildConfigurationList = D89684682B722D3700D5F721 /* Build configuration list for PBXNativeTarget "SplitoTests" */;
			buildPhases = (
				6D3A15D54AFC540F47CDDE0D /* [CP] Check Pods Manifest.lock */,
				D896844D2B722D3700D5F721 /* Sources */,
				D896844E2B722D3700D5F721 /* Frameworks */,
				D896844F2B722D3700D5F721 /* Resources */,
			);
			buildRules = (
			);
			dependencies = (
				D89684532B722D3700D5F721 /* PBXTargetDependency */,
			);
			name = SplitoTests;
			productName = SplitoTests;
			productReference = D89684512B722D3700D5F721 /* SplitoTests.xctest */;
			productType = "com.apple.product-type.bundle.unit-test";
		};
		D896845A2B722D3700D5F721 /* SplitoUITests */ = {
			isa = PBXNativeTarget;
			buildConfigurationList = D896846B2B722D3700D5F721 /* Build configuration list for PBXNativeTarget "SplitoUITests" */;
			buildPhases = (
				8E83560FD6CAD9E2A73BEA20 /* [CP] Check Pods Manifest.lock */,
				D89684572B722D3700D5F721 /* Sources */,
				D89684582B722D3700D5F721 /* Frameworks */,
				D89684592B722D3700D5F721 /* Resources */,
				9D6F1379474052E299A0EA7D /* [CP] Embed Pods Frameworks */,
			);
			buildRules = (
			);
			dependencies = (
				D896845D2B722D3700D5F721 /* PBXTargetDependency */,
			);
			name = SplitoUITests;
			productName = SplitoUITests;
			productReference = D896845B2B722D3700D5F721 /* SplitoUITests.xctest */;
			productType = "com.apple.product-type.bundle.ui-testing";
		};
/* End PBXNativeTarget section */

/* Begin PBXProject section */
		D89684392B722D3400D5F721 /* Project object */ = {
			isa = PBXProject;
			attributes = {
				BuildIndependentTargetsInParallel = 1;
				LastSwiftUpdateCheck = 1520;
				LastUpgradeCheck = 1520;
				TargetAttributes = {
					D89684402B722D3400D5F721 = {
						CreatedOnToolsVersion = 15.2;
					};
					D89684502B722D3700D5F721 = {
						CreatedOnToolsVersion = 15.2;
						TestTargetID = D89684402B722D3400D5F721;
					};
					D896845A2B722D3700D5F721 = {
						CreatedOnToolsVersion = 15.2;
						TestTargetID = D89684402B722D3400D5F721;
					};
				};
			};
			buildConfigurationList = D896843C2B722D3400D5F721 /* Build configuration list for PBXProject "Splito" */;
			compatibilityVersion = "Xcode 14.0";
			developmentRegion = en;
			hasScannedForEncodings = 0;
			knownRegions = (
				en,
				Base,
			);
			mainGroup = D89684382B722D3400D5F721;
			productRefGroup = D89684422B722D3400D5F721 /* Products */;
			projectDirPath = "";
			projectRoot = "";
			targets = (
				D89684402B722D3400D5F721 /* Splito */,
				D89684502B722D3700D5F721 /* SplitoTests */,
				D896845A2B722D3700D5F721 /* SplitoUITests */,
			);
		};
/* End PBXProject section */

/* Begin PBXResourcesBuildPhase section */
		D896843F2B722D3400D5F721 /* Resources */ = {
			isa = PBXResourcesBuildPhase;
			buildActionMask = 2147483647;
			files = (
				D896844C2B722D3700D5F721 /* Preview Assets.xcassets in Resources */,
				D89684492B722D3700D5F721 /* Assets.xcassets in Resources */,
				D89684702B72392600D5F721 /* GoogleService-Info.plist in Resources */,
			);
			runOnlyForDeploymentPostprocessing = 0;
		};
		D896844F2B722D3700D5F721 /* Resources */ = {
			isa = PBXResourcesBuildPhase;
			buildActionMask = 2147483647;
			files = (
			);
			runOnlyForDeploymentPostprocessing = 0;
		};
		D89684592B722D3700D5F721 /* Resources */ = {
			isa = PBXResourcesBuildPhase;
			buildActionMask = 2147483647;
			files = (
			);
			runOnlyForDeploymentPostprocessing = 0;
		};
/* End PBXResourcesBuildPhase section */

/* Begin PBXShellScriptBuildPhase section */
		6D3A15D54AFC540F47CDDE0D /* [CP] Check Pods Manifest.lock */ = {
			isa = PBXShellScriptBuildPhase;
			buildActionMask = 2147483647;
			files = (
			);
			inputFileListPaths = (
			);
			inputPaths = (
				"${PODS_PODFILE_DIR_PATH}/Podfile.lock",
				"${PODS_ROOT}/Manifest.lock",
			);
			name = "[CP] Check Pods Manifest.lock";
			outputFileListPaths = (
			);
			outputPaths = (
				"$(DERIVED_FILE_DIR)/Pods-SplitoTests-checkManifestLockResult.txt",
			);
			runOnlyForDeploymentPostprocessing = 0;
			shellPath = /bin/sh;
			shellScript = "diff \"${PODS_PODFILE_DIR_PATH}/Podfile.lock\" \"${PODS_ROOT}/Manifest.lock\" > /dev/null\nif [ $? != 0 ] ; then\n    # print error to STDERR\n    echo \"error: The sandbox is not in sync with the Podfile.lock. Run 'pod install' or update your CocoaPods installation.\" >&2\n    exit 1\nfi\n# This output is used by Xcode 'outputs' to avoid re-running this script phase.\necho \"SUCCESS\" > \"${SCRIPT_OUTPUT_FILE_0}\"\n";
			showEnvVarsInLog = 0;
		};
		8CC1B815771798750ADE92A8 /* [CP] Check Pods Manifest.lock */ = {
			isa = PBXShellScriptBuildPhase;
			buildActionMask = 2147483647;
			files = (
			);
			inputFileListPaths = (
			);
			inputPaths = (
				"${PODS_PODFILE_DIR_PATH}/Podfile.lock",
				"${PODS_ROOT}/Manifest.lock",
			);
			name = "[CP] Check Pods Manifest.lock";
			outputFileListPaths = (
			);
			outputPaths = (
				"$(DERIVED_FILE_DIR)/Pods-Splito-checkManifestLockResult.txt",
			);
			runOnlyForDeploymentPostprocessing = 0;
			shellPath = /bin/sh;
			shellScript = "diff \"${PODS_PODFILE_DIR_PATH}/Podfile.lock\" \"${PODS_ROOT}/Manifest.lock\" > /dev/null\nif [ $? != 0 ] ; then\n    # print error to STDERR\n    echo \"error: The sandbox is not in sync with the Podfile.lock. Run 'pod install' or update your CocoaPods installation.\" >&2\n    exit 1\nfi\n# This output is used by Xcode 'outputs' to avoid re-running this script phase.\necho \"SUCCESS\" > \"${SCRIPT_OUTPUT_FILE_0}\"\n";
			showEnvVarsInLog = 0;
		};
		8E83560FD6CAD9E2A73BEA20 /* [CP] Check Pods Manifest.lock */ = {
			isa = PBXShellScriptBuildPhase;
			buildActionMask = 2147483647;
			files = (
			);
			inputFileListPaths = (
			);
			inputPaths = (
				"${PODS_PODFILE_DIR_PATH}/Podfile.lock",
				"${PODS_ROOT}/Manifest.lock",
			);
			name = "[CP] Check Pods Manifest.lock";
			outputFileListPaths = (
			);
			outputPaths = (
				"$(DERIVED_FILE_DIR)/Pods-Splito-SplitoUITests-checkManifestLockResult.txt",
			);
			runOnlyForDeploymentPostprocessing = 0;
			shellPath = /bin/sh;
			shellScript = "diff \"${PODS_PODFILE_DIR_PATH}/Podfile.lock\" \"${PODS_ROOT}/Manifest.lock\" > /dev/null\nif [ $? != 0 ] ; then\n    # print error to STDERR\n    echo \"error: The sandbox is not in sync with the Podfile.lock. Run 'pod install' or update your CocoaPods installation.\" >&2\n    exit 1\nfi\n# This output is used by Xcode 'outputs' to avoid re-running this script phase.\necho \"SUCCESS\" > \"${SCRIPT_OUTPUT_FILE_0}\"\n";
			showEnvVarsInLog = 0;
		};
		907A4BF71D4988DA0728BA70 /* [CP] Embed Pods Frameworks */ = {
			isa = PBXShellScriptBuildPhase;
			buildActionMask = 2147483647;
			files = (
			);
			inputFileListPaths = (
				"${PODS_ROOT}/Target Support Files/Pods-Splito/Pods-Splito-frameworks-${CONFIGURATION}-input-files.xcfilelist",
			);
			name = "[CP] Embed Pods Frameworks";
			outputFileListPaths = (
				"${PODS_ROOT}/Target Support Files/Pods-Splito/Pods-Splito-frameworks-${CONFIGURATION}-output-files.xcfilelist",
			);
			runOnlyForDeploymentPostprocessing = 0;
			shellPath = /bin/sh;
			shellScript = "\"${PODS_ROOT}/Target Support Files/Pods-Splito/Pods-Splito-frameworks.sh\"\n";
			showEnvVarsInLog = 0;
		};
		9D6F1379474052E299A0EA7D /* [CP] Embed Pods Frameworks */ = {
			isa = PBXShellScriptBuildPhase;
			buildActionMask = 2147483647;
			files = (
			);
			inputFileListPaths = (
				"${PODS_ROOT}/Target Support Files/Pods-Splito-SplitoUITests/Pods-Splito-SplitoUITests-frameworks-${CONFIGURATION}-input-files.xcfilelist",
			);
			name = "[CP] Embed Pods Frameworks";
			outputFileListPaths = (
				"${PODS_ROOT}/Target Support Files/Pods-Splito-SplitoUITests/Pods-Splito-SplitoUITests-frameworks-${CONFIGURATION}-output-files.xcfilelist",
			);
			runOnlyForDeploymentPostprocessing = 0;
			shellPath = /bin/sh;
			shellScript = "\"${PODS_ROOT}/Target Support Files/Pods-Splito-SplitoUITests/Pods-Splito-SplitoUITests-frameworks.sh\"\n";
			showEnvVarsInLog = 0;
		};
/* End PBXShellScriptBuildPhase section */

/* Begin PBXSourcesBuildPhase section */
		D896843D2B722D3400D5F721 /* Sources */ = {
			isa = PBXSourcesBuildPhase;
			buildActionMask = 2147483647;
			files = (
				D8D6C3A02B79F8110023CF08 /* AppDelegate.swift in Sources */,
				D89684472B722D3400D5F721 /* ContentView.swift in Sources */,
				D89684452B722D3400D5F721 /* SplitoApp.swift in Sources */,
			);
			runOnlyForDeploymentPostprocessing = 0;
		};
		D896844D2B722D3700D5F721 /* Sources */ = {
			isa = PBXSourcesBuildPhase;
			buildActionMask = 2147483647;
			files = (
				D89684562B722D3700D5F721 /* SplitoTests.swift in Sources */,
			);
			runOnlyForDeploymentPostprocessing = 0;
		};
		D89684572B722D3700D5F721 /* Sources */ = {
			isa = PBXSourcesBuildPhase;
			buildActionMask = 2147483647;
			files = (
				D89684602B722D3700D5F721 /* SplitoUITests.swift in Sources */,
				D89684622B722D3700D5F721 /* SplitoUITestsLaunchTests.swift in Sources */,
			);
			runOnlyForDeploymentPostprocessing = 0;
		};
/* End PBXSourcesBuildPhase section */

/* Begin PBXTargetDependency section */
		D89684532B722D3700D5F721 /* PBXTargetDependency */ = {
			isa = PBXTargetDependency;
			target = D89684402B722D3400D5F721 /* Splito */;
			targetProxy = D89684522B722D3700D5F721 /* PBXContainerItemProxy */;
		};
		D896845D2B722D3700D5F721 /* PBXTargetDependency */ = {
			isa = PBXTargetDependency;
			target = D89684402B722D3400D5F721 /* Splito */;
			targetProxy = D896845C2B722D3700D5F721 /* PBXContainerItemProxy */;
		};
/* End PBXTargetDependency section */

/* Begin XCBuildConfiguration section */
		D89684632B722D3700D5F721 /* Debug */ = {
			isa = XCBuildConfiguration;
			buildSettings = {
				ALWAYS_SEARCH_USER_PATHS = NO;
				ASSETCATALOG_COMPILER_GENERATE_SWIFT_ASSET_SYMBOL_EXTENSIONS = YES;
				CLANG_ANALYZER_NONNULL = YES;
				CLANG_ANALYZER_NUMBER_OBJECT_CONVERSION = YES_AGGRESSIVE;
				CLANG_CXX_LANGUAGE_STANDARD = "gnu++20";
				CLANG_ENABLE_MODULES = YES;
				CLANG_ENABLE_OBJC_ARC = YES;
				CLANG_ENABLE_OBJC_WEAK = YES;
				CLANG_WARN_BLOCK_CAPTURE_AUTORELEASING = YES;
				CLANG_WARN_BOOL_CONVERSION = YES;
				CLANG_WARN_COMMA = YES;
				CLANG_WARN_CONSTANT_CONVERSION = YES;
				CLANG_WARN_DEPRECATED_OBJC_IMPLEMENTATIONS = YES;
				CLANG_WARN_DIRECT_OBJC_ISA_USAGE = YES_ERROR;
				CLANG_WARN_DOCUMENTATION_COMMENTS = YES;
				CLANG_WARN_EMPTY_BODY = YES;
				CLANG_WARN_ENUM_CONVERSION = YES;
				CLANG_WARN_INFINITE_RECURSION = YES;
				CLANG_WARN_INT_CONVERSION = YES;
				CLANG_WARN_NON_LITERAL_NULL_CONVERSION = YES;
				CLANG_WARN_OBJC_IMPLICIT_RETAIN_SELF = YES;
				CLANG_WARN_OBJC_LITERAL_CONVERSION = YES;
				CLANG_WARN_OBJC_ROOT_CLASS = YES_ERROR;
				CLANG_WARN_QUOTED_INCLUDE_IN_FRAMEWORK_HEADER = YES;
				CLANG_WARN_RANGE_LOOP_ANALYSIS = YES;
				CLANG_WARN_STRICT_PROTOTYPES = YES;
				CLANG_WARN_SUSPICIOUS_MOVE = YES;
				CLANG_WARN_UNGUARDED_AVAILABILITY = YES_AGGRESSIVE;
				CLANG_WARN_UNREACHABLE_CODE = YES;
				CLANG_WARN__DUPLICATE_METHOD_MATCH = YES;
				COPY_PHASE_STRIP = NO;
				DEBUG_INFORMATION_FORMAT = dwarf;
				ENABLE_STRICT_OBJC_MSGSEND = YES;
				ENABLE_TESTABILITY = YES;
				ENABLE_USER_SCRIPT_SANDBOXING = YES;
				GCC_C_LANGUAGE_STANDARD = gnu17;
				GCC_DYNAMIC_NO_PIC = NO;
				GCC_NO_COMMON_BLOCKS = YES;
				GCC_OPTIMIZATION_LEVEL = 0;
				GCC_PREPROCESSOR_DEFINITIONS = (
					"DEBUG=1",
					"$(inherited)",
				);
				GCC_WARN_64_TO_32_BIT_CONVERSION = YES;
				GCC_WARN_ABOUT_RETURN_TYPE = YES_ERROR;
				GCC_WARN_UNDECLARED_SELECTOR = YES;
				GCC_WARN_UNINITIALIZED_AUTOS = YES_AGGRESSIVE;
				GCC_WARN_UNUSED_FUNCTION = YES;
				GCC_WARN_UNUSED_VARIABLE = YES;
				IPHONEOS_DEPLOYMENT_TARGET = 16.0;
				LOCALIZATION_PREFERS_STRING_CATALOGS = YES;
				MTL_ENABLE_DEBUG_INFO = INCLUDE_SOURCE;
				MTL_FAST_MATH = YES;
				ONLY_ACTIVE_ARCH = YES;
				SDKROOT = iphoneos;
				SWIFT_ACTIVE_COMPILATION_CONDITIONS = "DEBUG $(inherited)";
				SWIFT_OPTIMIZATION_LEVEL = "-Onone";
			};
			name = Debug;
		};
		D89684642B722D3700D5F721 /* Release */ = {
			isa = XCBuildConfiguration;
			buildSettings = {
				ALWAYS_SEARCH_USER_PATHS = NO;
				ASSETCATALOG_COMPILER_GENERATE_SWIFT_ASSET_SYMBOL_EXTENSIONS = YES;
				CLANG_ANALYZER_NONNULL = YES;
				CLANG_ANALYZER_NUMBER_OBJECT_CONVERSION = YES_AGGRESSIVE;
				CLANG_CXX_LANGUAGE_STANDARD = "gnu++20";
				CLANG_ENABLE_MODULES = YES;
				CLANG_ENABLE_OBJC_ARC = YES;
				CLANG_ENABLE_OBJC_WEAK = YES;
				CLANG_WARN_BLOCK_CAPTURE_AUTORELEASING = YES;
				CLANG_WARN_BOOL_CONVERSION = YES;
				CLANG_WARN_COMMA = YES;
				CLANG_WARN_CONSTANT_CONVERSION = YES;
				CLANG_WARN_DEPRECATED_OBJC_IMPLEMENTATIONS = YES;
				CLANG_WARN_DIRECT_OBJC_ISA_USAGE = YES_ERROR;
				CLANG_WARN_DOCUMENTATION_COMMENTS = YES;
				CLANG_WARN_EMPTY_BODY = YES;
				CLANG_WARN_ENUM_CONVERSION = YES;
				CLANG_WARN_INFINITE_RECURSION = YES;
				CLANG_WARN_INT_CONVERSION = YES;
				CLANG_WARN_NON_LITERAL_NULL_CONVERSION = YES;
				CLANG_WARN_OBJC_IMPLICIT_RETAIN_SELF = YES;
				CLANG_WARN_OBJC_LITERAL_CONVERSION = YES;
				CLANG_WARN_OBJC_ROOT_CLASS = YES_ERROR;
				CLANG_WARN_QUOTED_INCLUDE_IN_FRAMEWORK_HEADER = YES;
				CLANG_WARN_RANGE_LOOP_ANALYSIS = YES;
				CLANG_WARN_STRICT_PROTOTYPES = YES;
				CLANG_WARN_SUSPICIOUS_MOVE = YES;
				CLANG_WARN_UNGUARDED_AVAILABILITY = YES_AGGRESSIVE;
				CLANG_WARN_UNREACHABLE_CODE = YES;
				CLANG_WARN__DUPLICATE_METHOD_MATCH = YES;
				COPY_PHASE_STRIP = NO;
				DEBUG_INFORMATION_FORMAT = "dwarf-with-dsym";
				ENABLE_NS_ASSERTIONS = NO;
				ENABLE_STRICT_OBJC_MSGSEND = YES;
				ENABLE_USER_SCRIPT_SANDBOXING = YES;
				GCC_C_LANGUAGE_STANDARD = gnu17;
				GCC_NO_COMMON_BLOCKS = YES;
				GCC_WARN_64_TO_32_BIT_CONVERSION = YES;
				GCC_WARN_ABOUT_RETURN_TYPE = YES_ERROR;
				GCC_WARN_UNDECLARED_SELECTOR = YES;
				GCC_WARN_UNINITIALIZED_AUTOS = YES_AGGRESSIVE;
				GCC_WARN_UNUSED_FUNCTION = YES;
				GCC_WARN_UNUSED_VARIABLE = YES;
				IPHONEOS_DEPLOYMENT_TARGET = 16.0;
				LOCALIZATION_PREFERS_STRING_CATALOGS = YES;
				MTL_ENABLE_DEBUG_INFO = NO;
				MTL_FAST_MATH = YES;
				SDKROOT = iphoneos;
				SWIFT_COMPILATION_MODE = wholemodule;
				VALIDATE_PRODUCT = YES;
			};
			name = Release;
		};
		D89684662B722D3700D5F721 /* Debug */ = {
			isa = XCBuildConfiguration;
			baseConfigurationReference = E53742A378995F5361E3B41C /* Pods-Splito.debug.xcconfig */;
			buildSettings = {
				ASSETCATALOG_COMPILER_APPICON_NAME = AppIcon;
				ASSETCATALOG_COMPILER_GLOBAL_ACCENT_COLOR_NAME = AccentColor;
				CODE_SIGN_STYLE = Automatic;
				CURRENT_PROJECT_VERSION = 1;
				DEVELOPMENT_ASSET_PATHS = "\"Splito/Preview Content\"";
				DEVELOPMENT_TEAM = S985H2T7J8;
				ENABLE_PREVIEWS = YES;
				ENABLE_USER_SCRIPT_SANDBOXING = NO;
				GENERATE_INFOPLIST_FILE = YES;
				INFOPLIST_KEY_UIApplicationSceneManifest_Generation = YES;
				INFOPLIST_KEY_UIApplicationSupportsIndirectInputEvents = YES;
				INFOPLIST_KEY_UILaunchScreen_Generation = YES;
				INFOPLIST_KEY_UIStatusBarStyle = "";
				INFOPLIST_KEY_UISupportedInterfaceOrientations = "UIInterfaceOrientationLandscapeLeft UIInterfaceOrientationLandscapeRight UIInterfaceOrientationPortrait";
				INFOPLIST_KEY_UISupportedInterfaceOrientations_iPad = "UIInterfaceOrientationLandscapeLeft UIInterfaceOrientationLandscapeRight UIInterfaceOrientationPortrait UIInterfaceOrientationPortraitUpsideDown";
				IPHONEOS_DEPLOYMENT_TARGET = 16.0;
				LD_RUNPATH_SEARCH_PATHS = (
					"$(inherited)",
					"@executable_path/Frameworks",
				);
				MARKETING_VERSION = 1.0;
				PRODUCT_BUNDLE_IDENTIFIER = com.canopas.splito;
				PRODUCT_NAME = "$(TARGET_NAME)";
				SWIFT_EMIT_LOC_STRINGS = YES;
				SWIFT_VERSION = 5.0;
				TARGETED_DEVICE_FAMILY = "1,2";
			};
			name = Debug;
		};
		D89684672B722D3700D5F721 /* Release */ = {
			isa = XCBuildConfiguration;
			baseConfigurationReference = 1F0EAA76EA4080D4B60C4EE3 /* Pods-Splito.release.xcconfig */;
			buildSettings = {
				ASSETCATALOG_COMPILER_APPICON_NAME = AppIcon;
				ASSETCATALOG_COMPILER_GLOBAL_ACCENT_COLOR_NAME = AccentColor;
				CODE_SIGN_STYLE = Automatic;
				CURRENT_PROJECT_VERSION = 1;
				DEVELOPMENT_ASSET_PATHS = "\"Splito/Preview Content\"";
				DEVELOPMENT_TEAM = S985H2T7J8;
				ENABLE_PREVIEWS = YES;
				ENABLE_USER_SCRIPT_SANDBOXING = NO;
				GENERATE_INFOPLIST_FILE = YES;
				INFOPLIST_KEY_UIApplicationSceneManifest_Generation = YES;
				INFOPLIST_KEY_UIApplicationSupportsIndirectInputEvents = YES;
				INFOPLIST_KEY_UILaunchScreen_Generation = YES;
				INFOPLIST_KEY_UIStatusBarStyle = "";
				INFOPLIST_KEY_UISupportedInterfaceOrientations = "UIInterfaceOrientationLandscapeLeft UIInterfaceOrientationLandscapeRight UIInterfaceOrientationPortrait";
				INFOPLIST_KEY_UISupportedInterfaceOrientations_iPad = "UIInterfaceOrientationLandscapeLeft UIInterfaceOrientationLandscapeRight UIInterfaceOrientationPortrait UIInterfaceOrientationPortraitUpsideDown";
				IPHONEOS_DEPLOYMENT_TARGET = 16.0;
				LD_RUNPATH_SEARCH_PATHS = (
					"$(inherited)",
					"@executable_path/Frameworks",
				);
				MARKETING_VERSION = 1.0;
				PRODUCT_BUNDLE_IDENTIFIER = com.canopas.splito;
				PRODUCT_NAME = "$(TARGET_NAME)";
				SWIFT_EMIT_LOC_STRINGS = YES;
				SWIFT_VERSION = 5.0;
				TARGETED_DEVICE_FAMILY = "1,2";
			};
			name = Release;
		};
		D89684692B722D3700D5F721 /* Debug */ = {
			isa = XCBuildConfiguration;
			baseConfigurationReference = 2D811C52A756602B487C9273 /* Pods-SplitoTests.debug.xcconfig */;
			buildSettings = {
				ALWAYS_EMBED_SWIFT_STANDARD_LIBRARIES = "$(inherited)";
				BUNDLE_LOADER = "$(TEST_HOST)";
				CODE_SIGN_STYLE = Automatic;
				CURRENT_PROJECT_VERSION = 1;
				DEVELOPMENT_TEAM = S985H2T7J8;
				GENERATE_INFOPLIST_FILE = YES;
				IPHONEOS_DEPLOYMENT_TARGET = 17.2;
				MARKETING_VERSION = 1.0;
				PRODUCT_BUNDLE_IDENTIFIER = com.project.SplitoTests;
				PRODUCT_NAME = "$(TARGET_NAME)";
				SWIFT_EMIT_LOC_STRINGS = NO;
				SWIFT_VERSION = 5.0;
				TARGETED_DEVICE_FAMILY = "1,2";
				TEST_HOST = "$(BUILT_PRODUCTS_DIR)/Splito.app/$(BUNDLE_EXECUTABLE_FOLDER_PATH)/Splito";
			};
			name = Debug;
		};
		D896846A2B722D3700D5F721 /* Release */ = {
			isa = XCBuildConfiguration;
			baseConfigurationReference = A404FB16E4A80EE0FB38FE80 /* Pods-SplitoTests.release.xcconfig */;
			buildSettings = {
				ALWAYS_EMBED_SWIFT_STANDARD_LIBRARIES = "$(inherited)";
				BUNDLE_LOADER = "$(TEST_HOST)";
				CODE_SIGN_STYLE = Automatic;
				CURRENT_PROJECT_VERSION = 1;
				DEVELOPMENT_TEAM = S985H2T7J8;
				GENERATE_INFOPLIST_FILE = YES;
				IPHONEOS_DEPLOYMENT_TARGET = 17.2;
				MARKETING_VERSION = 1.0;
				PRODUCT_BUNDLE_IDENTIFIER = com.project.SplitoTests;
				PRODUCT_NAME = "$(TARGET_NAME)";
				SWIFT_EMIT_LOC_STRINGS = NO;
				SWIFT_VERSION = 5.0;
				TARGETED_DEVICE_FAMILY = "1,2";
				TEST_HOST = "$(BUILT_PRODUCTS_DIR)/Splito.app/$(BUNDLE_EXECUTABLE_FOLDER_PATH)/Splito";
			};
			name = Release;
		};
		D896846C2B722D3700D5F721 /* Debug */ = {
			isa = XCBuildConfiguration;
			baseConfigurationReference = FC08D18737ACD58469918E4D /* Pods-Splito-SplitoUITests.debug.xcconfig */;
			buildSettings = {
				ALWAYS_EMBED_SWIFT_STANDARD_LIBRARIES = "$(inherited)";
				CODE_SIGN_STYLE = Automatic;
				CURRENT_PROJECT_VERSION = 1;
				DEVELOPMENT_TEAM = S985H2T7J8;
				GENERATE_INFOPLIST_FILE = YES;
				MARKETING_VERSION = 1.0;
				PRODUCT_BUNDLE_IDENTIFIER = com.project.SplitoUITests;
				PRODUCT_NAME = "$(TARGET_NAME)";
				SWIFT_EMIT_LOC_STRINGS = NO;
				SWIFT_VERSION = 5.0;
				TARGETED_DEVICE_FAMILY = "1,2";
				TEST_TARGET_NAME = Splito;
			};
			name = Debug;
		};
		D896846D2B722D3700D5F721 /* Release */ = {
			isa = XCBuildConfiguration;
			baseConfigurationReference = 924B3CD151035D386A7ACE76 /* Pods-Splito-SplitoUITests.release.xcconfig */;
			buildSettings = {
				ALWAYS_EMBED_SWIFT_STANDARD_LIBRARIES = "$(inherited)";
				CODE_SIGN_STYLE = Automatic;
				CURRENT_PROJECT_VERSION = 1;
				DEVELOPMENT_TEAM = S985H2T7J8;
				GENERATE_INFOPLIST_FILE = YES;
				MARKETING_VERSION = 1.0;
				PRODUCT_BUNDLE_IDENTIFIER = com.project.SplitoUITests;
				PRODUCT_NAME = "$(TARGET_NAME)";
				SWIFT_EMIT_LOC_STRINGS = NO;
				SWIFT_VERSION = 5.0;
				TARGETED_DEVICE_FAMILY = "1,2";
				TEST_TARGET_NAME = Splito;
			};
			name = Release;
		};
/* End XCBuildConfiguration section */

/* Begin XCConfigurationList section */
		D896843C2B722D3400D5F721 /* Build configuration list for PBXProject "Splito" */ = {
			isa = XCConfigurationList;
			buildConfigurations = (
				D89684632B722D3700D5F721 /* Debug */,
				D89684642B722D3700D5F721 /* Release */,
			);
			defaultConfigurationIsVisible = 0;
			defaultConfigurationName = Release;
		};
		D89684652B722D3700D5F721 /* Build configuration list for PBXNativeTarget "Splito" */ = {
			isa = XCConfigurationList;
			buildConfigurations = (
				D89684662B722D3700D5F721 /* Debug */,
				D89684672B722D3700D5F721 /* Release */,
			);
			defaultConfigurationIsVisible = 0;
			defaultConfigurationName = Release;
		};
		D89684682B722D3700D5F721 /* Build configuration list for PBXNativeTarget "SplitoTests" */ = {
			isa = XCConfigurationList;
			buildConfigurations = (
				D89684692B722D3700D5F721 /* Debug */,
				D896846A2B722D3700D5F721 /* Release */,
			);
			defaultConfigurationIsVisible = 0;
			defaultConfigurationName = Release;
		};
		D896846B2B722D3700D5F721 /* Build configuration list for PBXNativeTarget "SplitoUITests" */ = {
			isa = XCConfigurationList;
			buildConfigurations = (
				D896846C2B722D3700D5F721 /* Debug */,
				D896846D2B722D3700D5F721 /* Release */,
			);
			defaultConfigurationIsVisible = 0;
			defaultConfigurationName = Release;
		};
/* End XCConfigurationList section */
	};
	rootObject = D89684392B722D3400D5F721 /* Project object */;
}
