// !$*UTF8*$!
{
	archiveVersion = 1;
	classes = {
	};
	objectVersion = 56;
	objects = {

/* Begin PBXBuildFile section */
		229C1134A678C1E63F56237A /* Pods_SplitoTests.framework in Frameworks */ = {isa = PBXBuildFile; fileRef = 590D65F43211234CE0B8577D /* Pods_SplitoTests.framework */; };
		3BC568907377816CF2DBBD19 /* Pods_Splito_SplitoUITests.framework in Frameworks */ = {isa = PBXBuildFile; fileRef = F3250DFA698064E351112A85 /* Pods_Splito_SplitoUITests.framework */; };
		D8015C052B7A47CF0002886A /* Data.framework in Frameworks */ = {isa = PBXBuildFile; fileRef = D8015C042B7A47CF0002886A /* Data.framework */; };
		D863857B2B908AB600A8C6EB /* VERSION in Resources */ = {isa = PBXBuildFile; fileRef = D863857A2B908AB600A8C6EB /* VERSION */; };
		D889F5B92B7A521F008C6A43 /* SplashView.storyboard in Resources */ = {isa = PBXBuildFile; fileRef = D889F5B82B7A521F008C6A43 /* SplashView.storyboard */; };
		D89684452B722D3400D5F721 /* SplitoApp.swift in Sources */ = {isa = PBXBuildFile; fileRef = D89684442B722D3400D5F721 /* SplitoApp.swift */; };
		D89684492B722D3700D5F721 /* Assets.xcassets in Resources */ = {isa = PBXBuildFile; fileRef = D89684482B722D3700D5F721 /* Assets.xcassets */; };
		D896844C2B722D3700D5F721 /* Preview Assets.xcassets in Resources */ = {isa = PBXBuildFile; fileRef = D896844B2B722D3700D5F721 /* Preview Assets.xcassets */; };
		D89684562B722D3700D5F721 /* SplitoTests.swift in Sources */ = {isa = PBXBuildFile; fileRef = D89684552B722D3700D5F721 /* SplitoTests.swift */; };
		D89684602B722D3700D5F721 /* SplitoUITests.swift in Sources */ = {isa = PBXBuildFile; fileRef = D896845F2B722D3700D5F721 /* SplitoUITests.swift */; };
		D89684622B722D3700D5F721 /* SplitoUITestsLaunchTests.swift in Sources */ = {isa = PBXBuildFile; fileRef = D89684612B722D3700D5F721 /* SplitoUITestsLaunchTests.swift */; };
		D89DBE1F2B87327400E5F1BD /* SignInWithAppleDelegate.swift in Sources */ = {isa = PBXBuildFile; fileRef = D89DBE1E2B87327400E5F1BD /* SignInWithAppleDelegate.swift */; };
		D89DBE232B875C2200E5F1BD /* PhoneLoginView.swift in Sources */ = {isa = PBXBuildFile; fileRef = D89DBE222B875C2200E5F1BD /* PhoneLoginView.swift */; };
		D89DBE252B875C3000E5F1BD /* PhoneLoginViewModel.swift in Sources */ = {isa = PBXBuildFile; fileRef = D89DBE242B875C3000E5F1BD /* PhoneLoginViewModel.swift */; };
		D89DBE382B88A6A800E5F1BD /* VerifyOtpView.swift in Sources */ = {isa = PBXBuildFile; fileRef = D89DBE372B88A6A800E5F1BD /* VerifyOtpView.swift */; };
		D89DBE3A2B88A6B400E5F1BD /* VerifyOtpViewModel.swift in Sources */ = {isa = PBXBuildFile; fileRef = D89DBE392B88A6B400E5F1BD /* VerifyOtpViewModel.swift */; };
		D89DBE422B8CA72700E5F1BD /* HomeRouteView.swift in Sources */ = {isa = PBXBuildFile; fileRef = D89DBE412B8CA72700E5F1BD /* HomeRouteView.swift */; };
		D89DBE592B8DE91D00E5F1BD /* FriendRouteView.swift in Sources */ = {isa = PBXBuildFile; fileRef = D89DBE582B8DE91D00E5F1BD /* FriendRouteView.swift */; };
		D89DBE5B2B8DE97000E5F1BD /* GroupRouteView.swift in Sources */ = {isa = PBXBuildFile; fileRef = D89DBE5A2B8DE97000E5F1BD /* GroupRouteView.swift */; };
		D89DBE5D2B8DE97B00E5F1BD /* ActivityRouteView.swift in Sources */ = {isa = PBXBuildFile; fileRef = D89DBE5C2B8DE97B00E5F1BD /* ActivityRouteView.swift */; };
		D89DBE5F2B8DE98600E5F1BD /* AccountRouteView.swift in Sources */ = {isa = PBXBuildFile; fileRef = D89DBE5E2B8DE98600E5F1BD /* AccountRouteView.swift */; };
		D8AC26F12B84B12800CEAAD3 /* HomeView.swift in Sources */ = {isa = PBXBuildFile; fileRef = D8AC26E42B84B12800CEAAD3 /* HomeView.swift */; };
		D8AC26F22B84B12800CEAAD3 /* MainRouteView.swift in Sources */ = {isa = PBXBuildFile; fileRef = D8AC26E52B84B12800CEAAD3 /* MainRouteView.swift */; };
		D8AC26F32B84B12800CEAAD3 /* OnboardView.swift in Sources */ = {isa = PBXBuildFile; fileRef = D8AC26E72B84B12800CEAAD3 /* OnboardView.swift */; };
		D8AC26F42B84B12800CEAAD3 /* OnboardViewModel.swift in Sources */ = {isa = PBXBuildFile; fileRef = D8AC26E82B84B12800CEAAD3 /* OnboardViewModel.swift */; };
		D8AC26F62B84B12800CEAAD3 /* LoginViewModel.swift in Sources */ = {isa = PBXBuildFile; fileRef = D8AC26EC2B84B12800CEAAD3 /* LoginViewModel.swift */; };
		D8AC26F72B84B12800CEAAD3 /* LoginView.swift in Sources */ = {isa = PBXBuildFile; fileRef = D8AC26ED2B84B12800CEAAD3 /* LoginView.swift */; };
		D8AC27152B84B73000CEAAD3 /* PageControl.swift in Sources */ = {isa = PBXBuildFile; fileRef = D8AC27142B84B72F00CEAAD3 /* PageControl.swift */; };
		D8AC27E22B84C06500CEAAD3 /* BaseStyle.framework in Frameworks */ = {isa = PBXBuildFile; fileRef = D8AC27E12B84C06500CEAAD3 /* BaseStyle.framework */; };
		D8D42A972B86FBF8009B345D /* GoogleService-Info.plist in Resources */ = {isa = PBXBuildFile; fileRef = D8D42A962B86FBF8009B345D /* GoogleService-Info.plist */; };
		D8D6C3A02B79F8110023CF08 /* AppDelegate.swift in Sources */ = {isa = PBXBuildFile; fileRef = D8D6C39F2B79F8110023CF08 /* AppDelegate.swift */; };
		F1B29DB9FD88F3957B6A9DA3 /* Pods_Splito.framework in Frameworks */ = {isa = PBXBuildFile; fileRef = CB74A14C9198B44CD1501702 /* Pods_Splito.framework */; };
/* End PBXBuildFile section */

/* Begin PBXContainerItemProxy section */
		D89684522B722D3700D5F721 /* PBXContainerItemProxy */ = {
			isa = PBXContainerItemProxy;
			containerPortal = D89684392B722D3400D5F721 /* Project object */;
			proxyType = 1;
			remoteGlobalIDString = D89684402B722D3400D5F721;
			remoteInfo = Splito;
		};
		D896845C2B722D3700D5F721 /* PBXContainerItemProxy */ = {
			isa = PBXContainerItemProxy;
			containerPortal = D89684392B722D3400D5F721 /* Project object */;
			proxyType = 1;
			remoteGlobalIDString = D89684402B722D3400D5F721;
			remoteInfo = Splito;
		};
/* End PBXContainerItemProxy section */

/* Begin PBXFileReference section */
		328FA3BD79A0C02BD95C0D18 /* Pods-Splito.release.xcconfig */ = {isa = PBXFileReference; includeInIndex = 1; lastKnownFileType = text.xcconfig; name = "Pods-Splito.release.xcconfig"; path = "Target Support Files/Pods-Splito/Pods-Splito.release.xcconfig"; sourceTree = "<group>"; };
		590D65F43211234CE0B8577D /* Pods_SplitoTests.framework */ = {isa = PBXFileReference; explicitFileType = wrapper.framework; includeInIndex = 0; path = Pods_SplitoTests.framework; sourceTree = BUILT_PRODUCTS_DIR; };
		5D9976EF7FD476F63099E094 /* Pods-Splito.debug.xcconfig */ = {isa = PBXFileReference; includeInIndex = 1; lastKnownFileType = text.xcconfig; name = "Pods-Splito.debug.xcconfig"; path = "Target Support Files/Pods-Splito/Pods-Splito.debug.xcconfig"; sourceTree = "<group>"; };
		6AD61D26FB1A0DAD18D11CD4 /* Pods-Splito-SplitoUITests.debug.xcconfig */ = {isa = PBXFileReference; includeInIndex = 1; lastKnownFileType = text.xcconfig; name = "Pods-Splito-SplitoUITests.debug.xcconfig"; path = "Target Support Files/Pods-Splito-SplitoUITests/Pods-Splito-SplitoUITests.debug.xcconfig"; sourceTree = "<group>"; };
		A43ED5B12ED9A893E69F700A /* Pods-SplitoTests.release.xcconfig */ = {isa = PBXFileReference; includeInIndex = 1; lastKnownFileType = text.xcconfig; name = "Pods-SplitoTests.release.xcconfig"; path = "Target Support Files/Pods-SplitoTests/Pods-SplitoTests.release.xcconfig"; sourceTree = "<group>"; };
		CB74A14C9198B44CD1501702 /* Pods_Splito.framework */ = {isa = PBXFileReference; explicitFileType = wrapper.framework; includeInIndex = 0; path = Pods_Splito.framework; sourceTree = BUILT_PRODUCTS_DIR; };
		D00D9C8E9C9D67B1F5171F51 /* Pods-SplitoTests.debug.xcconfig */ = {isa = PBXFileReference; includeInIndex = 1; lastKnownFileType = text.xcconfig; name = "Pods-SplitoTests.debug.xcconfig"; path = "Target Support Files/Pods-SplitoTests/Pods-SplitoTests.debug.xcconfig"; sourceTree = "<group>"; };
		D65AF4437E878FD0ABA95F13 /* Pods-Splito-SplitoUITests.release.xcconfig */ = {isa = PBXFileReference; includeInIndex = 1; lastKnownFileType = text.xcconfig; name = "Pods-Splito-SplitoUITests.release.xcconfig"; path = "Target Support Files/Pods-Splito-SplitoUITests/Pods-Splito-SplitoUITests.release.xcconfig"; sourceTree = "<group>"; };
		D8015C042B7A47CF0002886A /* Data.framework */ = {isa = PBXFileReference; explicitFileType = wrapper.framework; path = Data.framework; sourceTree = BUILT_PRODUCTS_DIR; };
		D8015C082B7A47D80002886A /* UI.framework */ = {isa = PBXFileReference; explicitFileType = wrapper.framework; path = UI.framework; sourceTree = BUILT_PRODUCTS_DIR; };
		D863857A2B908AB600A8C6EB /* VERSION */ = {isa = PBXFileReference; fileEncoding = 4; lastKnownFileType = text; path = VERSION; sourceTree = "<group>"; };
		D863857E2B909A5A00A8C6EB /* Info.plist */ = {isa = PBXFileReference; lastKnownFileType = text.plist.xml; path = Info.plist; sourceTree = "<group>"; };
		D889F5B82B7A521F008C6A43 /* SplashView.storyboard */ = {isa = PBXFileReference; fileEncoding = 4; lastKnownFileType = file.storyboard; path = SplashView.storyboard; sourceTree = "<group>"; };
		D89684412B722D3400D5F721 /* Splito.app */ = {isa = PBXFileReference; explicitFileType = wrapper.application; includeInIndex = 0; path = Splito.app; sourceTree = BUILT_PRODUCTS_DIR; };
		D89684442B722D3400D5F721 /* SplitoApp.swift */ = {isa = PBXFileReference; lastKnownFileType = sourcecode.swift; path = SplitoApp.swift; sourceTree = "<group>"; };
		D89684482B722D3700D5F721 /* Assets.xcassets */ = {isa = PBXFileReference; lastKnownFileType = folder.assetcatalog; path = Assets.xcassets; sourceTree = "<group>"; };
		D896844B2B722D3700D5F721 /* Preview Assets.xcassets */ = {isa = PBXFileReference; lastKnownFileType = folder.assetcatalog; path = "Preview Assets.xcassets"; sourceTree = "<group>"; };
		D89684512B722D3700D5F721 /* SplitoTests.xctest */ = {isa = PBXFileReference; explicitFileType = wrapper.cfbundle; includeInIndex = 0; path = SplitoTests.xctest; sourceTree = BUILT_PRODUCTS_DIR; };
		D89684552B722D3700D5F721 /* SplitoTests.swift */ = {isa = PBXFileReference; lastKnownFileType = sourcecode.swift; path = SplitoTests.swift; sourceTree = "<group>"; };
		D896845B2B722D3700D5F721 /* SplitoUITests.xctest */ = {isa = PBXFileReference; explicitFileType = wrapper.cfbundle; includeInIndex = 0; path = SplitoUITests.xctest; sourceTree = BUILT_PRODUCTS_DIR; };
		D896845F2B722D3700D5F721 /* SplitoUITests.swift */ = {isa = PBXFileReference; lastKnownFileType = sourcecode.swift; path = SplitoUITests.swift; sourceTree = "<group>"; };
		D89684612B722D3700D5F721 /* SplitoUITestsLaunchTests.swift */ = {isa = PBXFileReference; lastKnownFileType = sourcecode.swift; path = SplitoUITestsLaunchTests.swift; sourceTree = "<group>"; };
		D89DBE1E2B87327400E5F1BD /* SignInWithAppleDelegate.swift */ = {isa = PBXFileReference; lastKnownFileType = sourcecode.swift; path = SignInWithAppleDelegate.swift; sourceTree = "<group>"; };
		D89DBE202B87433B00E5F1BD /* Splito.entitlements */ = {isa = PBXFileReference; lastKnownFileType = text.plist.entitlements; path = Splito.entitlements; sourceTree = "<group>"; };
		D89DBE222B875C2200E5F1BD /* PhoneLoginView.swift */ = {isa = PBXFileReference; lastKnownFileType = sourcecode.swift; path = PhoneLoginView.swift; sourceTree = "<group>"; };
		D89DBE242B875C3000E5F1BD /* PhoneLoginViewModel.swift */ = {isa = PBXFileReference; lastKnownFileType = sourcecode.swift; path = PhoneLoginViewModel.swift; sourceTree = "<group>"; };
		D89DBE372B88A6A800E5F1BD /* VerifyOtpView.swift */ = {isa = PBXFileReference; lastKnownFileType = sourcecode.swift; path = VerifyOtpView.swift; sourceTree = "<group>"; };
		D89DBE392B88A6B400E5F1BD /* VerifyOtpViewModel.swift */ = {isa = PBXFileReference; lastKnownFileType = sourcecode.swift; path = VerifyOtpViewModel.swift; sourceTree = "<group>"; };
		D89DBE412B8CA72700E5F1BD /* HomeRouteView.swift */ = {isa = PBXFileReference; lastKnownFileType = sourcecode.swift; path = HomeRouteView.swift; sourceTree = "<group>"; };
		D89DBE582B8DE91D00E5F1BD /* FriendRouteView.swift */ = {isa = PBXFileReference; lastKnownFileType = sourcecode.swift; path = FriendRouteView.swift; sourceTree = "<group>"; };
		D89DBE5A2B8DE97000E5F1BD /* GroupRouteView.swift */ = {isa = PBXFileReference; lastKnownFileType = sourcecode.swift; path = GroupRouteView.swift; sourceTree = "<group>"; };
		D89DBE5C2B8DE97B00E5F1BD /* ActivityRouteView.swift */ = {isa = PBXFileReference; lastKnownFileType = sourcecode.swift; path = ActivityRouteView.swift; sourceTree = "<group>"; };
		D89DBE5E2B8DE98600E5F1BD /* AccountRouteView.swift */ = {isa = PBXFileReference; lastKnownFileType = sourcecode.swift; path = AccountRouteView.swift; sourceTree = "<group>"; };
		D8AC26DF2B84B07700CEAAD3 /* BaseUI.framework */ = {isa = PBXFileReference; explicitFileType = wrapper.framework; path = BaseUI.framework; sourceTree = BUILT_PRODUCTS_DIR; };
		D8AC26E42B84B12800CEAAD3 /* HomeView.swift */ = {isa = PBXFileReference; fileEncoding = 4; lastKnownFileType = sourcecode.swift; path = HomeView.swift; sourceTree = "<group>"; };
		D8AC26E52B84B12800CEAAD3 /* MainRouteView.swift */ = {isa = PBXFileReference; fileEncoding = 4; lastKnownFileType = sourcecode.swift; path = MainRouteView.swift; sourceTree = "<group>"; };
		D8AC26E72B84B12800CEAAD3 /* OnboardView.swift */ = {isa = PBXFileReference; fileEncoding = 4; lastKnownFileType = sourcecode.swift; path = OnboardView.swift; sourceTree = "<group>"; };
		D8AC26E82B84B12800CEAAD3 /* OnboardViewModel.swift */ = {isa = PBXFileReference; fileEncoding = 4; lastKnownFileType = sourcecode.swift; path = OnboardViewModel.swift; sourceTree = "<group>"; };
		D8AC26EC2B84B12800CEAAD3 /* LoginViewModel.swift */ = {isa = PBXFileReference; fileEncoding = 4; lastKnownFileType = sourcecode.swift; path = LoginViewModel.swift; sourceTree = "<group>"; };
		D8AC26ED2B84B12800CEAAD3 /* LoginView.swift */ = {isa = PBXFileReference; fileEncoding = 4; lastKnownFileType = sourcecode.swift; path = LoginView.swift; sourceTree = "<group>"; };
		D8AC27142B84B72F00CEAAD3 /* PageControl.swift */ = {isa = PBXFileReference; lastKnownFileType = sourcecode.swift; path = PageControl.swift; sourceTree = "<group>"; };
		D8AC27992B84BDB000CEAAD3 /* Style.framework */ = {isa = PBXFileReference; explicitFileType = wrapper.framework; path = Style.framework; sourceTree = BUILT_PRODUCTS_DIR; };
		D8AC27E12B84C06500CEAAD3 /* BaseStyle.framework */ = {isa = PBXFileReference; explicitFileType = wrapper.framework; path = BaseStyle.framework; sourceTree = BUILT_PRODUCTS_DIR; };
		D8D42A962B86FBF8009B345D /* GoogleService-Info.plist */ = {isa = PBXFileReference; fileEncoding = 4; lastKnownFileType = text.plist.xml; path = "GoogleService-Info.plist"; sourceTree = "<group>"; };
		D8D6C39F2B79F8110023CF08 /* AppDelegate.swift */ = {isa = PBXFileReference; lastKnownFileType = sourcecode.swift; path = AppDelegate.swift; sourceTree = "<group>"; };
		F3250DFA698064E351112A85 /* Pods_Splito_SplitoUITests.framework */ = {isa = PBXFileReference; explicitFileType = wrapper.framework; includeInIndex = 0; path = Pods_Splito_SplitoUITests.framework; sourceTree = BUILT_PRODUCTS_DIR; };
/* End PBXFileReference section */

/* Begin PBXFrameworksBuildPhase section */
		D896843E2B722D3400D5F721 /* Frameworks */ = {
			isa = PBXFrameworksBuildPhase;
			buildActionMask = 2147483647;
			files = (
				D8015C052B7A47CF0002886A /* Data.framework in Frameworks */,
				D8AC27E22B84C06500CEAAD3 /* BaseStyle.framework in Frameworks */,
				F1B29DB9FD88F3957B6A9DA3 /* Pods_Splito.framework in Frameworks */,
			);
			runOnlyForDeploymentPostprocessing = 0;
		};
		D896844E2B722D3700D5F721 /* Frameworks */ = {
			isa = PBXFrameworksBuildPhase;
			buildActionMask = 2147483647;
			files = (
				229C1134A678C1E63F56237A /* Pods_SplitoTests.framework in Frameworks */,
			);
			runOnlyForDeploymentPostprocessing = 0;
		};
		D89684582B722D3700D5F721 /* Frameworks */ = {
			isa = PBXFrameworksBuildPhase;
			buildActionMask = 2147483647;
			files = (
				3BC568907377816CF2DBBD19 /* Pods_Splito_SplitoUITests.framework in Frameworks */,
			);
			runOnlyForDeploymentPostprocessing = 0;
		};
/* End PBXFrameworksBuildPhase section */

/* Begin PBXGroup section */
		7530D0A01F0D8D2C363B2A6E /* Frameworks */ = {
			isa = PBXGroup;
			children = (
				D8AC27E12B84C06500CEAAD3 /* BaseStyle.framework */,
				D8AC27992B84BDB000CEAAD3 /* Style.framework */,
				D8AC26DF2B84B07700CEAAD3 /* BaseUI.framework */,
				D8015C082B7A47D80002886A /* UI.framework */,
				D8015C042B7A47CF0002886A /* Data.framework */,
				CB74A14C9198B44CD1501702 /* Pods_Splito.framework */,
				F3250DFA698064E351112A85 /* Pods_Splito_SplitoUITests.framework */,
				590D65F43211234CE0B8577D /* Pods_SplitoTests.framework */,
			);
			name = Frameworks;
			sourceTree = "<group>";
		};
		BAA91BB875B265C15A963001 /* Pods */ = {
			isa = PBXGroup;
			children = (
				5D9976EF7FD476F63099E094 /* Pods-Splito.debug.xcconfig */,
				328FA3BD79A0C02BD95C0D18 /* Pods-Splito.release.xcconfig */,
				6AD61D26FB1A0DAD18D11CD4 /* Pods-Splito-SplitoUITests.debug.xcconfig */,
				D65AF4437E878FD0ABA95F13 /* Pods-Splito-SplitoUITests.release.xcconfig */,
				D00D9C8E9C9D67B1F5171F51 /* Pods-SplitoTests.debug.xcconfig */,
				A43ED5B12ED9A893E69F700A /* Pods-SplitoTests.release.xcconfig */,
			);
			path = Pods;
			sourceTree = "<group>";
		};
		D89684382B722D3400D5F721 = {
			isa = PBXGroup;
			children = (
				D89684432B722D3400D5F721 /* Splito */,
				D89684542B722D3700D5F721 /* SplitoTests */,
				D896845E2B722D3700D5F721 /* SplitoUITests */,
				D89684422B722D3400D5F721 /* Products */,
				BAA91BB875B265C15A963001 /* Pods */,
				7530D0A01F0D8D2C363B2A6E /* Frameworks */,
			);
			sourceTree = "<group>";
		};
		D89684422B722D3400D5F721 /* Products */ = {
			isa = PBXGroup;
			children = (
				D89684412B722D3400D5F721 /* Splito.app */,
				D89684512B722D3700D5F721 /* SplitoTests.xctest */,
				D896845B2B722D3700D5F721 /* SplitoUITests.xctest */,
			);
			name = Products;
			sourceTree = "<group>";
		};
		D89684432B722D3400D5F721 /* Splito */ = {
			isa = PBXGroup;
			children = (
				D89DBE202B87433B00E5F1BD /* Splito.entitlements */,
				D863857A2B908AB600A8C6EB /* VERSION */,
				D89684442B722D3400D5F721 /* SplitoApp.swift */,
				D8D6C39F2B79F8110023CF08 /* AppDelegate.swift */,
				D8AC25D12B7F43EA00CEAAD3 /* Plist */,
				D896846E2B722FD200D5F721 /* Resource */,
				D8AC26E22B84B12800CEAAD3 /* UI */,
				D896844A2B722D3700D5F721 /* Preview Content */,
			);
			path = Splito;
			sourceTree = "<group>";
		};
		D896844A2B722D3700D5F721 /* Preview Content */ = {
			isa = PBXGroup;
			children = (
				D896844B2B722D3700D5F721 /* Preview Assets.xcassets */,
			);
			path = "Preview Content";
			sourceTree = "<group>";
		};
		D89684542B722D3700D5F721 /* SplitoTests */ = {
			isa = PBXGroup;
			children = (
				D89684552B722D3700D5F721 /* SplitoTests.swift */,
			);
			path = SplitoTests;
			sourceTree = "<group>";
		};
		D896845E2B722D3700D5F721 /* SplitoUITests */ = {
			isa = PBXGroup;
			children = (
				D896845F2B722D3700D5F721 /* SplitoUITests.swift */,
				D89684612B722D3700D5F721 /* SplitoUITestsLaunchTests.swift */,
			);
			path = SplitoUITests;
			sourceTree = "<group>";
		};
		D896846E2B722FD200D5F721 /* Resource */ = {
			isa = PBXGroup;
			children = (
				D89684482B722D3700D5F721 /* Assets.xcassets */,
				D889F5B82B7A521F008C6A43 /* SplashView.storyboard */,
			);
			path = Resource;
			sourceTree = "<group>";
		};
		D89DBE212B875C1000E5F1BD /* PhoneLogin */ = {
			isa = PBXGroup;
			children = (
				D89DBE222B875C2200E5F1BD /* PhoneLoginView.swift */,
				D89DBE242B875C3000E5F1BD /* PhoneLoginViewModel.swift */,
				D89DBE362B88A69E00E5F1BD /* VerifyOtp */,
			);
			path = PhoneLogin;
			sourceTree = "<group>";
		};
		D89DBE362B88A69E00E5F1BD /* VerifyOtp */ = {
			isa = PBXGroup;
			children = (
				D89DBE372B88A6A800E5F1BD /* VerifyOtpView.swift */,
				D89DBE392B88A6B400E5F1BD /* VerifyOtpViewModel.swift */,
			);
			path = VerifyOtp;
			sourceTree = "<group>";
		};
		D89DBE542B8DE8B200E5F1BD /* Friends */ = {
			isa = PBXGroup;
			children = (
				D89DBE582B8DE91D00E5F1BD /* FriendRouteView.swift */,
			);
			path = Friends;
			sourceTree = "<group>";
		};
		D89DBE552B8DE8C600E5F1BD /* Groups */ = {
			isa = PBXGroup;
			children = (
				D89DBE5A2B8DE97000E5F1BD /* GroupRouteView.swift */,
			);
			path = Groups;
			sourceTree = "<group>";
		};
		D89DBE562B8DE8CF00E5F1BD /* Activity */ = {
			isa = PBXGroup;
			children = (
				D89DBE5C2B8DE97B00E5F1BD /* ActivityRouteView.swift */,
			);
			path = Activity;
			sourceTree = "<group>";
		};
		D89DBE572B8DE8D400E5F1BD /* Account */ = {
			isa = PBXGroup;
			children = (
				D89DBE5E2B8DE98600E5F1BD /* AccountRouteView.swift */,
			);
			path = Account;
			sourceTree = "<group>";
		};
		D8AC25D12B7F43EA00CEAAD3 /* Plist */ = {
			isa = PBXGroup;
			children = (
				D863857E2B909A5A00A8C6EB /* Info.plist */,
				D8D42A962B86FBF8009B345D /* GoogleService-Info.plist */,
			);
			path = Plist;
			sourceTree = "<group>";
		};
		D8AC26E22B84B12800CEAAD3 /* UI */ = {
			isa = PBXGroup;
			children = (
				D8AC26E52B84B12800CEAAD3 /* MainRouteView.swift */,
				D8AC26E62B84B12800CEAAD3 /* Onboard */,
				D8AC26EB2B84B12800CEAAD3 /* Login */,
				D8AC26E32B84B12800CEAAD3 /* Home */,
			);
			path = UI;
			sourceTree = "<group>";
		};
		D8AC26E32B84B12800CEAAD3 /* Home */ = {
			isa = PBXGroup;
			children = (
				D8AC26E42B84B12800CEAAD3 /* HomeView.swift */,
				D89DBE412B8CA72700E5F1BD /* HomeRouteView.swift */,
				D89DBE542B8DE8B200E5F1BD /* Friends */,
				D89DBE552B8DE8C600E5F1BD /* Groups */,
				D89DBE562B8DE8CF00E5F1BD /* Activity */,
				D89DBE572B8DE8D400E5F1BD /* Account */,
			);
			path = Home;
			sourceTree = "<group>";
		};
		D8AC26E62B84B12800CEAAD3 /* Onboard */ = {
			isa = PBXGroup;
			children = (
				D8AC27142B84B72F00CEAAD3 /* PageControl.swift */,
				D8AC26E72B84B12800CEAAD3 /* OnboardView.swift */,
				D8AC26E82B84B12800CEAAD3 /* OnboardViewModel.swift */,
			);
			path = Onboard;
			sourceTree = "<group>";
		};
		D8AC26EB2B84B12800CEAAD3 /* Login */ = {
			isa = PBXGroup;
			children = (
				D8AC26ED2B84B12800CEAAD3 /* LoginView.swift */,
				D8AC26EC2B84B12800CEAAD3 /* LoginViewModel.swift */,
				D89DBE1E2B87327400E5F1BD /* SignInWithAppleDelegate.swift */,
				D89DBE212B875C1000E5F1BD /* PhoneLogin */,
			);
			path = Login;
			sourceTree = "<group>";
		};
/* End PBXGroup section */

/* Begin PBXNativeTarget section */
		D89684402B722D3400D5F721 /* Splito */ = {
			isa = PBXNativeTarget;
			buildConfigurationList = D89684652B722D3700D5F721 /* Build configuration list for PBXNativeTarget "Splito" */;
			buildPhases = (
				7EA397BB91DF2F3109DE3869 /* [CP] Check Pods Manifest.lock */,
				D896843D2B722D3400D5F721 /* Sources */,
				D8DF8B3C2B7A238000165138 /* SwiftLint */,
				D896843E2B722D3400D5F721 /* Frameworks */,
				D896843F2B722D3400D5F721 /* Resources */,
				8C3E193364425E64FA41521B /* [CP] Embed Pods Frameworks */,
			);
			buildRules = (
			);
			dependencies = (
			);
			name = Splito;
			productName = Splito;
			productReference = D89684412B722D3400D5F721 /* Splito.app */;
			productType = "com.apple.product-type.application";
		};
		D89684502B722D3700D5F721 /* SplitoTests */ = {
			isa = PBXNativeTarget;
			buildConfigurationList = D89684682B722D3700D5F721 /* Build configuration list for PBXNativeTarget "SplitoTests" */;
			buildPhases = (
				65A26FB61A4A2D4438DA593D /* [CP] Check Pods Manifest.lock */,
				D896844D2B722D3700D5F721 /* Sources */,
				D896844E2B722D3700D5F721 /* Frameworks */,
				D896844F2B722D3700D5F721 /* Resources */,
			);
			buildRules = (
			);
			dependencies = (
				D89684532B722D3700D5F721 /* PBXTargetDependency */,
			);
			name = SplitoTests;
			productName = SplitoTests;
			productReference = D89684512B722D3700D5F721 /* SplitoTests.xctest */;
			productType = "com.apple.product-type.bundle.unit-test";
		};
		D896845A2B722D3700D5F721 /* SplitoUITests */ = {
			isa = PBXNativeTarget;
			buildConfigurationList = D896846B2B722D3700D5F721 /* Build configuration list for PBXNativeTarget "SplitoUITests" */;
			buildPhases = (
				BEE564C54684C0A37CAEFFDE /* [CP] Check Pods Manifest.lock */,
				D89684572B722D3700D5F721 /* Sources */,
				D89684582B722D3700D5F721 /* Frameworks */,
				D89684592B722D3700D5F721 /* Resources */,
				F73BF53E04099C2D3501CF98 /* [CP] Embed Pods Frameworks */,
			);
			buildRules = (
			);
			dependencies = (
				D896845D2B722D3700D5F721 /* PBXTargetDependency */,
			);
			name = SplitoUITests;
			productName = SplitoUITests;
			productReference = D896845B2B722D3700D5F721 /* SplitoUITests.xctest */;
			productType = "com.apple.product-type.bundle.ui-testing";
		};
/* End PBXNativeTarget section */

/* Begin PBXProject section */
		D89684392B722D3400D5F721 /* Project object */ = {
			isa = PBXProject;
			attributes = {
				BuildIndependentTargetsInParallel = 1;
				LastSwiftUpdateCheck = 1520;
				LastUpgradeCheck = 1520;
				TargetAttributes = {
					D89684402B722D3400D5F721 = {
						CreatedOnToolsVersion = 15.2;
					};
					D89684502B722D3700D5F721 = {
						CreatedOnToolsVersion = 15.2;
						TestTargetID = D89684402B722D3400D5F721;
					};
					D896845A2B722D3700D5F721 = {
						CreatedOnToolsVersion = 15.2;
						TestTargetID = D89684402B722D3400D5F721;
					};
				};
			};
			buildConfigurationList = D896843C2B722D3400D5F721 /* Build configuration list for PBXProject "Splito" */;
			compatibilityVersion = "Xcode 14.0";
			developmentRegion = en;
			hasScannedForEncodings = 0;
			knownRegions = (
				en,
				Base,
			);
			mainGroup = D89684382B722D3400D5F721;
			productRefGroup = D89684422B722D3400D5F721 /* Products */;
			projectDirPath = "";
			projectRoot = "";
			targets = (
				D89684402B722D3400D5F721 /* Splito */,
				D89684502B722D3700D5F721 /* SplitoTests */,
				D896845A2B722D3700D5F721 /* SplitoUITests */,
			);
		};
/* End PBXProject section */

/* Begin PBXResourcesBuildPhase section */
		D896843F2B722D3400D5F721 /* Resources */ = {
			isa = PBXResourcesBuildPhase;
			buildActionMask = 2147483647;
			files = (
				D896844C2B722D3700D5F721 /* Preview Assets.xcassets in Resources */,
				D89684492B722D3700D5F721 /* Assets.xcassets in Resources */,
				D8D42A972B86FBF8009B345D /* GoogleService-Info.plist in Resources */,
				D889F5B92B7A521F008C6A43 /* SplashView.storyboard in Resources */,
				D863857B2B908AB600A8C6EB /* VERSION in Resources */,
			);
			runOnlyForDeploymentPostprocessing = 0;
		};
		D896844F2B722D3700D5F721 /* Resources */ = {
			isa = PBXResourcesBuildPhase;
			buildActionMask = 2147483647;
			files = (
			);
			runOnlyForDeploymentPostprocessing = 0;
		};
		D89684592B722D3700D5F721 /* Resources */ = {
			isa = PBXResourcesBuildPhase;
			buildActionMask = 2147483647;
			files = (
			);
			runOnlyForDeploymentPostprocessing = 0;
		};
/* End PBXResourcesBuildPhase section */

/* Begin PBXShellScriptBuildPhase section */
		65A26FB61A4A2D4438DA593D /* [CP] Check Pods Manifest.lock */ = {
			isa = PBXShellScriptBuildPhase;
			buildActionMask = 2147483647;
			files = (
			);
			inputFileListPaths = (
			);
			inputPaths = (
				"${PODS_PODFILE_DIR_PATH}/Podfile.lock",
				"${PODS_ROOT}/Manifest.lock",
			);
			name = "[CP] Check Pods Manifest.lock";
			outputFileListPaths = (
			);
			outputPaths = (
				"$(DERIVED_FILE_DIR)/Pods-SplitoTests-checkManifestLockResult.txt",
			);
			runOnlyForDeploymentPostprocessing = 0;
			shellPath = /bin/sh;
			shellScript = "diff \"${PODS_PODFILE_DIR_PATH}/Podfile.lock\" \"${PODS_ROOT}/Manifest.lock\" > /dev/null\nif [ $? != 0 ] ; then\n    # print error to STDERR\n    echo \"error: The sandbox is not in sync with the Podfile.lock. Run 'pod install' or update your CocoaPods installation.\" >&2\n    exit 1\nfi\n# This output is used by Xcode 'outputs' to avoid re-running this script phase.\necho \"SUCCESS\" > \"${SCRIPT_OUTPUT_FILE_0}\"\n";
			showEnvVarsInLog = 0;
		};
		7EA397BB91DF2F3109DE3869 /* [CP] Check Pods Manifest.lock */ = {
			isa = PBXShellScriptBuildPhase;
			buildActionMask = 2147483647;
			files = (
			);
			inputFileListPaths = (
			);
			inputPaths = (
				"${PODS_PODFILE_DIR_PATH}/Podfile.lock",
				"${PODS_ROOT}/Manifest.lock",
			);
			name = "[CP] Check Pods Manifest.lock";
			outputFileListPaths = (
			);
			outputPaths = (
				"$(DERIVED_FILE_DIR)/Pods-Splito-checkManifestLockResult.txt",
			);
			runOnlyForDeploymentPostprocessing = 0;
			shellPath = /bin/sh;
			shellScript = "diff \"${PODS_PODFILE_DIR_PATH}/Podfile.lock\" \"${PODS_ROOT}/Manifest.lock\" > /dev/null\nif [ $? != 0 ] ; then\n    # print error to STDERR\n    echo \"error: The sandbox is not in sync with the Podfile.lock. Run 'pod install' or update your CocoaPods installation.\" >&2\n    exit 1\nfi\n# This output is used by Xcode 'outputs' to avoid re-running this script phase.\necho \"SUCCESS\" > \"${SCRIPT_OUTPUT_FILE_0}\"\n";
			showEnvVarsInLog = 0;
		};
		8C3E193364425E64FA41521B /* [CP] Embed Pods Frameworks */ = {
			isa = PBXShellScriptBuildPhase;
			buildActionMask = 2147483647;
			files = (
			);
			inputFileListPaths = (
				"${PODS_ROOT}/Target Support Files/Pods-Splito/Pods-Splito-frameworks-${CONFIGURATION}-input-files.xcfilelist",
			);
			name = "[CP] Embed Pods Frameworks";
			outputFileListPaths = (
				"${PODS_ROOT}/Target Support Files/Pods-Splito/Pods-Splito-frameworks-${CONFIGURATION}-output-files.xcfilelist",
			);
			runOnlyForDeploymentPostprocessing = 0;
			shellPath = /bin/sh;
			shellScript = "\"${PODS_ROOT}/Target Support Files/Pods-Splito/Pods-Splito-frameworks.sh\"\n";
			showEnvVarsInLog = 0;
		};
		BEE564C54684C0A37CAEFFDE /* [CP] Check Pods Manifest.lock */ = {
			isa = PBXShellScriptBuildPhase;
			buildActionMask = 2147483647;
			files = (
			);
			inputFileListPaths = (
			);
			inputPaths = (
				"${PODS_PODFILE_DIR_PATH}/Podfile.lock",
				"${PODS_ROOT}/Manifest.lock",
			);
			name = "[CP] Check Pods Manifest.lock";
			outputFileListPaths = (
			);
			outputPaths = (
				"$(DERIVED_FILE_DIR)/Pods-Splito-SplitoUITests-checkManifestLockResult.txt",
			);
			runOnlyForDeploymentPostprocessing = 0;
			shellPath = /bin/sh;
			shellScript = "diff \"${PODS_PODFILE_DIR_PATH}/Podfile.lock\" \"${PODS_ROOT}/Manifest.lock\" > /dev/null\nif [ $? != 0 ] ; then\n    # print error to STDERR\n    echo \"error: The sandbox is not in sync with the Podfile.lock. Run 'pod install' or update your CocoaPods installation.\" >&2\n    exit 1\nfi\n# This output is used by Xcode 'outputs' to avoid re-running this script phase.\necho \"SUCCESS\" > \"${SCRIPT_OUTPUT_FILE_0}\"\n";
			showEnvVarsInLog = 0;
		};
		D8DF8B3C2B7A238000165138 /* SwiftLint */ = {
			isa = PBXShellScriptBuildPhase;
			alwaysOutOfDate = 1;
			buildActionMask = 2147483647;
			files = (
			);
			inputFileListPaths = (
			);
			inputPaths = (
			);
			name = SwiftLint;
			outputFileListPaths = (
			);
			outputPaths = (
			);
			runOnlyForDeploymentPostprocessing = 0;
			shellPath = /bin/sh;
			shellScript = "# Type a script or drag a script file from your workspace to insert its path.\n\"${PODS_ROOT}/SwiftLint/swiftlint\" --fix Splito\n\"${PODS_ROOT}/SwiftLint/swiftlint\" Splito\n";
		};
		F73BF53E04099C2D3501CF98 /* [CP] Embed Pods Frameworks */ = {
			isa = PBXShellScriptBuildPhase;
			buildActionMask = 2147483647;
			files = (
			);
			inputFileListPaths = (
				"${PODS_ROOT}/Target Support Files/Pods-Splito-SplitoUITests/Pods-Splito-SplitoUITests-frameworks-${CONFIGURATION}-input-files.xcfilelist",
			);
			name = "[CP] Embed Pods Frameworks";
			outputFileListPaths = (
				"${PODS_ROOT}/Target Support Files/Pods-Splito-SplitoUITests/Pods-Splito-SplitoUITests-frameworks-${CONFIGURATION}-output-files.xcfilelist",
			);
			runOnlyForDeploymentPostprocessing = 0;
			shellPath = /bin/sh;
			shellScript = "\"${PODS_ROOT}/Target Support Files/Pods-Splito-SplitoUITests/Pods-Splito-SplitoUITests-frameworks.sh\"\n";
			showEnvVarsInLog = 0;
		};
/* End PBXShellScriptBuildPhase section */

/* Begin PBXSourcesBuildPhase section */
		D896843D2B722D3400D5F721 /* Sources */ = {
			isa = PBXSourcesBuildPhase;
			buildActionMask = 2147483647;
			files = (
				D89DBE1F2B87327400E5F1BD /* SignInWithAppleDelegate.swift in Sources */,
				D8AC26F22B84B12800CEAAD3 /* MainRouteView.swift in Sources */,
				D89DBE592B8DE91D00E5F1BD /* FriendRouteView.swift in Sources */,
				D89DBE5D2B8DE97B00E5F1BD /* ActivityRouteView.swift in Sources */,
				D8AC26F32B84B12800CEAAD3 /* OnboardView.swift in Sources */,
				D8AC26F12B84B12800CEAAD3 /* HomeView.swift in Sources */,
				D8D6C3A02B79F8110023CF08 /* AppDelegate.swift in Sources */,
				D8AC26F42B84B12800CEAAD3 /* OnboardViewModel.swift in Sources */,
				D89DBE3A2B88A6B400E5F1BD /* VerifyOtpViewModel.swift in Sources */,
				D89DBE5F2B8DE98600E5F1BD /* AccountRouteView.swift in Sources */,
				D89684452B722D3400D5F721 /* SplitoApp.swift in Sources */,
				D8AC26F72B84B12800CEAAD3 /* LoginView.swift in Sources */,
				D89DBE5B2B8DE97000E5F1BD /* GroupRouteView.swift in Sources */,
				D8AC27152B84B73000CEAAD3 /* PageControl.swift in Sources */,
				D89DBE382B88A6A800E5F1BD /* VerifyOtpView.swift in Sources */,
				D89DBE422B8CA72700E5F1BD /* HomeRouteView.swift in Sources */,
				D89DBE252B875C3000E5F1BD /* PhoneLoginViewModel.swift in Sources */,
				D89DBE232B875C2200E5F1BD /* PhoneLoginView.swift in Sources */,
				D8AC26F62B84B12800CEAAD3 /* LoginViewModel.swift in Sources */,
			);
			runOnlyForDeploymentPostprocessing = 0;
		};
		D896844D2B722D3700D5F721 /* Sources */ = {
			isa = PBXSourcesBuildPhase;
			buildActionMask = 2147483647;
			files = (
				D89684562B722D3700D5F721 /* SplitoTests.swift in Sources */,
			);
			runOnlyForDeploymentPostprocessing = 0;
		};
		D89684572B722D3700D5F721 /* Sources */ = {
			isa = PBXSourcesBuildPhase;
			buildActionMask = 2147483647;
			files = (
				D89684602B722D3700D5F721 /* SplitoUITests.swift in Sources */,
				D89684622B722D3700D5F721 /* SplitoUITestsLaunchTests.swift in Sources */,
			);
			runOnlyForDeploymentPostprocessing = 0;
		};
/* End PBXSourcesBuildPhase section */

/* Begin PBXTargetDependency section */
		D89684532B722D3700D5F721 /* PBXTargetDependency */ = {
			isa = PBXTargetDependency;
			target = D89684402B722D3400D5F721 /* Splito */;
			targetProxy = D89684522B722D3700D5F721 /* PBXContainerItemProxy */;
		};
		D896845D2B722D3700D5F721 /* PBXTargetDependency */ = {
			isa = PBXTargetDependency;
			target = D89684402B722D3400D5F721 /* Splito */;
			targetProxy = D896845C2B722D3700D5F721 /* PBXContainerItemProxy */;
		};
/* End PBXTargetDependency section */

/* Begin XCBuildConfiguration section */
		D89684632B722D3700D5F721 /* Debug */ = {
			isa = XCBuildConfiguration;
			buildSettings = {
				ALWAYS_SEARCH_USER_PATHS = NO;
				ASSETCATALOG_COMPILER_GENERATE_SWIFT_ASSET_SYMBOL_EXTENSIONS = YES;
				CLANG_ANALYZER_NONNULL = YES;
				CLANG_ANALYZER_NUMBER_OBJECT_CONVERSION = YES_AGGRESSIVE;
				CLANG_CXX_LANGUAGE_STANDARD = "gnu++20";
				CLANG_ENABLE_MODULES = YES;
				CLANG_ENABLE_OBJC_ARC = YES;
				CLANG_ENABLE_OBJC_WEAK = YES;
				CLANG_WARN_BLOCK_CAPTURE_AUTORELEASING = YES;
				CLANG_WARN_BOOL_CONVERSION = YES;
				CLANG_WARN_COMMA = YES;
				CLANG_WARN_CONSTANT_CONVERSION = YES;
				CLANG_WARN_DEPRECATED_OBJC_IMPLEMENTATIONS = YES;
				CLANG_WARN_DIRECT_OBJC_ISA_USAGE = YES_ERROR;
				CLANG_WARN_DOCUMENTATION_COMMENTS = YES;
				CLANG_WARN_EMPTY_BODY = YES;
				CLANG_WARN_ENUM_CONVERSION = YES;
				CLANG_WARN_INFINITE_RECURSION = YES;
				CLANG_WARN_INT_CONVERSION = YES;
				CLANG_WARN_NON_LITERAL_NULL_CONVERSION = YES;
				CLANG_WARN_OBJC_IMPLICIT_RETAIN_SELF = YES;
				CLANG_WARN_OBJC_LITERAL_CONVERSION = YES;
				CLANG_WARN_OBJC_ROOT_CLASS = YES_ERROR;
				CLANG_WARN_QUOTED_INCLUDE_IN_FRAMEWORK_HEADER = YES;
				CLANG_WARN_RANGE_LOOP_ANALYSIS = YES;
				CLANG_WARN_STRICT_PROTOTYPES = YES;
				CLANG_WARN_SUSPICIOUS_MOVE = YES;
				CLANG_WARN_UNGUARDED_AVAILABILITY = YES_AGGRESSIVE;
				CLANG_WARN_UNREACHABLE_CODE = YES;
				CLANG_WARN__DUPLICATE_METHOD_MATCH = YES;
				COPY_PHASE_STRIP = NO;
				DEBUG_INFORMATION_FORMAT = dwarf;
				ENABLE_STRICT_OBJC_MSGSEND = YES;
				ENABLE_TESTABILITY = YES;
				ENABLE_USER_SCRIPT_SANDBOXING = YES;
				GCC_C_LANGUAGE_STANDARD = gnu17;
				GCC_DYNAMIC_NO_PIC = NO;
				GCC_NO_COMMON_BLOCKS = YES;
				GCC_OPTIMIZATION_LEVEL = 0;
				GCC_PREPROCESSOR_DEFINITIONS = (
					"DEBUG=1",
					"$(inherited)",
				);
				GCC_WARN_64_TO_32_BIT_CONVERSION = YES;
				GCC_WARN_ABOUT_RETURN_TYPE = YES_ERROR;
				GCC_WARN_UNDECLARED_SELECTOR = YES;
				GCC_WARN_UNINITIALIZED_AUTOS = YES_AGGRESSIVE;
				GCC_WARN_UNUSED_FUNCTION = YES;
				GCC_WARN_UNUSED_VARIABLE = YES;
				IPHONEOS_DEPLOYMENT_TARGET = 16.0;
				LOCALIZATION_PREFERS_STRING_CATALOGS = YES;
				MTL_ENABLE_DEBUG_INFO = INCLUDE_SOURCE;
				MTL_FAST_MATH = YES;
				ONLY_ACTIVE_ARCH = YES;
				SDKROOT = iphoneos;
				SWIFT_ACTIVE_COMPILATION_CONDITIONS = "DEBUG $(inherited)";
				SWIFT_OPTIMIZATION_LEVEL = "-Onone";
			};
			name = Debug;
		};
		D89684642B722D3700D5F721 /* Release */ = {
			isa = XCBuildConfiguration;
			buildSettings = {
				ALWAYS_SEARCH_USER_PATHS = NO;
				ASSETCATALOG_COMPILER_GENERATE_SWIFT_ASSET_SYMBOL_EXTENSIONS = YES;
				CLANG_ANALYZER_NONNULL = YES;
				CLANG_ANALYZER_NUMBER_OBJECT_CONVERSION = YES_AGGRESSIVE;
				CLANG_CXX_LANGUAGE_STANDARD = "gnu++20";
				CLANG_ENABLE_MODULES = YES;
				CLANG_ENABLE_OBJC_ARC = YES;
				CLANG_ENABLE_OBJC_WEAK = YES;
				CLANG_WARN_BLOCK_CAPTURE_AUTORELEASING = YES;
				CLANG_WARN_BOOL_CONVERSION = YES;
				CLANG_WARN_COMMA = YES;
				CLANG_WARN_CONSTANT_CONVERSION = YES;
				CLANG_WARN_DEPRECATED_OBJC_IMPLEMENTATIONS = YES;
				CLANG_WARN_DIRECT_OBJC_ISA_USAGE = YES_ERROR;
				CLANG_WARN_DOCUMENTATION_COMMENTS = YES;
				CLANG_WARN_EMPTY_BODY = YES;
				CLANG_WARN_ENUM_CONVERSION = YES;
				CLANG_WARN_INFINITE_RECURSION = YES;
				CLANG_WARN_INT_CONVERSION = YES;
				CLANG_WARN_NON_LITERAL_NULL_CONVERSION = YES;
				CLANG_WARN_OBJC_IMPLICIT_RETAIN_SELF = YES;
				CLANG_WARN_OBJC_LITERAL_CONVERSION = YES;
				CLANG_WARN_OBJC_ROOT_CLASS = YES_ERROR;
				CLANG_WARN_QUOTED_INCLUDE_IN_FRAMEWORK_HEADER = YES;
				CLANG_WARN_RANGE_LOOP_ANALYSIS = YES;
				CLANG_WARN_STRICT_PROTOTYPES = YES;
				CLANG_WARN_SUSPICIOUS_MOVE = YES;
				CLANG_WARN_UNGUARDED_AVAILABILITY = YES_AGGRESSIVE;
				CLANG_WARN_UNREACHABLE_CODE = YES;
				CLANG_WARN__DUPLICATE_METHOD_MATCH = YES;
				COPY_PHASE_STRIP = NO;
				DEBUG_INFORMATION_FORMAT = "dwarf-with-dsym";
				ENABLE_NS_ASSERTIONS = NO;
				ENABLE_STRICT_OBJC_MSGSEND = YES;
				ENABLE_USER_SCRIPT_SANDBOXING = YES;
				GCC_C_LANGUAGE_STANDARD = gnu17;
				GCC_NO_COMMON_BLOCKS = YES;
				GCC_WARN_64_TO_32_BIT_CONVERSION = YES;
				GCC_WARN_ABOUT_RETURN_TYPE = YES_ERROR;
				GCC_WARN_UNDECLARED_SELECTOR = YES;
				GCC_WARN_UNINITIALIZED_AUTOS = YES_AGGRESSIVE;
				GCC_WARN_UNUSED_FUNCTION = YES;
				GCC_WARN_UNUSED_VARIABLE = YES;
				IPHONEOS_DEPLOYMENT_TARGET = 16.0;
				LOCALIZATION_PREFERS_STRING_CATALOGS = YES;
				MTL_ENABLE_DEBUG_INFO = NO;
				MTL_FAST_MATH = YES;
				SDKROOT = iphoneos;
				SWIFT_COMPILATION_MODE = wholemodule;
				VALIDATE_PRODUCT = YES;
			};
			name = Release;
		};
		D89684662B722D3700D5F721 /* Debug */ = {
			isa = XCBuildConfiguration;
			baseConfigurationReference = 5D9976EF7FD476F63099E094 /* Pods-Splito.debug.xcconfig */;
			buildSettings = {
				ASSETCATALOG_COMPILER_APPICON_NAME = AppIcon;
				ASSETCATALOG_COMPILER_GLOBAL_ACCENT_COLOR_NAME = AccentColor;
				CODE_SIGN_ENTITLEMENTS = Splito/Splito.entitlements;
				CODE_SIGN_IDENTITY = "iPhone Developer";
				CODE_SIGN_STYLE = Automatic;
				CURRENT_PROJECT_VERSION = 10000000;
				DEVELOPMENT_ASSET_PATHS = "\"Splito/Preview Content\"";
				DEVELOPMENT_TEAM = S985H2T7J8;
				ENABLE_PREVIEWS = YES;
				ENABLE_USER_SCRIPT_SANDBOXING = NO;
				GENERATE_INFOPLIST_FILE = YES;
				INFOPLIST_FILE = "$(SRCROOT)/Splito/Plist/Info.plist";
				INFOPLIST_KEY_UIApplicationSceneManifest_Generation = YES;
				INFOPLIST_KEY_UIApplicationSupportsIndirectInputEvents = YES;
				INFOPLIST_KEY_UILaunchStoryboardName = SplashView;
				INFOPLIST_KEY_UIStatusBarStyle = "";
				INFOPLIST_KEY_UISupportedInterfaceOrientations = "UIInterfaceOrientationLandscapeLeft UIInterfaceOrientationLandscapeRight UIInterfaceOrientationPortrait";
				INFOPLIST_KEY_UISupportedInterfaceOrientations_iPad = "UIInterfaceOrientationLandscapeLeft UIInterfaceOrientationLandscapeRight UIInterfaceOrientationPortrait UIInterfaceOrientationPortraitUpsideDown";
				IPHONEOS_DEPLOYMENT_TARGET = 16.0;
				LD_RUNPATH_SEARCH_PATHS = (
					"$(inherited)",
					"@executable_path/Frameworks",
				);
				MARKETING_VERSION = 1.0;
				OTHER_LDFLAGS = (
					"$(inherited)",
					"-framework",
					"\"AppAuth\"",
					"-framework",
					"\"CocoaLumberjack\"",
					"-framework",
					"\"CoreGraphics\"",
					"-framework",
					"\"CoreText\"",
					"-framework",
					"\"FBLPromises\"",
					"-framework",
					"\"FirebaseAppCheckInterop\"",
					"-framework",
					"\"FirebaseAuth\"",
					"-framework",
					"\"FirebaseCore\"",
					"-framework",
					"\"FirebaseCoreExtension\"",
					"-framework",
					"\"FirebaseCoreInternal\"",
					"-framework",
					"\"FirebaseFirestore\"",
					"-framework",
					"\"FirebaseFirestoreInternal\"",
					"-framework",
					"\"FirebaseSharedSwift\"",
					"-framework",
					"\"Foundation\"",
					"-framework",
					"\"GTMAppAuth\"",
					"-framework",
					"\"GTMSessionFetcher\"",
					"-framework",
					"\"GoogleSignIn\"",
					"-framework",
					"\"GoogleUtilities\"",
					"-framework",
					"\"LocalAuthentication\"",
					"-framework",
					"\"RecaptchaInterop\"",
					"-framework",
					"\"SSZipArchive\"",
					"-framework",
					"\"SafariServices\"",
					"-framework",
					"\"Security\"",
					"-framework",
					"\"Swinject\"",
					"-framework",
					"\"SystemConfiguration\"",
					"-framework",
					"\"UIKit\"",
					"-framework",
					"\"openssl_grpc\"",
					"-weak_framework",
					"\"AuthenticationServices\"",
					"-Wl",
					"-Wno-deprecated-declarations",
				);
				PRODUCT_BUNDLE_IDENTIFIER = com.canopas.splito;
				PRODUCT_NAME = "$(TARGET_NAME)";
				SWIFT_EMIT_LOC_STRINGS = YES;
				SWIFT_VERSION = 5.0;
				TARGETED_DEVICE_FAMILY = "1,2";
				app_version_code = 1000000;
				app_version_name = 1.0.0;
			};
			name = Debug;
		};
		D89684672B722D3700D5F721 /* Release */ = {
			isa = XCBuildConfiguration;
			baseConfigurationReference = 328FA3BD79A0C02BD95C0D18 /* Pods-Splito.release.xcconfig */;
			buildSettings = {
				ASSETCATALOG_COMPILER_APPICON_NAME = AppIcon;
				ASSETCATALOG_COMPILER_GLOBAL_ACCENT_COLOR_NAME = AccentColor;
				CODE_SIGN_ENTITLEMENTS = Splito/Splito.entitlements;
				CODE_SIGN_IDENTITY = "Apple Development";
				"CODE_SIGN_IDENTITY[sdk=iphoneos*]" = "Apple Distribution: CANOPAS SOFTWARE LLP (S985H2T7J8)";
				CODE_SIGN_STYLE = Manual;
				CURRENT_PROJECT_VERSION = 10000000;
				DEVELOPMENT_ASSET_PATHS = "\"Splito/Preview Content\"";
				DEVELOPMENT_TEAM = "";
				"DEVELOPMENT_TEAM[sdk=iphoneos*]" = S985H2T7J8;
				ENABLE_PREVIEWS = YES;
				ENABLE_USER_SCRIPT_SANDBOXING = NO;
				GENERATE_INFOPLIST_FILE = YES;
				INFOPLIST_FILE = "$(SRCROOT)/Splito/Plist/Info.plist";
				INFOPLIST_KEY_UIApplicationSceneManifest_Generation = YES;
				INFOPLIST_KEY_UIApplicationSupportsIndirectInputEvents = YES;
				INFOPLIST_KEY_UILaunchStoryboardName = SplashView;
				INFOPLIST_KEY_UIStatusBarStyle = "";
				INFOPLIST_KEY_UISupportedInterfaceOrientations = "UIInterfaceOrientationLandscapeLeft UIInterfaceOrientationLandscapeRight UIInterfaceOrientationPortrait";
				INFOPLIST_KEY_UISupportedInterfaceOrientations_iPad = "UIInterfaceOrientationLandscapeLeft UIInterfaceOrientationLandscapeRight UIInterfaceOrientationPortrait UIInterfaceOrientationPortraitUpsideDown";
				IPHONEOS_DEPLOYMENT_TARGET = 16.0;
				LD_RUNPATH_SEARCH_PATHS = (
					"$(inherited)",
					"@executable_path/Frameworks",
				);
				MARKETING_VERSION = 1.0;
				OTHER_LDFLAGS = (
					"$(inherited)",
					"-framework",
					"\"AppAuth\"",
					"-framework",
					"\"CocoaLumberjack\"",
					"-framework",
					"\"CoreGraphics\"",
					"-framework",
					"\"CoreText\"",
					"-framework",
					"\"FBLPromises\"",
					"-framework",
					"\"FirebaseAppCheckInterop\"",
					"-framework",
					"\"FirebaseAuth\"",
					"-framework",
					"\"FirebaseCore\"",
					"-framework",
					"\"FirebaseCoreExtension\"",
					"-framework",
					"\"FirebaseCoreInternal\"",
					"-framework",
					"\"FirebaseFirestore\"",
					"-framework",
					"\"FirebaseFirestoreInternal\"",
					"-framework",
					"\"FirebaseSharedSwift\"",
					"-framework",
					"\"Foundation\"",
					"-framework",
					"\"GTMAppAuth\"",
					"-framework",
					"\"GTMSessionFetcher\"",
					"-framework",
					"\"GoogleSignIn\"",
					"-framework",
					"\"GoogleUtilities\"",
					"-framework",
					"\"LocalAuthentication\"",
					"-framework",
					"\"RecaptchaInterop\"",
					"-framework",
					"\"SSZipArchive\"",
					"-framework",
					"\"SafariServices\"",
					"-framework",
					"\"Security\"",
					"-framework",
					"\"Swinject\"",
					"-framework",
					"\"SystemConfiguration\"",
					"-framework",
					"\"UIKit\"",
					"-framework",
					"\"openssl_grpc\"",
					"-weak_framework",
					"\"AuthenticationServices\"",
					"-Wl",
					"-Wno-deprecated-declarations",
				);
				PRODUCT_BUNDLE_IDENTIFIER = com.canopas.splito;
				PRODUCT_NAME = "$(TARGET_NAME)";
				PROVISIONING_PROFILE_SPECIFIER = "";
				"PROVISIONING_PROFILE_SPECIFIER[sdk=iphoneos*]" = "provision-splito-distribution-2024-03-04";
				SWIFT_EMIT_LOC_STRINGS = YES;
				SWIFT_VERSION = 5.0;
				TARGETED_DEVICE_FAMILY = "1,2";
				app_version_code = 1000000;
				app_version_name = 1.0.0;
			};
			name = Release;
		};
		D89684692B722D3700D5F721 /* Debug */ = {
			isa = XCBuildConfiguration;
			baseConfigurationReference = D00D9C8E9C9D67B1F5171F51 /* Pods-SplitoTests.debug.xcconfig */;
			buildSettings = {
				ALWAYS_EMBED_SWIFT_STANDARD_LIBRARIES = "$(inherited)";
				BUNDLE_LOADER = "$(TEST_HOST)";
				CODE_SIGN_STYLE = Automatic;
				CURRENT_PROJECT_VERSION = 1;
				DEVELOPMENT_TEAM = S985H2T7J8;
				GENERATE_INFOPLIST_FILE = YES;
				IPHONEOS_DEPLOYMENT_TARGET = 17.2;
				MARKETING_VERSION = 1.0;
				PRODUCT_BUNDLE_IDENTIFIER = com.project.SplitoTests;
				PRODUCT_NAME = "$(TARGET_NAME)";
				SWIFT_EMIT_LOC_STRINGS = NO;
				SWIFT_VERSION = 5.0;
				TARGETED_DEVICE_FAMILY = "1,2";
				TEST_HOST = "$(BUILT_PRODUCTS_DIR)/Splito.app/$(BUNDLE_EXECUTABLE_FOLDER_PATH)/Splito";
			};
			name = Debug;
		};
		D896846A2B722D3700D5F721 /* Release */ = {
			isa = XCBuildConfiguration;
			baseConfigurationReference = A43ED5B12ED9A893E69F700A /* Pods-SplitoTests.release.xcconfig */;
			buildSettings = {
				ALWAYS_EMBED_SWIFT_STANDARD_LIBRARIES = "$(inherited)";
				BUNDLE_LOADER = "$(TEST_HOST)";
				CODE_SIGN_STYLE = Automatic;
				CURRENT_PROJECT_VERSION = 1;
				DEVELOPMENT_TEAM = S985H2T7J8;
				GENERATE_INFOPLIST_FILE = YES;
				IPHONEOS_DEPLOYMENT_TARGET = 17.2;
				MARKETING_VERSION = 1.0;
				PRODUCT_BUNDLE_IDENTIFIER = com.project.SplitoTests;
				PRODUCT_NAME = "$(TARGET_NAME)";
				SWIFT_EMIT_LOC_STRINGS = NO;
				SWIFT_VERSION = 5.0;
				TARGETED_DEVICE_FAMILY = "1,2";
				TEST_HOST = "$(BUILT_PRODUCTS_DIR)/Splito.app/$(BUNDLE_EXECUTABLE_FOLDER_PATH)/Splito";
			};
			name = Release;
		};
		D896846C2B722D3700D5F721 /* Debug */ = {
			isa = XCBuildConfiguration;
			baseConfigurationReference = 6AD61D26FB1A0DAD18D11CD4 /* Pods-Splito-SplitoUITests.debug.xcconfig */;
			buildSettings = {
				ALWAYS_EMBED_SWIFT_STANDARD_LIBRARIES = "$(inherited)";
				CODE_SIGN_STYLE = Automatic;
				CURRENT_PROJECT_VERSION = 1;
				DEVELOPMENT_TEAM = S985H2T7J8;
				GENERATE_INFOPLIST_FILE = YES;
				MARKETING_VERSION = 1.0;
				PRODUCT_BUNDLE_IDENTIFIER = com.project.SplitoUITests;
				PRODUCT_NAME = "$(TARGET_NAME)";
				SWIFT_EMIT_LOC_STRINGS = NO;
				SWIFT_VERSION = 5.0;
				TARGETED_DEVICE_FAMILY = "1,2";
				TEST_TARGET_NAME = Splito;
			};
			name = Debug;
		};
		D896846D2B722D3700D5F721 /* Release */ = {
			isa = XCBuildConfiguration;
			baseConfigurationReference = D65AF4437E878FD0ABA95F13 /* Pods-Splito-SplitoUITests.release.xcconfig */;
			buildSettings = {
				ALWAYS_EMBED_SWIFT_STANDARD_LIBRARIES = "$(inherited)";
				CODE_SIGN_STYLE = Automatic;
				CURRENT_PROJECT_VERSION = 1;
				DEVELOPMENT_TEAM = S985H2T7J8;
				GENERATE_INFOPLIST_FILE = YES;
				MARKETING_VERSION = 1.0;
				PRODUCT_BUNDLE_IDENTIFIER = com.project.SplitoUITests;
				PRODUCT_NAME = "$(TARGET_NAME)";
				SWIFT_EMIT_LOC_STRINGS = NO;
				SWIFT_VERSION = 5.0;
				TARGETED_DEVICE_FAMILY = "1,2";
				TEST_TARGET_NAME = Splito;
			};
			name = Release;
		};
/* End XCBuildConfiguration section */

/* Begin XCConfigurationList section */
		D896843C2B722D3400D5F721 /* Build configuration list for PBXProject "Splito" */ = {
			isa = XCConfigurationList;
			buildConfigurations = (
				D89684632B722D3700D5F721 /* Debug */,
				D89684642B722D3700D5F721 /* Release */,
			);
			defaultConfigurationIsVisible = 0;
			defaultConfigurationName = Release;
		};
		D89684652B722D3700D5F721 /* Build configuration list for PBXNativeTarget "Splito" */ = {
			isa = XCConfigurationList;
			buildConfigurations = (
				D89684662B722D3700D5F721 /* Debug */,
				D89684672B722D3700D5F721 /* Release */,
			);
			defaultConfigurationIsVisible = 0;
			defaultConfigurationName = Release;
		};
		D89684682B722D3700D5F721 /* Build configuration list for PBXNativeTarget "SplitoTests" */ = {
			isa = XCConfigurationList;
			buildConfigurations = (
				D89684692B722D3700D5F721 /* Debug */,
				D896846A2B722D3700D5F721 /* Release */,
			);
			defaultConfigurationIsVisible = 0;
			defaultConfigurationName = Release;
		};
		D896846B2B722D3700D5F721 /* Build configuration list for PBXNativeTarget "SplitoUITests" */ = {
			isa = XCConfigurationList;
			buildConfigurations = (
				D896846C2B722D3700D5F721 /* Debug */,
				D896846D2B722D3700D5F721 /* Release */,
			);
			defaultConfigurationIsVisible = 0;
			defaultConfigurationName = Release;
		};
/* End XCConfigurationList section */
	};
	rootObject = D89684392B722D3400D5F721 /* Project object */;
}
