// !$*UTF8*$!
{
	archiveVersion = 1;
	classes = {
	};
	objectVersion = 56;
	objects = {

/* Begin PBXBuildFile section */
		0BF8F99614F85846D78DE106 /* Pods_Splito_SplitoUITests.framework in Frameworks */ = {isa = PBXBuildFile; fileRef = C2B9BBF3F71277A6AA5329CB /* Pods_Splito_SplitoUITests.framework */; };
		213BA0602C0F465000116130 /* GroupSettleUpRouteView.swift in Sources */ = {isa = PBXBuildFile; fileRef = 213BA05F2C0F465000116130 /* GroupSettleUpRouteView.swift */; };
		213BA0662C11B70F00116130 /* HomeRouteViewModel.swift in Sources */ = {isa = PBXBuildFile; fileRef = 213BA0652C11B70F00116130 /* HomeRouteViewModel.swift */; };
		214CF8492C2977E10044C188 /* CalculateExpensesFunctions.swift in Sources */ = {isa = PBXBuildFile; fileRef = 214CF8482C2977E10044C188 /* CalculateExpensesFunctions.swift */; };
		21559CA62CBD20FB0039F127 /* ActivityLogView.swift in Sources */ = {isa = PBXBuildFile; fileRef = 21559CA52CBD20FB0039F127 /* ActivityLogView.swift */; };
		21559CA92CBD211F0039F127 /* ActivityLogViewModel.swift in Sources */ = {isa = PBXBuildFile; fileRef = 21559CA82CBD211F0039F127 /* ActivityLogViewModel.swift */; };
		21559CAC2CBD25B30039F127 /* ActivityLogRouteView.swift in Sources */ = {isa = PBXBuildFile; fileRef = 21559CAB2CBD25B30039F127 /* ActivityLogRouteView.swift */; };
		2156A8B02C24069800CFAB64 /* GroupTransactionsRouteView.swift in Sources */ = {isa = PBXBuildFile; fileRef = 2156A8AF2C24069800CFAB64 /* GroupTransactionsRouteView.swift */; };
		217620482C50DD6300FED0D4 /* GroupListWithDetailView.swift in Sources */ = {isa = PBXBuildFile; fileRef = 217620472C50DD6300FED0D4 /* GroupListWithDetailView.swift */; };
		2177692B2C203160009B3B37 /* GroupTransactionDetailView.swift in Sources */ = {isa = PBXBuildFile; fileRef = 2177692A2C203160009B3B37 /* GroupTransactionDetailView.swift */; };
		2177692D2C20316B009B3B37 /* GroupTransactionDetailViewModel.swift in Sources */ = {isa = PBXBuildFile; fileRef = 2177692C2C20316B009B3B37 /* GroupTransactionDetailViewModel.swift */; };
		219F43D52CC672DF00729C67 /* GroupHomeViewModelExtension.swift in Sources */ = {isa = PBXBuildFile; fileRef = 219F43D42CC672DF00729C67 /* GroupHomeViewModelExtension.swift */; };
		21AE9DC12CBEAEFD005E6AF8 /* ActivityLogsFunctions.swift in Sources */ = {isa = PBXBuildFile; fileRef = 21AE9DC02CBEAEFD005E6AF8 /* ActivityLogsFunctions.swift */; };
		21B1C09A2C1C59F10098B4FD /* GroupTransactionListView.swift in Sources */ = {isa = PBXBuildFile; fileRef = 21B1C0992C1C59F10098B4FD /* GroupTransactionListView.swift */; };
		21B1C09C2C1C5A050098B4FD /* GroupTransactionListViewModel.swift in Sources */ = {isa = PBXBuildFile; fileRef = 21B1C09B2C1C5A040098B4FD /* GroupTransactionListViewModel.swift */; };
		21B1C09E2C1C5AA30098B4FD /* GroupExpenseListView.swift in Sources */ = {isa = PBXBuildFile; fileRef = 21B1C09D2C1C5AA30098B4FD /* GroupExpenseListView.swift */; };
		21BA6D4A2C3BB63B0020ED04 /* ChooseMultiplePayerView.swift in Sources */ = {isa = PBXBuildFile; fileRef = 21BA6D492C3BB63B0020ED04 /* ChooseMultiplePayerView.swift */; };
		21BA6D4D2C3BB6AD0020ED04 /* ChooseMultiplePayerViewModel.swift in Sources */ = {isa = PBXBuildFile; fileRef = 21BA6D4C2C3BB6AD0020ED04 /* ChooseMultiplePayerViewModel.swift */; };
		21BA6D4F2C3BBB1B0020ED04 /* ChoosePayerRouteView.swift in Sources */ = {isa = PBXBuildFile; fileRef = 21BA6D4E2C3BBB1B0020ED04 /* ChoosePayerRouteView.swift */; };
		21F27BDE2C36768D00196D62 /* ExpenseSplitOptionsTabView.swift in Sources */ = {isa = PBXBuildFile; fileRef = 21F27BDD2C36768D00196D62 /* ExpenseSplitOptionsTabView.swift */; };
		741540F86E36400CE27B1FAD /* Pods_SplitoTests.framework in Frameworks */ = {isa = PBXBuildFile; fileRef = 701193A10871F36C3EDB356C /* Pods_SplitoTests.framework */; };
		D826C0E22BDBD65600AAA449 /* GroupBalancesView.swift in Sources */ = {isa = PBXBuildFile; fileRef = D826C0E12BDBD65600AAA449 /* GroupBalancesView.swift */; };
		D826C0E42BDBD66300AAA449 /* GroupBalancesViewModel.swift in Sources */ = {isa = PBXBuildFile; fileRef = D826C0E32BDBD66300AAA449 /* GroupBalancesViewModel.swift */; };
		D8302DA02B9F282F005ACA13 /* InviteMemberView.swift in Sources */ = {isa = PBXBuildFile; fileRef = D8302D9F2B9F282F005ACA13 /* InviteMemberView.swift */; };
		D8302DA22B9F284D005ACA13 /* InviteMemberViewModel.swift in Sources */ = {isa = PBXBuildFile; fileRef = D8302DA12B9F284D005ACA13 /* InviteMemberViewModel.swift */; };
		D83344582C0DD06F00CD9F05 /* GroupSettleUpView.swift in Sources */ = {isa = PBXBuildFile; fileRef = D83344572C0DD06F00CD9F05 /* GroupSettleUpView.swift */; };
		D833445A2C0DD08400CD9F05 /* GroupSettleUpViewModel.swift in Sources */ = {isa = PBXBuildFile; fileRef = D83344592C0DD08400CD9F05 /* GroupSettleUpViewModel.swift */; };
		D83344612C0EF1F100CD9F05 /* GroupTotalsView.swift in Sources */ = {isa = PBXBuildFile; fileRef = D83344602C0EF1F100CD9F05 /* GroupTotalsView.swift */; };
		D83344632C0EF1FA00CD9F05 /* GroupTotalsViewModel.swift in Sources */ = {isa = PBXBuildFile; fileRef = D83344622C0EF1FA00CD9F05 /* GroupTotalsViewModel.swift */; };
		D83344652C0F2CEB00CD9F05 /* GroupWhoIsPayingView.swift in Sources */ = {isa = PBXBuildFile; fileRef = D83344642C0F2CEB00CD9F05 /* GroupWhoIsPayingView.swift */; };
		D83344672C0F2D0000CD9F05 /* GroupWhoIsPayingViewModel.swift in Sources */ = {isa = PBXBuildFile; fileRef = D83344662C0F2D0000CD9F05 /* GroupWhoIsPayingViewModel.swift */; };
		D833446C2C0F2D4200CD9F05 /* GroupWhoGettingPaidView.swift in Sources */ = {isa = PBXBuildFile; fileRef = D833446B2C0F2D4200CD9F05 /* GroupWhoGettingPaidView.swift */; };
		D833446E2C0F2D4C00CD9F05 /* GroupWhoGettingPaidViewModel.swift in Sources */ = {isa = PBXBuildFile; fileRef = D833446D2C0F2D4C00CD9F05 /* GroupWhoGettingPaidViewModel.swift */; };
		D83344712C0F2D7D00CD9F05 /* GroupPaymentViewModel.swift in Sources */ = {isa = PBXBuildFile; fileRef = D83344702C0F2D7D00CD9F05 /* GroupPaymentViewModel.swift */; };
		D83344732C0F2D9500CD9F05 /* GroupPaymentView.swift in Sources */ = {isa = PBXBuildFile; fileRef = D83344722C0F2D9500CD9F05 /* GroupPaymentView.swift */; };
		D856C7322BCFD21C0008A341 /* ExpenseDetailsView.swift in Sources */ = {isa = PBXBuildFile; fileRef = D856C7312BCFD21C0008A341 /* ExpenseDetailsView.swift */; };
		D856C7342BCFD2260008A341 /* ExpenseDetailsViewModel.swift in Sources */ = {isa = PBXBuildFile; fileRef = D856C7332BCFD2260008A341 /* ExpenseDetailsViewModel.swift */; };
		D85E86E02BAB06A3002EDF76 /* AddExpenseView.swift in Sources */ = {isa = PBXBuildFile; fileRef = D85E86DF2BAB06A3002EDF76 /* AddExpenseView.swift */; };
		D85E86E32BAB06D9002EDF76 /* AddExpenseViewModel.swift in Sources */ = {isa = PBXBuildFile; fileRef = D85E86E22BAB06D9002EDF76 /* AddExpenseViewModel.swift */; };
		D85E86E72BB2E189002EDF76 /* ExpenseRouteView.swift in Sources */ = {isa = PBXBuildFile; fileRef = D85E86E62BB2E189002EDF76 /* ExpenseRouteView.swift */; };
		D85E86E92BB3FD49002EDF76 /* ChoosePayerView.swift in Sources */ = {isa = PBXBuildFile; fileRef = D85E86E82BB3FD49002EDF76 /* ChoosePayerView.swift */; };
		D85E86EB2BB3FD59002EDF76 /* ChoosePayerViewModel.swift in Sources */ = {isa = PBXBuildFile; fileRef = D85E86EA2BB3FD59002EDF76 /* ChoosePayerViewModel.swift */; };
		D85E86ED2BB41B87002EDF76 /* SelectGroupView.swift in Sources */ = {isa = PBXBuildFile; fileRef = D85E86EC2BB41B87002EDF76 /* SelectGroupView.swift */; };
		D85E86EF2BB41B9F002EDF76 /* SelectGroupViewModel.swift in Sources */ = {isa = PBXBuildFile; fileRef = D85E86EE2BB41B9F002EDF76 /* SelectGroupViewModel.swift */; };
		D8619A832CA28417006618D6 /* GoogleService-Info.plist in Resources */ = {isa = PBXBuildFile; fileRef = D8619A822CA28417006618D6 /* GoogleService-Info.plist */; };
		D863857B2B908AB600A8C6EB /* VERSION in Resources */ = {isa = PBXBuildFile; fileRef = D863857A2B908AB600A8C6EB /* VERSION */; };
		D8682DF92BED0C1C00BB7273 /* Localizable.xcstrings in Resources */ = {isa = PBXBuildFile; fileRef = D8682DF82BED0C1C00BB7273 /* Localizable.xcstrings */; };
		D86BB33F2C05ED9D00463E6C /* MainRouteViewModel.swift in Sources */ = {isa = PBXBuildFile; fileRef = D86BB33E2C05ED9D00463E6C /* MainRouteViewModel.swift */; };
		D88721452B9B2C78009DC5BE /* GroupListView.swift in Sources */ = {isa = PBXBuildFile; fileRef = D88721442B9B2C78009DC5BE /* GroupListView.swift */; };
		D88721472B9B2C97009DC5BE /* GroupListViewModel.swift in Sources */ = {isa = PBXBuildFile; fileRef = D88721462B9B2C97009DC5BE /* GroupListViewModel.swift */; };
		D889F5B92B7A521F008C6A43 /* SplashView.storyboard in Resources */ = {isa = PBXBuildFile; fileRef = D889F5B82B7A521F008C6A43 /* SplashView.storyboard */; };
		D89684452B722D3400D5F721 /* SplitoApp.swift in Sources */ = {isa = PBXBuildFile; fileRef = D89684442B722D3400D5F721 /* SplitoApp.swift */; };
		D89684492B722D3700D5F721 /* Assets.xcassets in Resources */ = {isa = PBXBuildFile; fileRef = D89684482B722D3700D5F721 /* Assets.xcassets */; };
		D896844C2B722D3700D5F721 /* Preview Assets.xcassets in Resources */ = {isa = PBXBuildFile; fileRef = D896844B2B722D3700D5F721 /* Preview Assets.xcassets */; };
		D89684562B722D3700D5F721 /* SplitoTests.swift in Sources */ = {isa = PBXBuildFile; fileRef = D89684552B722D3700D5F721 /* SplitoTests.swift */; };
		D89684602B722D3700D5F721 /* SplitoUITests.swift in Sources */ = {isa = PBXBuildFile; fileRef = D896845F2B722D3700D5F721 /* SplitoUITests.swift */; };
		D89684622B722D3700D5F721 /* SplitoUITestsLaunchTests.swift in Sources */ = {isa = PBXBuildFile; fileRef = D89684612B722D3700D5F721 /* SplitoUITestsLaunchTests.swift */; };
		D89C933B2BC0204100FACD16 /* AccountHomeView.swift in Sources */ = {isa = PBXBuildFile; fileRef = D89C933A2BC0204100FACD16 /* AccountHomeView.swift */; };
		D89C933D2BC020B200FACD16 /* AccountHomeViewModel.swift in Sources */ = {isa = PBXBuildFile; fileRef = D89C933C2BC020B200FACD16 /* AccountHomeViewModel.swift */; };
		D89DBE1F2B87327400E5F1BD /* SignInWithAppleDelegate.swift in Sources */ = {isa = PBXBuildFile; fileRef = D89DBE1E2B87327400E5F1BD /* SignInWithAppleDelegate.swift */; };
		D89DBE232B875C2200E5F1BD /* PhoneLoginView.swift in Sources */ = {isa = PBXBuildFile; fileRef = D89DBE222B875C2200E5F1BD /* PhoneLoginView.swift */; };
		D89DBE252B875C3000E5F1BD /* PhoneLoginViewModel.swift in Sources */ = {isa = PBXBuildFile; fileRef = D89DBE242B875C3000E5F1BD /* PhoneLoginViewModel.swift */; };
		D89DBE382B88A6A800E5F1BD /* VerifyOtpView.swift in Sources */ = {isa = PBXBuildFile; fileRef = D89DBE372B88A6A800E5F1BD /* VerifyOtpView.swift */; };
		D89DBE3A2B88A6B400E5F1BD /* VerifyOtpViewModel.swift in Sources */ = {isa = PBXBuildFile; fileRef = D89DBE392B88A6B400E5F1BD /* VerifyOtpViewModel.swift */; };
		D89DBE422B8CA72700E5F1BD /* HomeRouteView.swift in Sources */ = {isa = PBXBuildFile; fileRef = D89DBE412B8CA72700E5F1BD /* HomeRouteView.swift */; };
		D89DBE5B2B8DE97000E5F1BD /* GroupRouteView.swift in Sources */ = {isa = PBXBuildFile; fileRef = D89DBE5A2B8DE97000E5F1BD /* GroupRouteView.swift */; };
		D89DBE5F2B8DE98600E5F1BD /* AccountRouteView.swift in Sources */ = {isa = PBXBuildFile; fileRef = D89DBE5E2B8DE98600E5F1BD /* AccountRouteView.swift */; };
		D8A7CA6E2BA483F60014EC67 /* GroupHomeView.swift in Sources */ = {isa = PBXBuildFile; fileRef = D8A7CA6D2BA483F60014EC67 /* GroupHomeView.swift */; };
		D8A7CA702BA484370014EC67 /* GroupSettingView.swift in Sources */ = {isa = PBXBuildFile; fileRef = D8A7CA6F2BA484370014EC67 /* GroupSettingView.swift */; };
		D8A7CA722BA486250014EC67 /* GroupSettingViewModel.swift in Sources */ = {isa = PBXBuildFile; fileRef = D8A7CA712BA486250014EC67 /* GroupSettingViewModel.swift */; };
		D8AC26F22B84B12800CEAAD3 /* MainRouteView.swift in Sources */ = {isa = PBXBuildFile; fileRef = D8AC26E52B84B12800CEAAD3 /* MainRouteView.swift */; };
		D8AC26F32B84B12800CEAAD3 /* OnboardView.swift in Sources */ = {isa = PBXBuildFile; fileRef = D8AC26E72B84B12800CEAAD3 /* OnboardView.swift */; };
		D8AC26F42B84B12800CEAAD3 /* OnboardViewModel.swift in Sources */ = {isa = PBXBuildFile; fileRef = D8AC26E82B84B12800CEAAD3 /* OnboardViewModel.swift */; };
		D8AC26F62B84B12800CEAAD3 /* LoginViewModel.swift in Sources */ = {isa = PBXBuildFile; fileRef = D8AC26EC2B84B12800CEAAD3 /* LoginViewModel.swift */; };
		D8AC26F72B84B12800CEAAD3 /* LoginView.swift in Sources */ = {isa = PBXBuildFile; fileRef = D8AC26ED2B84B12800CEAAD3 /* LoginView.swift */; };
		D8AC27152B84B73000CEAAD3 /* PageControl.swift in Sources */ = {isa = PBXBuildFile; fileRef = D8AC27142B84B72F00CEAAD3 /* PageControl.swift */; };
		D8B4A8A22C9AF3A500E734AE /* GroupSummary.png in Resources */ = {isa = PBXBuildFile; fileRef = D8B4A89D2C9AF3A500E734AE /* GroupSummary.png */; };
		D8B4A8A32C9AF3A500E734AE /* InviteMember.png in Resources */ = {isa = PBXBuildFile; fileRef = D8B4A89E2C9AF3A500E734AE /* InviteMember.png */; };
		D8B4A8A42C9AF3A500E734AE /* GroupPayment.png in Resources */ = {isa = PBXBuildFile; fileRef = D8B4A89C2C9AF3A500E734AE /* GroupPayment.png */; };
		D8B4A8A52C9AF3A500E734AE /* cta.png in Resources */ = {isa = PBXBuildFile; fileRef = D8B4A8982C9AF3A500E734AE /* cta.png */; };
		D8B4A8A62C9AF3A500E734AE /* AddExpense.png in Resources */ = {isa = PBXBuildFile; fileRef = D8B4A8952C9AF3A500E734AE /* AddExpense.png */; };
		D8B4A8A72C9AF3A500E734AE /* ExpenseList.png in Resources */ = {isa = PBXBuildFile; fileRef = D8B4A8992C9AF3A500E734AE /* ExpenseList.png */; };
		D8B4A8A82C9AF3A500E734AE /* banner.png in Resources */ = {isa = PBXBuildFile; fileRef = D8B4A8972C9AF3A500E734AE /* banner.png */; };
		D8B4A8A92C9AF3A500E734AE /* AppStore.png in Resources */ = {isa = PBXBuildFile; fileRef = D8B4A8962C9AF3A500E734AE /* AppStore.png */; };
		D8B4A8AA2C9AF3A500E734AE /* GroupList.png in Resources */ = {isa = PBXBuildFile; fileRef = D8B4A89B2C9AF3A500E734AE /* GroupList.png */; };
		D8B4A8AB2C9AF3A500E734AE /* GroupBalance.png in Resources */ = {isa = PBXBuildFile; fileRef = D8B4A89A2C9AF3A500E734AE /* GroupBalance.png */; };
		D8B4A8AC2C9AF3A500E734AE /* SplitOptions.png in Resources */ = {isa = PBXBuildFile; fileRef = D8B4A8A02C9AF3A500E734AE /* SplitOptions.png */; };
		D8B4A8AD2C9AF3A500E734AE /* Transactions.png in Resources */ = {isa = PBXBuildFile; fileRef = D8B4A8A12C9AF3A500E734AE /* Transactions.png */; };
		D8B4A8AE2C9AF3A500E734AE /* SplitoCover.png in Resources */ = {isa = PBXBuildFile; fileRef = D8B4A89F2C9AF3A500E734AE /* SplitoCover.png */; };
		D8CD952C2BD65F1900407B47 /* ExpenseSplitOptionsView.swift in Sources */ = {isa = PBXBuildFile; fileRef = D8CD952B2BD65F1900407B47 /* ExpenseSplitOptionsView.swift */; };
		D8CD952E2BD65F4500407B47 /* ExpenseSplitOptionsViewModel.swift in Sources */ = {isa = PBXBuildFile; fileRef = D8CD952D2BD65F4500407B47 /* ExpenseSplitOptionsViewModel.swift */; };
		D8D14A562BA189EC00F45FF2 /* JoinMemberView.swift in Sources */ = {isa = PBXBuildFile; fileRef = D8D14A552BA189EC00F45FF2 /* JoinMemberView.swift */; };
		D8D14A582BA189F800F45FF2 /* JoinMemberViewModel.swift in Sources */ = {isa = PBXBuildFile; fileRef = D8D14A572BA189F800F45FF2 /* JoinMemberViewModel.swift */; };
		D8D14A602BA2DCDB00F45FF2 /* UserProfileView.swift in Sources */ = {isa = PBXBuildFile; fileRef = D8D14A5F2BA2DCDB00F45FF2 /* UserProfileView.swift */; };
		D8D14A622BA2DCE700F45FF2 /* UserProfileViewModel.swift in Sources */ = {isa = PBXBuildFile; fileRef = D8D14A612BA2DCE700F45FF2 /* UserProfileViewModel.swift */; };
		D8D14A652BA2DD7300F45FF2 /* UserProfileImageView.swift in Sources */ = {isa = PBXBuildFile; fileRef = D8D14A642BA2DD7300F45FF2 /* UserProfileImageView.swift */; };
		D8D14A672BA2E25100F45FF2 /* UserProfileList.swift in Sources */ = {isa = PBXBuildFile; fileRef = D8D14A662BA2E25100F45FF2 /* UserProfileList.swift */; };
		D8D14A692BA3133500F45FF2 /* OnboardRouteView.swift in Sources */ = {isa = PBXBuildFile; fileRef = D8D14A682BA3133500F45FF2 /* OnboardRouteView.swift */; };
		D8D6C3A02B79F8110023CF08 /* AppDelegate.swift in Sources */ = {isa = PBXBuildFile; fileRef = D8D6C39F2B79F8110023CF08 /* AppDelegate.swift */; };
		D8DB68DE2B98AF7600329D51 /* BaseStyle.framework in Frameworks */ = {isa = PBXBuildFile; fileRef = D8AC27E12B84C06500CEAAD3 /* BaseStyle.framework */; };
		D8DB68DF2B98AF7600329D51 /* BaseStyle.framework in Embed Frameworks */ = {isa = PBXBuildFile; fileRef = D8AC27E12B84C06500CEAAD3 /* BaseStyle.framework */; settings = {ATTRIBUTES = (CodeSignOnCopy, RemoveHeadersOnCopy, ); }; };
		D8DB68E12B98AF7800329D51 /* Data.framework in Frameworks */ = {isa = PBXBuildFile; fileRef = D8015C042B7A47CF0002886A /* Data.framework */; };
		D8DB68E22B98AF7800329D51 /* Data.framework in Embed Frameworks */ = {isa = PBXBuildFile; fileRef = D8015C042B7A47CF0002886A /* Data.framework */; settings = {ATTRIBUTES = (CodeSignOnCopy, RemoveHeadersOnCopy, ); }; };
		D8E244B72B972BE700C6C82A /* BaseViewModel.swift in Sources */ = {isa = PBXBuildFile; fileRef = D8E244B62B972BE700C6C82A /* BaseViewModel.swift */; };
		D8E244BB2B9843A100C6C82A /* CreateGroupView.swift in Sources */ = {isa = PBXBuildFile; fileRef = D8E244BA2B9843A100C6C82A /* CreateGroupView.swift */; };
		D8E244BD2B98444900C6C82A /* CreateGroupViewModel.swift in Sources */ = {isa = PBXBuildFile; fileRef = D8E244BC2B98444900C6C82A /* CreateGroupViewModel.swift */; };
		D8E244BF2B98592C00C6C82A /* GroupHomeViewModel.swift in Sources */ = {isa = PBXBuildFile; fileRef = D8E244BE2B98592C00C6C82A /* GroupHomeViewModel.swift */; };
		D8EB0ED52CAD884A00AC6A44 /* AppRoute.swift in Sources */ = {isa = PBXBuildFile; fileRef = D8EB0ED32CAD884A00AC6A44 /* AppRoute.swift */; };
		D8EB0ED62CAD884A00AC6A44 /* RouterView.swift in Sources */ = {isa = PBXBuildFile; fileRef = D8EB0ED22CAD884A00AC6A44 /* RouterView.swift */; };
		E2D6A34174334B81314FAF12 /* Pods_Splito.framework in Frameworks */ = {isa = PBXBuildFile; fileRef = 43FFDB1561C565EE6E3DC86A /* Pods_Splito.framework */; };
/* End PBXBuildFile section */

/* Begin PBXContainerItemProxy section */
		D89684522B722D3700D5F721 /* PBXContainerItemProxy */ = {
			isa = PBXContainerItemProxy;
			containerPortal = D89684392B722D3400D5F721 /* Project object */;
			proxyType = 1;
			remoteGlobalIDString = D89684402B722D3400D5F721;
			remoteInfo = Splito;
		};
		D896845C2B722D3700D5F721 /* PBXContainerItemProxy */ = {
			isa = PBXContainerItemProxy;
			containerPortal = D89684392B722D3400D5F721 /* Project object */;
			proxyType = 1;
			remoteGlobalIDString = D89684402B722D3400D5F721;
			remoteInfo = Splito;
		};
/* End PBXContainerItemProxy section */

/* Begin PBXCopyFilesBuildPhase section */
		D8DB68E02B98AF7600329D51 /* Embed Frameworks */ = {
			isa = PBXCopyFilesBuildPhase;
			buildActionMask = 2147483647;
			dstPath = "";
			dstSubfolderSpec = 10;
			files = (
				D8DB68E22B98AF7800329D51 /* Data.framework in Embed Frameworks */,
				D8DB68DF2B98AF7600329D51 /* BaseStyle.framework in Embed Frameworks */,
			);
			name = "Embed Frameworks";
			runOnlyForDeploymentPostprocessing = 0;
		};
/* End PBXCopyFilesBuildPhase section */

/* Begin PBXFileReference section */
		038CCD15E82A4E16A4AD213C /* Pods-Splito-SplitoUITests.release.xcconfig */ = {isa = PBXFileReference; includeInIndex = 1; lastKnownFileType = text.xcconfig; name = "Pods-Splito-SplitoUITests.release.xcconfig"; path = "Target Support Files/Pods-Splito-SplitoUITests/Pods-Splito-SplitoUITests.release.xcconfig"; sourceTree = "<group>"; };
		213BA05F2C0F465000116130 /* GroupSettleUpRouteView.swift */ = {isa = PBXFileReference; lastKnownFileType = sourcecode.swift; path = GroupSettleUpRouteView.swift; sourceTree = "<group>"; };
		213BA0652C11B70F00116130 /* HomeRouteViewModel.swift */ = {isa = PBXFileReference; lastKnownFileType = sourcecode.swift; path = HomeRouteViewModel.swift; sourceTree = "<group>"; };
		214CF8482C2977E10044C188 /* CalculateExpensesFunctions.swift */ = {isa = PBXFileReference; lastKnownFileType = sourcecode.swift; path = CalculateExpensesFunctions.swift; sourceTree = "<group>"; };
		21559CA52CBD20FB0039F127 /* ActivityLogView.swift */ = {isa = PBXFileReference; lastKnownFileType = sourcecode.swift; path = ActivityLogView.swift; sourceTree = "<group>"; };
		21559CA82CBD211F0039F127 /* ActivityLogViewModel.swift */ = {isa = PBXFileReference; lastKnownFileType = sourcecode.swift; path = ActivityLogViewModel.swift; sourceTree = "<group>"; };
		21559CAB2CBD25B30039F127 /* ActivityLogRouteView.swift */ = {isa = PBXFileReference; lastKnownFileType = sourcecode.swift; path = ActivityLogRouteView.swift; sourceTree = "<group>"; };
		2156A8AF2C24069800CFAB64 /* GroupTransactionsRouteView.swift */ = {isa = PBXFileReference; lastKnownFileType = sourcecode.swift; path = GroupTransactionsRouteView.swift; sourceTree = "<group>"; };
		217620472C50DD6300FED0D4 /* GroupListWithDetailView.swift */ = {isa = PBXFileReference; lastKnownFileType = sourcecode.swift; path = GroupListWithDetailView.swift; sourceTree = "<group>"; };
		2177692A2C203160009B3B37 /* GroupTransactionDetailView.swift */ = {isa = PBXFileReference; lastKnownFileType = sourcecode.swift; path = GroupTransactionDetailView.swift; sourceTree = "<group>"; };
		2177692C2C20316B009B3B37 /* GroupTransactionDetailViewModel.swift */ = {isa = PBXFileReference; lastKnownFileType = sourcecode.swift; path = GroupTransactionDetailViewModel.swift; sourceTree = "<group>"; };
		217BEC0F2C00AB9E000CBBB4 /* Secrets.xcconfig */ = {isa = PBXFileReference; fileEncoding = 4; lastKnownFileType = text.xcconfig; path = Secrets.xcconfig; sourceTree = "<group>"; };
		219F43D42CC672DF00729C67 /* GroupHomeViewModelExtension.swift */ = {isa = PBXFileReference; lastKnownFileType = sourcecode.swift; path = GroupHomeViewModelExtension.swift; sourceTree = "<group>"; };
		21AE9DC02CBEAEFD005E6AF8 /* ActivityLogsFunctions.swift */ = {isa = PBXFileReference; lastKnownFileType = sourcecode.swift; path = ActivityLogsFunctions.swift; sourceTree = "<group>"; };
		21B1C0992C1C59F10098B4FD /* GroupTransactionListView.swift */ = {isa = PBXFileReference; lastKnownFileType = sourcecode.swift; path = GroupTransactionListView.swift; sourceTree = "<group>"; };
		21B1C09B2C1C5A040098B4FD /* GroupTransactionListViewModel.swift */ = {isa = PBXFileReference; lastKnownFileType = sourcecode.swift; path = GroupTransactionListViewModel.swift; sourceTree = "<group>"; };
		21B1C09D2C1C5AA30098B4FD /* GroupExpenseListView.swift */ = {isa = PBXFileReference; lastKnownFileType = sourcecode.swift; path = GroupExpenseListView.swift; sourceTree = "<group>"; };
		21BA6D492C3BB63B0020ED04 /* ChooseMultiplePayerView.swift */ = {isa = PBXFileReference; lastKnownFileType = sourcecode.swift; path = ChooseMultiplePayerView.swift; sourceTree = "<group>"; };
		21BA6D4C2C3BB6AD0020ED04 /* ChooseMultiplePayerViewModel.swift */ = {isa = PBXFileReference; lastKnownFileType = sourcecode.swift; path = ChooseMultiplePayerViewModel.swift; sourceTree = "<group>"; };
		21BA6D4E2C3BBB1B0020ED04 /* ChoosePayerRouteView.swift */ = {isa = PBXFileReference; lastKnownFileType = sourcecode.swift; path = ChoosePayerRouteView.swift; sourceTree = "<group>"; };
		21F27BDD2C36768D00196D62 /* ExpenseSplitOptionsTabView.swift */ = {isa = PBXFileReference; lastKnownFileType = sourcecode.swift; path = ExpenseSplitOptionsTabView.swift; sourceTree = "<group>"; };
		43FFDB1561C565EE6E3DC86A /* Pods_Splito.framework */ = {isa = PBXFileReference; explicitFileType = wrapper.framework; includeInIndex = 0; path = Pods_Splito.framework; sourceTree = BUILT_PRODUCTS_DIR; };
		44312D517F674E980CBAE838 /* Pods-Splito.debug.xcconfig */ = {isa = PBXFileReference; includeInIndex = 1; lastKnownFileType = text.xcconfig; name = "Pods-Splito.debug.xcconfig"; path = "Target Support Files/Pods-Splito/Pods-Splito.debug.xcconfig"; sourceTree = "<group>"; };
		701193A10871F36C3EDB356C /* Pods_SplitoTests.framework */ = {isa = PBXFileReference; explicitFileType = wrapper.framework; includeInIndex = 0; path = Pods_SplitoTests.framework; sourceTree = BUILT_PRODUCTS_DIR; };
		9CA8C624122350086DDBE466 /* Pods-Splito.release.xcconfig */ = {isa = PBXFileReference; includeInIndex = 1; lastKnownFileType = text.xcconfig; name = "Pods-Splito.release.xcconfig"; path = "Target Support Files/Pods-Splito/Pods-Splito.release.xcconfig"; sourceTree = "<group>"; };
		C2B9BBF3F71277A6AA5329CB /* Pods_Splito_SplitoUITests.framework */ = {isa = PBXFileReference; explicitFileType = wrapper.framework; includeInIndex = 0; path = Pods_Splito_SplitoUITests.framework; sourceTree = BUILT_PRODUCTS_DIR; };
		C90B8B47C865162E6A9D4D79 /* Pods-SplitoTests.debug.xcconfig */ = {isa = PBXFileReference; includeInIndex = 1; lastKnownFileType = text.xcconfig; name = "Pods-SplitoTests.debug.xcconfig"; path = "Target Support Files/Pods-SplitoTests/Pods-SplitoTests.debug.xcconfig"; sourceTree = "<group>"; };
		D8015C042B7A47CF0002886A /* Data.framework */ = {isa = PBXFileReference; explicitFileType = wrapper.framework; path = Data.framework; sourceTree = BUILT_PRODUCTS_DIR; };
		D8015C082B7A47D80002886A /* UI.framework */ = {isa = PBXFileReference; explicitFileType = wrapper.framework; path = UI.framework; sourceTree = BUILT_PRODUCTS_DIR; };
		D815DFD62BEA26C200C0F862 /* Secrets.xcconfig */ = {isa = PBXFileReference; fileEncoding = 4; lastKnownFileType = text.xcconfig; path = Secrets.xcconfig; sourceTree = "<group>"; };
		D826C0E12BDBD65600AAA449 /* GroupBalancesView.swift */ = {isa = PBXFileReference; lastKnownFileType = sourcecode.swift; path = GroupBalancesView.swift; sourceTree = "<group>"; };
		D826C0E32BDBD66300AAA449 /* GroupBalancesViewModel.swift */ = {isa = PBXFileReference; lastKnownFileType = sourcecode.swift; path = GroupBalancesViewModel.swift; sourceTree = "<group>"; };
		D8302D9F2B9F282F005ACA13 /* InviteMemberView.swift */ = {isa = PBXFileReference; lastKnownFileType = sourcecode.swift; path = InviteMemberView.swift; sourceTree = "<group>"; };
		D8302DA12B9F284D005ACA13 /* InviteMemberViewModel.swift */ = {isa = PBXFileReference; lastKnownFileType = sourcecode.swift; path = InviteMemberViewModel.swift; sourceTree = "<group>"; };
		D83344572C0DD06F00CD9F05 /* GroupSettleUpView.swift */ = {isa = PBXFileReference; lastKnownFileType = sourcecode.swift; path = GroupSettleUpView.swift; sourceTree = "<group>"; };
		D83344592C0DD08400CD9F05 /* GroupSettleUpViewModel.swift */ = {isa = PBXFileReference; lastKnownFileType = sourcecode.swift; path = GroupSettleUpViewModel.swift; sourceTree = "<group>"; };
		D83344602C0EF1F100CD9F05 /* GroupTotalsView.swift */ = {isa = PBXFileReference; lastKnownFileType = sourcecode.swift; path = GroupTotalsView.swift; sourceTree = "<group>"; };
		D83344622C0EF1FA00CD9F05 /* GroupTotalsViewModel.swift */ = {isa = PBXFileReference; lastKnownFileType = sourcecode.swift; path = GroupTotalsViewModel.swift; sourceTree = "<group>"; };
		D83344642C0F2CEB00CD9F05 /* GroupWhoIsPayingView.swift */ = {isa = PBXFileReference; lastKnownFileType = sourcecode.swift; path = GroupWhoIsPayingView.swift; sourceTree = "<group>"; };
		D83344662C0F2D0000CD9F05 /* GroupWhoIsPayingViewModel.swift */ = {isa = PBXFileReference; lastKnownFileType = sourcecode.swift; path = GroupWhoIsPayingViewModel.swift; sourceTree = "<group>"; };
		D833446B2C0F2D4200CD9F05 /* GroupWhoGettingPaidView.swift */ = {isa = PBXFileReference; lastKnownFileType = sourcecode.swift; path = GroupWhoGettingPaidView.swift; sourceTree = "<group>"; };
		D833446D2C0F2D4C00CD9F05 /* GroupWhoGettingPaidViewModel.swift */ = {isa = PBXFileReference; lastKnownFileType = sourcecode.swift; path = GroupWhoGettingPaidViewModel.swift; sourceTree = "<group>"; };
		D83344702C0F2D7D00CD9F05 /* GroupPaymentViewModel.swift */ = {isa = PBXFileReference; lastKnownFileType = sourcecode.swift; path = GroupPaymentViewModel.swift; sourceTree = "<group>"; };
		D83344722C0F2D9500CD9F05 /* GroupPaymentView.swift */ = {isa = PBXFileReference; lastKnownFileType = sourcecode.swift; path = GroupPaymentView.swift; sourceTree = "<group>"; };
		D856C7312BCFD21C0008A341 /* ExpenseDetailsView.swift */ = {isa = PBXFileReference; lastKnownFileType = sourcecode.swift; path = ExpenseDetailsView.swift; sourceTree = "<group>"; };
		D856C7332BCFD2260008A341 /* ExpenseDetailsViewModel.swift */ = {isa = PBXFileReference; lastKnownFileType = sourcecode.swift; path = ExpenseDetailsViewModel.swift; sourceTree = "<group>"; };
		D85E86DF2BAB06A3002EDF76 /* AddExpenseView.swift */ = {isa = PBXFileReference; lastKnownFileType = sourcecode.swift; path = AddExpenseView.swift; sourceTree = "<group>"; };
		D85E86E22BAB06D9002EDF76 /* AddExpenseViewModel.swift */ = {isa = PBXFileReference; lastKnownFileType = sourcecode.swift; path = AddExpenseViewModel.swift; sourceTree = "<group>"; };
		D85E86E62BB2E189002EDF76 /* ExpenseRouteView.swift */ = {isa = PBXFileReference; lastKnownFileType = sourcecode.swift; path = ExpenseRouteView.swift; sourceTree = "<group>"; };
		D85E86E82BB3FD49002EDF76 /* ChoosePayerView.swift */ = {isa = PBXFileReference; lastKnownFileType = sourcecode.swift; path = ChoosePayerView.swift; sourceTree = "<group>"; };
		D85E86EA2BB3FD59002EDF76 /* ChoosePayerViewModel.swift */ = {isa = PBXFileReference; lastKnownFileType = sourcecode.swift; path = ChoosePayerViewModel.swift; sourceTree = "<group>"; };
		D85E86EC2BB41B87002EDF76 /* SelectGroupView.swift */ = {isa = PBXFileReference; lastKnownFileType = sourcecode.swift; path = SelectGroupView.swift; sourceTree = "<group>"; };
		D85E86EE2BB41B9F002EDF76 /* SelectGroupViewModel.swift */ = {isa = PBXFileReference; lastKnownFileType = sourcecode.swift; path = SelectGroupViewModel.swift; sourceTree = "<group>"; };
		D8619A7D2CA1B03D006618D6 /* GoogleService-Info.plist */ = {isa = PBXFileReference; lastKnownFileType = text.plist.xml; path = "GoogleService-Info.plist"; sourceTree = "<group>"; };
		D8619A822CA28417006618D6 /* GoogleService-Info.plist */ = {isa = PBXFileReference; lastKnownFileType = text.plist.xml; path = "GoogleService-Info.plist"; sourceTree = "<group>"; };
		D863857A2B908AB600A8C6EB /* VERSION */ = {isa = PBXFileReference; fileEncoding = 4; lastKnownFileType = text; path = VERSION; sourceTree = "<group>"; };
		D863857E2B909A5A00A8C6EB /* Info.plist */ = {isa = PBXFileReference; lastKnownFileType = text.plist.xml; path = Info.plist; sourceTree = "<group>"; };
		D8682DF82BED0C1C00BB7273 /* Localizable.xcstrings */ = {isa = PBXFileReference; lastKnownFileType = text.json.xcstrings; path = Localizable.xcstrings; sourceTree = "<group>"; };
		D86BB33E2C05ED9D00463E6C /* MainRouteViewModel.swift */ = {isa = PBXFileReference; lastKnownFileType = sourcecode.swift; path = MainRouteViewModel.swift; sourceTree = "<group>"; };
		D88721442B9B2C78009DC5BE /* GroupListView.swift */ = {isa = PBXFileReference; lastKnownFileType = sourcecode.swift; path = GroupListView.swift; sourceTree = "<group>"; };
		D88721462B9B2C97009DC5BE /* GroupListViewModel.swift */ = {isa = PBXFileReference; lastKnownFileType = sourcecode.swift; path = GroupListViewModel.swift; sourceTree = "<group>"; };
		D889F5B82B7A521F008C6A43 /* SplashView.storyboard */ = {isa = PBXFileReference; fileEncoding = 4; lastKnownFileType = file.storyboard; path = SplashView.storyboard; sourceTree = "<group>"; };
		D89684412B722D3400D5F721 /* Splito.app */ = {isa = PBXFileReference; explicitFileType = wrapper.application; includeInIndex = 0; path = Splito.app; sourceTree = BUILT_PRODUCTS_DIR; };
		D89684442B722D3400D5F721 /* SplitoApp.swift */ = {isa = PBXFileReference; lastKnownFileType = sourcecode.swift; path = SplitoApp.swift; sourceTree = "<group>"; };
		D89684482B722D3700D5F721 /* Assets.xcassets */ = {isa = PBXFileReference; lastKnownFileType = folder.assetcatalog; path = Assets.xcassets; sourceTree = "<group>"; };
		D896844B2B722D3700D5F721 /* Preview Assets.xcassets */ = {isa = PBXFileReference; lastKnownFileType = folder.assetcatalog; path = "Preview Assets.xcassets"; sourceTree = "<group>"; };
		D89684512B722D3700D5F721 /* SplitoTests.xctest */ = {isa = PBXFileReference; explicitFileType = wrapper.cfbundle; includeInIndex = 0; path = SplitoTests.xctest; sourceTree = BUILT_PRODUCTS_DIR; };
		D89684552B722D3700D5F721 /* SplitoTests.swift */ = {isa = PBXFileReference; lastKnownFileType = sourcecode.swift; path = SplitoTests.swift; sourceTree = "<group>"; };
		D896845B2B722D3700D5F721 /* SplitoUITests.xctest */ = {isa = PBXFileReference; explicitFileType = wrapper.cfbundle; includeInIndex = 0; path = SplitoUITests.xctest; sourceTree = BUILT_PRODUCTS_DIR; };
		D896845F2B722D3700D5F721 /* SplitoUITests.swift */ = {isa = PBXFileReference; lastKnownFileType = sourcecode.swift; path = SplitoUITests.swift; sourceTree = "<group>"; };
		D89684612B722D3700D5F721 /* SplitoUITestsLaunchTests.swift */ = {isa = PBXFileReference; lastKnownFileType = sourcecode.swift; path = SplitoUITestsLaunchTests.swift; sourceTree = "<group>"; };
		D89C933A2BC0204100FACD16 /* AccountHomeView.swift */ = {isa = PBXFileReference; lastKnownFileType = sourcecode.swift; path = AccountHomeView.swift; sourceTree = "<group>"; };
		D89C933C2BC020B200FACD16 /* AccountHomeViewModel.swift */ = {isa = PBXFileReference; lastKnownFileType = sourcecode.swift; path = AccountHomeViewModel.swift; sourceTree = "<group>"; };
		D89DBE1E2B87327400E5F1BD /* SignInWithAppleDelegate.swift */ = {isa = PBXFileReference; lastKnownFileType = sourcecode.swift; path = SignInWithAppleDelegate.swift; sourceTree = "<group>"; };
		D89DBE202B87433B00E5F1BD /* Splito.entitlements */ = {isa = PBXFileReference; lastKnownFileType = text.plist.entitlements; path = Splito.entitlements; sourceTree = "<group>"; };
		D89DBE222B875C2200E5F1BD /* PhoneLoginView.swift */ = {isa = PBXFileReference; lastKnownFileType = sourcecode.swift; path = PhoneLoginView.swift; sourceTree = "<group>"; };
		D89DBE242B875C3000E5F1BD /* PhoneLoginViewModel.swift */ = {isa = PBXFileReference; lastKnownFileType = sourcecode.swift; path = PhoneLoginViewModel.swift; sourceTree = "<group>"; };
		D89DBE372B88A6A800E5F1BD /* VerifyOtpView.swift */ = {isa = PBXFileReference; lastKnownFileType = sourcecode.swift; path = VerifyOtpView.swift; sourceTree = "<group>"; };
		D89DBE392B88A6B400E5F1BD /* VerifyOtpViewModel.swift */ = {isa = PBXFileReference; lastKnownFileType = sourcecode.swift; path = VerifyOtpViewModel.swift; sourceTree = "<group>"; };
		D89DBE412B8CA72700E5F1BD /* HomeRouteView.swift */ = {isa = PBXFileReference; lastKnownFileType = sourcecode.swift; path = HomeRouteView.swift; sourceTree = "<group>"; };
		D89DBE5A2B8DE97000E5F1BD /* GroupRouteView.swift */ = {isa = PBXFileReference; lastKnownFileType = sourcecode.swift; path = GroupRouteView.swift; sourceTree = "<group>"; };
		D89DBE5E2B8DE98600E5F1BD /* AccountRouteView.swift */ = {isa = PBXFileReference; lastKnownFileType = sourcecode.swift; path = AccountRouteView.swift; sourceTree = "<group>"; };
		D8A7CA6D2BA483F60014EC67 /* GroupHomeView.swift */ = {isa = PBXFileReference; fileEncoding = 4; lastKnownFileType = sourcecode.swift; path = GroupHomeView.swift; sourceTree = "<group>"; };
		D8A7CA6F2BA484370014EC67 /* GroupSettingView.swift */ = {isa = PBXFileReference; lastKnownFileType = sourcecode.swift; path = GroupSettingView.swift; sourceTree = "<group>"; };
		D8A7CA712BA486250014EC67 /* GroupSettingViewModel.swift */ = {isa = PBXFileReference; lastKnownFileType = sourcecode.swift; path = GroupSettingViewModel.swift; sourceTree = "<group>"; };
		D8AC26DF2B84B07700CEAAD3 /* BaseUI.framework */ = {isa = PBXFileReference; explicitFileType = wrapper.framework; path = BaseUI.framework; sourceTree = BUILT_PRODUCTS_DIR; };
		D8AC26E52B84B12800CEAAD3 /* MainRouteView.swift */ = {isa = PBXFileReference; fileEncoding = 4; lastKnownFileType = sourcecode.swift; path = MainRouteView.swift; sourceTree = "<group>"; };
		D8AC26E72B84B12800CEAAD3 /* OnboardView.swift */ = {isa = PBXFileReference; fileEncoding = 4; lastKnownFileType = sourcecode.swift; path = OnboardView.swift; sourceTree = "<group>"; };
		D8AC26E82B84B12800CEAAD3 /* OnboardViewModel.swift */ = {isa = PBXFileReference; fileEncoding = 4; lastKnownFileType = sourcecode.swift; path = OnboardViewModel.swift; sourceTree = "<group>"; };
		D8AC26EC2B84B12800CEAAD3 /* LoginViewModel.swift */ = {isa = PBXFileReference; fileEncoding = 4; lastKnownFileType = sourcecode.swift; path = LoginViewModel.swift; sourceTree = "<group>"; };
		D8AC26ED2B84B12800CEAAD3 /* LoginView.swift */ = {isa = PBXFileReference; fileEncoding = 4; lastKnownFileType = sourcecode.swift; path = LoginView.swift; sourceTree = "<group>"; };
		D8AC27142B84B72F00CEAAD3 /* PageControl.swift */ = {isa = PBXFileReference; lastKnownFileType = sourcecode.swift; path = PageControl.swift; sourceTree = "<group>"; };
		D8AC27992B84BDB000CEAAD3 /* Style.framework */ = {isa = PBXFileReference; explicitFileType = wrapper.framework; path = Style.framework; sourceTree = BUILT_PRODUCTS_DIR; };
		D8AC27E12B84C06500CEAAD3 /* BaseStyle.framework */ = {isa = PBXFileReference; explicitFileType = wrapper.framework; path = BaseStyle.framework; sourceTree = BUILT_PRODUCTS_DIR; };
		D8B4A8952C9AF3A500E734AE /* AddExpense.png */ = {isa = PBXFileReference; lastKnownFileType = image.png; path = AddExpense.png; sourceTree = "<group>"; };
		D8B4A8962C9AF3A500E734AE /* AppStore.png */ = {isa = PBXFileReference; lastKnownFileType = image.png; path = AppStore.png; sourceTree = "<group>"; };
		D8B4A8972C9AF3A500E734AE /* banner.png */ = {isa = PBXFileReference; lastKnownFileType = image.png; path = banner.png; sourceTree = "<group>"; };
		D8B4A8982C9AF3A500E734AE /* cta.png */ = {isa = PBXFileReference; lastKnownFileType = image.png; path = cta.png; sourceTree = "<group>"; };
		D8B4A8992C9AF3A500E734AE /* ExpenseList.png */ = {isa = PBXFileReference; lastKnownFileType = image.png; path = ExpenseList.png; sourceTree = "<group>"; };
		D8B4A89A2C9AF3A500E734AE /* GroupBalance.png */ = {isa = PBXFileReference; lastKnownFileType = image.png; path = GroupBalance.png; sourceTree = "<group>"; };
		D8B4A89B2C9AF3A500E734AE /* GroupList.png */ = {isa = PBXFileReference; lastKnownFileType = image.png; path = GroupList.png; sourceTree = "<group>"; };
		D8B4A89C2C9AF3A500E734AE /* GroupPayment.png */ = {isa = PBXFileReference; lastKnownFileType = image.png; path = GroupPayment.png; sourceTree = "<group>"; };
		D8B4A89D2C9AF3A500E734AE /* GroupSummary.png */ = {isa = PBXFileReference; lastKnownFileType = image.png; path = GroupSummary.png; sourceTree = "<group>"; };
		D8B4A89E2C9AF3A500E734AE /* InviteMember.png */ = {isa = PBXFileReference; lastKnownFileType = image.png; path = InviteMember.png; sourceTree = "<group>"; };
		D8B4A89F2C9AF3A500E734AE /* SplitoCover.png */ = {isa = PBXFileReference; lastKnownFileType = image.png; path = SplitoCover.png; sourceTree = "<group>"; };
		D8B4A8A02C9AF3A500E734AE /* SplitOptions.png */ = {isa = PBXFileReference; lastKnownFileType = image.png; path = SplitOptions.png; sourceTree = "<group>"; };
		D8B4A8A12C9AF3A500E734AE /* Transactions.png */ = {isa = PBXFileReference; lastKnownFileType = image.png; path = Transactions.png; sourceTree = "<group>"; };
		D8CD952B2BD65F1900407B47 /* ExpenseSplitOptionsView.swift */ = {isa = PBXFileReference; lastKnownFileType = sourcecode.swift; path = ExpenseSplitOptionsView.swift; sourceTree = "<group>"; };
		D8CD952D2BD65F4500407B47 /* ExpenseSplitOptionsViewModel.swift */ = {isa = PBXFileReference; lastKnownFileType = sourcecode.swift; path = ExpenseSplitOptionsViewModel.swift; sourceTree = "<group>"; };
		D8D14A552BA189EC00F45FF2 /* JoinMemberView.swift */ = {isa = PBXFileReference; lastKnownFileType = sourcecode.swift; path = JoinMemberView.swift; sourceTree = "<group>"; };
		D8D14A572BA189F800F45FF2 /* JoinMemberViewModel.swift */ = {isa = PBXFileReference; lastKnownFileType = sourcecode.swift; path = JoinMemberViewModel.swift; sourceTree = "<group>"; };
		D8D14A5F2BA2DCDB00F45FF2 /* UserProfileView.swift */ = {isa = PBXFileReference; lastKnownFileType = sourcecode.swift; path = UserProfileView.swift; sourceTree = "<group>"; };
		D8D14A612BA2DCE700F45FF2 /* UserProfileViewModel.swift */ = {isa = PBXFileReference; lastKnownFileType = sourcecode.swift; path = UserProfileViewModel.swift; sourceTree = "<group>"; };
		D8D14A642BA2DD7300F45FF2 /* UserProfileImageView.swift */ = {isa = PBXFileReference; lastKnownFileType = sourcecode.swift; path = UserProfileImageView.swift; sourceTree = "<group>"; };
		D8D14A662BA2E25100F45FF2 /* UserProfileList.swift */ = {isa = PBXFileReference; lastKnownFileType = sourcecode.swift; path = UserProfileList.swift; sourceTree = "<group>"; };
		D8D14A682BA3133500F45FF2 /* OnboardRouteView.swift */ = {isa = PBXFileReference; lastKnownFileType = sourcecode.swift; path = OnboardRouteView.swift; sourceTree = "<group>"; };
		D8D6C39F2B79F8110023CF08 /* AppDelegate.swift */ = {isa = PBXFileReference; lastKnownFileType = sourcecode.swift; path = AppDelegate.swift; sourceTree = "<group>"; };
		D8E244B62B972BE700C6C82A /* BaseViewModel.swift */ = {isa = PBXFileReference; fileEncoding = 4; lastKnownFileType = sourcecode.swift; path = BaseViewModel.swift; sourceTree = "<group>"; };
		D8E244BA2B9843A100C6C82A /* CreateGroupView.swift */ = {isa = PBXFileReference; lastKnownFileType = sourcecode.swift; path = CreateGroupView.swift; sourceTree = "<group>"; };
		D8E244BC2B98444900C6C82A /* CreateGroupViewModel.swift */ = {isa = PBXFileReference; lastKnownFileType = sourcecode.swift; path = CreateGroupViewModel.swift; sourceTree = "<group>"; };
		D8E244BE2B98592C00C6C82A /* GroupHomeViewModel.swift */ = {isa = PBXFileReference; lastKnownFileType = sourcecode.swift; path = GroupHomeViewModel.swift; sourceTree = "<group>"; };
		D8EB0ED22CAD884A00AC6A44 /* RouterView.swift */ = {isa = PBXFileReference; lastKnownFileType = sourcecode.swift; path = RouterView.swift; sourceTree = "<group>"; };
		D8EB0ED32CAD884A00AC6A44 /* AppRoute.swift */ = {isa = PBXFileReference; lastKnownFileType = sourcecode.swift; path = AppRoute.swift; sourceTree = "<group>"; };
		DFDBE222145831CBD9B686FF /* Pods-SplitoTests.release.xcconfig */ = {isa = PBXFileReference; includeInIndex = 1; lastKnownFileType = text.xcconfig; name = "Pods-SplitoTests.release.xcconfig"; path = "Target Support Files/Pods-SplitoTests/Pods-SplitoTests.release.xcconfig"; sourceTree = "<group>"; };
		F76BDF4C42A2EF9A9F45B069 /* Pods-Splito-SplitoUITests.debug.xcconfig */ = {isa = PBXFileReference; includeInIndex = 1; lastKnownFileType = text.xcconfig; name = "Pods-Splito-SplitoUITests.debug.xcconfig"; path = "Target Support Files/Pods-Splito-SplitoUITests/Pods-Splito-SplitoUITests.debug.xcconfig"; sourceTree = "<group>"; };
/* End PBXFileReference section */

/* Begin PBXFrameworksBuildPhase section */
		D896843E2B722D3400D5F721 /* Frameworks */ = {
			isa = PBXFrameworksBuildPhase;
			buildActionMask = 2147483647;
			files = (
				D8DB68E12B98AF7800329D51 /* Data.framework in Frameworks */,
				D8DB68DE2B98AF7600329D51 /* BaseStyle.framework in Frameworks */,
				E2D6A34174334B81314FAF12 /* Pods_Splito.framework in Frameworks */,
			);
			runOnlyForDeploymentPostprocessing = 0;
		};
		D896844E2B722D3700D5F721 /* Frameworks */ = {
			isa = PBXFrameworksBuildPhase;
			buildActionMask = 2147483647;
			files = (
				741540F86E36400CE27B1FAD /* Pods_SplitoTests.framework in Frameworks */,
			);
			runOnlyForDeploymentPostprocessing = 0;
		};
		D89684582B722D3700D5F721 /* Frameworks */ = {
			isa = PBXFrameworksBuildPhase;
			buildActionMask = 2147483647;
			files = (
				0BF8F99614F85846D78DE106 /* Pods_Splito_SplitoUITests.framework in Frameworks */,
			);
			runOnlyForDeploymentPostprocessing = 0;
		};
/* End PBXFrameworksBuildPhase section */

/* Begin PBXGroup section */
		21559CAA2CBD21850039F127 /* ActivityLog */ = {
			isa = PBXGroup;
			children = (
				21559CAB2CBD25B30039F127 /* ActivityLogRouteView.swift */,
				21559CA52CBD20FB0039F127 /* ActivityLogView.swift */,
				21559CA82CBD211F0039F127 /* ActivityLogViewModel.swift */,
				21AE9DC02CBEAEFD005E6AF8 /* ActivityLogsFunctions.swift */,
			);
			path = ActivityLog;
			sourceTree = "<group>";
		};
		2156A8AE2C24064400CFAB64 /* Transactions */ = {
			isa = PBXGroup;
			children = (
				2156A8AF2C24069800CFAB64 /* GroupTransactionsRouteView.swift */,
				21B1C0992C1C59F10098B4FD /* GroupTransactionListView.swift */,
				21B1C09B2C1C5A040098B4FD /* GroupTransactionListViewModel.swift */,
				2177692E2C206678009B3B37 /* Transaction Detail */,
			);
			path = Transactions;
			sourceTree = "<group>";
		};
		2177692E2C206678009B3B37 /* Transaction Detail */ = {
			isa = PBXGroup;
			children = (
				2177692A2C203160009B3B37 /* GroupTransactionDetailView.swift */,
				2177692C2C20316B009B3B37 /* GroupTransactionDetailViewModel.swift */,
			);
			path = "Transaction Detail";
			sourceTree = "<group>";
		};
		21BA6D4B2C3BB64B0020ED04 /* Payer */ = {
			isa = PBXGroup;
			children = (
				21BA6D4E2C3BBB1B0020ED04 /* ChoosePayerRouteView.swift */,
				D85E86E82BB3FD49002EDF76 /* ChoosePayerView.swift */,
				D85E86EA2BB3FD59002EDF76 /* ChoosePayerViewModel.swift */,
				21BA6D492C3BB63B0020ED04 /* ChooseMultiplePayerView.swift */,
				21BA6D4C2C3BB6AD0020ED04 /* ChooseMultiplePayerViewModel.swift */,
			);
			path = Payer;
			sourceTree = "<group>";
		};
		7530D0A01F0D8D2C363B2A6E /* Frameworks */ = {
			isa = PBXGroup;
			children = (
				D8AC27E12B84C06500CEAAD3 /* BaseStyle.framework */,
				D8AC27992B84BDB000CEAAD3 /* Style.framework */,
				D8AC26DF2B84B07700CEAAD3 /* BaseUI.framework */,
				D8015C082B7A47D80002886A /* UI.framework */,
				D8015C042B7A47CF0002886A /* Data.framework */,
				43FFDB1561C565EE6E3DC86A /* Pods_Splito.framework */,
				C2B9BBF3F71277A6AA5329CB /* Pods_Splito_SplitoUITests.framework */,
				701193A10871F36C3EDB356C /* Pods_SplitoTests.framework */,
			);
			name = Frameworks;
			sourceTree = "<group>";
		};
		BAA91BB875B265C15A963001 /* Pods */ = {
			isa = PBXGroup;
			children = (
				44312D517F674E980CBAE838 /* Pods-Splito.debug.xcconfig */,
				9CA8C624122350086DDBE466 /* Pods-Splito.release.xcconfig */,
				F76BDF4C42A2EF9A9F45B069 /* Pods-Splito-SplitoUITests.debug.xcconfig */,
				038CCD15E82A4E16A4AD213C /* Pods-Splito-SplitoUITests.release.xcconfig */,
				C90B8B47C865162E6A9D4D79 /* Pods-SplitoTests.debug.xcconfig */,
				DFDBE222145831CBD9B686FF /* Pods-SplitoTests.release.xcconfig */,
			);
			path = Pods;
			sourceTree = "<group>";
		};
		D815DFDB2BED09E300C0F862 /* Localization */ = {
			isa = PBXGroup;
			children = (
				D8682DF82BED0C1C00BB7273 /* Localizable.xcstrings */,
			);
			path = Localization;
			sourceTree = "<group>";
		};
		D826C0E02BDBD63A00AAA449 /* Group Options */ = {
			isa = PBXGroup;
			children = (
				D83344562C0DD03B00CD9F05 /* Settle up */,
				2156A8AE2C24064400CFAB64 /* Transactions */,
				D83344552C0DD02F00CD9F05 /* Balances */,
				D833445F2C0EF1D300CD9F05 /* Totals */,
			);
			path = "Group Options";
			sourceTree = "<group>";
		};
		D8302D9D2B9F2770005ACA13 /* Create Group */ = {
			isa = PBXGroup;
			children = (
				D8E244BA2B9843A100C6C82A /* CreateGroupView.swift */,
				D8E244BC2B98444900C6C82A /* CreateGroupViewModel.swift */,
			);
			path = "Create Group";
			sourceTree = "<group>";
		};
		D8302D9E2B9F2810005ACA13 /* Add Member */ = {
			isa = PBXGroup;
			children = (
				D8302D9F2B9F282F005ACA13 /* InviteMemberView.swift */,
				D8302DA12B9F284D005ACA13 /* InviteMemberViewModel.swift */,
				D8D14A552BA189EC00F45FF2 /* JoinMemberView.swift */,
				D8D14A572BA189F800F45FF2 /* JoinMemberViewModel.swift */,
			);
			path = "Add Member";
			sourceTree = "<group>";
		};
		D83344552C0DD02F00CD9F05 /* Balances */ = {
			isa = PBXGroup;
			children = (
				D826C0E12BDBD65600AAA449 /* GroupBalancesView.swift */,
				D826C0E32BDBD66300AAA449 /* GroupBalancesViewModel.swift */,
			);
			path = Balances;
			sourceTree = "<group>";
		};
		D83344562C0DD03B00CD9F05 /* Settle up */ = {
			isa = PBXGroup;
			children = (
				213BA05F2C0F465000116130 /* GroupSettleUpRouteView.swift */,
				D83344572C0DD06F00CD9F05 /* GroupSettleUpView.swift */,
				D83344592C0DD08400CD9F05 /* GroupSettleUpViewModel.swift */,
				D833446F2C0F2D6C00CD9F05 /* Payment */,
				D83344692C0F2D0D00CD9F05 /* Who Is paying */,
				D833446A2C0F2D1E00CD9F05 /* Who Getting Paid */,
			);
			path = "Settle up";
			sourceTree = "<group>";
		};
		D833445F2C0EF1D300CD9F05 /* Totals */ = {
			isa = PBXGroup;
			children = (
				D83344602C0EF1F100CD9F05 /* GroupTotalsView.swift */,
				D83344622C0EF1FA00CD9F05 /* GroupTotalsViewModel.swift */,
			);
			path = Totals;
			sourceTree = "<group>";
		};
		D83344692C0F2D0D00CD9F05 /* Who Is paying */ = {
			isa = PBXGroup;
			children = (
				D83344642C0F2CEB00CD9F05 /* GroupWhoIsPayingView.swift */,
				D83344662C0F2D0000CD9F05 /* GroupWhoIsPayingViewModel.swift */,
			);
			path = "Who Is paying";
			sourceTree = "<group>";
		};
		D833446A2C0F2D1E00CD9F05 /* Who Getting Paid */ = {
			isa = PBXGroup;
			children = (
				D833446B2C0F2D4200CD9F05 /* GroupWhoGettingPaidView.swift */,
				D833446D2C0F2D4C00CD9F05 /* GroupWhoGettingPaidViewModel.swift */,
			);
			path = "Who Getting Paid";
			sourceTree = "<group>";
		};
		D833446F2C0F2D6C00CD9F05 /* Payment */ = {
			isa = PBXGroup;
			children = (
				D83344722C0F2D9500CD9F05 /* GroupPaymentView.swift */,
				D83344702C0F2D7D00CD9F05 /* GroupPaymentViewModel.swift */,
			);
			path = Payment;
			sourceTree = "<group>";
		};
		D856C7302BCFD2080008A341 /* Expense Detail */ = {
			isa = PBXGroup;
			children = (
				D856C7312BCFD21C0008A341 /* ExpenseDetailsView.swift */,
				D856C7332BCFD2260008A341 /* ExpenseDetailsViewModel.swift */,
			);
			path = "Expense Detail";
			sourceTree = "<group>";
		};
		D85E86E12BAB06BC002EDF76 /* Expense */ = {
			isa = PBXGroup;
			children = (
				D85E86E62BB2E189002EDF76 /* ExpenseRouteView.swift */,
				D85E86DF2BAB06A3002EDF76 /* AddExpenseView.swift */,
				D85E86E22BAB06D9002EDF76 /* AddExpenseViewModel.swift */,
				D85E86F02BB41CBA002EDF76 /* Detail Selection */,
				D856C7302BCFD2080008A341 /* Expense Detail */,
				D8CD952A2BD65E6400407B47 /* Expense Split Option */,
			);
			path = Expense;
			sourceTree = "<group>";
		};
		D85E86F02BB41CBA002EDF76 /* Detail Selection */ = {
			isa = PBXGroup;
			children = (
				D85E86EC2BB41B87002EDF76 /* SelectGroupView.swift */,
				D85E86EE2BB41B9F002EDF76 /* SelectGroupViewModel.swift */,
				21BA6D4B2C3BB64B0020ED04 /* Payer */,
			);
			path = "Detail Selection";
			sourceTree = "<group>";
		};
		D8682E212BEE49E000BB7273 /* Screenshots */ = {
			isa = PBXGroup;
			children = (
				D8B4A8952C9AF3A500E734AE /* AddExpense.png */,
				D8B4A8962C9AF3A500E734AE /* AppStore.png */,
				D8B4A8972C9AF3A500E734AE /* banner.png */,
				D8B4A8982C9AF3A500E734AE /* cta.png */,
				D8B4A8992C9AF3A500E734AE /* ExpenseList.png */,
				D8B4A89A2C9AF3A500E734AE /* GroupBalance.png */,
				D8B4A89B2C9AF3A500E734AE /* GroupList.png */,
				D8B4A89C2C9AF3A500E734AE /* GroupPayment.png */,
				D8B4A89D2C9AF3A500E734AE /* GroupSummary.png */,
				D8B4A89E2C9AF3A500E734AE /* InviteMember.png */,
				D8B4A89F2C9AF3A500E734AE /* SplitoCover.png */,
				D8B4A8A02C9AF3A500E734AE /* SplitOptions.png */,
				D8B4A8A12C9AF3A500E734AE /* Transactions.png */,
			);
			path = Screenshots;
			sourceTree = "<group>";
		};
		D89684382B722D3400D5F721 = {
			isa = PBXGroup;
			children = (
				D89684432B722D3400D5F721 /* Splito */,
				D89684542B722D3700D5F721 /* SplitoTests */,
				D896845E2B722D3700D5F721 /* SplitoUITests */,
				D89684422B722D3400D5F721 /* Products */,
				BAA91BB875B265C15A963001 /* Pods */,
				7530D0A01F0D8D2C363B2A6E /* Frameworks */,
				D8682E212BEE49E000BB7273 /* Screenshots */,
			);
			sourceTree = "<group>";
		};
		D89684422B722D3400D5F721 /* Products */ = {
			isa = PBXGroup;
			children = (
				D89684412B722D3400D5F721 /* Splito.app */,
				D89684512B722D3700D5F721 /* SplitoTests.xctest */,
				D896845B2B722D3700D5F721 /* SplitoUITests.xctest */,
			);
			name = Products;
			sourceTree = "<group>";
		};
		D89684432B722D3400D5F721 /* Splito */ = {
			isa = PBXGroup;
			children = (
				D89DBE202B87433B00E5F1BD /* Splito.entitlements */,
				D815DFD62BEA26C200C0F862 /* Secrets.xcconfig */,
				217BEC0F2C00AB9E000CBBB4 /* Secrets.xcconfig */,
				D863857A2B908AB600A8C6EB /* VERSION */,
				D89684442B722D3400D5F721 /* SplitoApp.swift */,
				D8D6C39F2B79F8110023CF08 /* AppDelegate.swift */,
				D8AC25D12B7F43EA00CEAAD3 /* Plist */,
				D815DFDB2BED09E300C0F862 /* Localization */,
				D896846E2B722FD200D5F721 /* Resource */,
				D8AC26E22B84B12800CEAAD3 /* UI */,
				D896844A2B722D3700D5F721 /* Preview Content */,
			);
			path = Splito;
			sourceTree = "<group>";
		};
		D896844A2B722D3700D5F721 /* Preview Content */ = {
			isa = PBXGroup;
			children = (
				D896844B2B722D3700D5F721 /* Preview Assets.xcassets */,
			);
			path = "Preview Content";
			sourceTree = "<group>";
		};
		D89684542B722D3700D5F721 /* SplitoTests */ = {
			isa = PBXGroup;
			children = (
				D89684552B722D3700D5F721 /* SplitoTests.swift */,
			);
			path = SplitoTests;
			sourceTree = "<group>";
		};
		D896845E2B722D3700D5F721 /* SplitoUITests */ = {
			isa = PBXGroup;
			children = (
				D896845F2B722D3700D5F721 /* SplitoUITests.swift */,
				D89684612B722D3700D5F721 /* SplitoUITestsLaunchTests.swift */,
			);
			path = SplitoUITests;
			sourceTree = "<group>";
		};
		D896846E2B722FD200D5F721 /* Resource */ = {
			isa = PBXGroup;
			children = (
				D89684482B722D3700D5F721 /* Assets.xcassets */,
				D889F5B82B7A521F008C6A43 /* SplashView.storyboard */,
			);
			path = Resource;
			sourceTree = "<group>";
		};
		D89DBE212B875C1000E5F1BD /* PhoneLogin */ = {
			isa = PBXGroup;
			children = (
				D89DBE222B875C2200E5F1BD /* PhoneLoginView.swift */,
				D89DBE242B875C3000E5F1BD /* PhoneLoginViewModel.swift */,
				D89DBE362B88A69E00E5F1BD /* VerifyOtp */,
			);
			path = PhoneLogin;
			sourceTree = "<group>";
		};
		D89DBE362B88A69E00E5F1BD /* VerifyOtp */ = {
			isa = PBXGroup;
			children = (
				D89DBE372B88A6A800E5F1BD /* VerifyOtpView.swift */,
				D89DBE392B88A6B400E5F1BD /* VerifyOtpViewModel.swift */,
			);
			path = VerifyOtp;
			sourceTree = "<group>";
		};
		D89DBE552B8DE8C600E5F1BD /* Groups */ = {
			isa = PBXGroup;
			children = (
				D89DBE5A2B8DE97000E5F1BD /* GroupRouteView.swift */,
				D88721442B9B2C78009DC5BE /* GroupListView.swift */,
				D88721462B9B2C97009DC5BE /* GroupListViewModel.swift */,
				217620472C50DD6300FED0D4 /* GroupListWithDetailView.swift */,
				214CF8482C2977E10044C188 /* CalculateExpensesFunctions.swift */,
				D8A7CA6C2BA483BC0014EC67 /* Group */,
				D8302D9D2B9F2770005ACA13 /* Create Group */,
				D8302D9E2B9F2810005ACA13 /* Add Member */,
			);
			path = Groups;
			sourceTree = "<group>";
		};
		D89DBE572B8DE8D400E5F1BD /* Account */ = {
			isa = PBXGroup;
			children = (
				D89DBE5E2B8DE98600E5F1BD /* AccountRouteView.swift */,
				D89C933A2BC0204100FACD16 /* AccountHomeView.swift */,
				D89C933C2BC020B200FACD16 /* AccountHomeViewModel.swift */,
				D8D14A632BA2DD5C00F45FF2 /* User Profile */,
			);
			path = Account;
			sourceTree = "<group>";
		};
		D8A7CA6C2BA483BC0014EC67 /* Group */ = {
			isa = PBXGroup;
			children = (
				D8A7CA6D2BA483F60014EC67 /* GroupHomeView.swift */,
				D8E244BE2B98592C00C6C82A /* GroupHomeViewModel.swift */,
				219F43D42CC672DF00729C67 /* GroupHomeViewModelExtension.swift */,
				21B1C09D2C1C5AA30098B4FD /* GroupExpenseListView.swift */,
				D8A7CA732BA486290014EC67 /* Group Setting */,
				D826C0E02BDBD63A00AAA449 /* Group Options */,
			);
			path = Group;
			sourceTree = "<group>";
		};
		D8A7CA732BA486290014EC67 /* Group Setting */ = {
			isa = PBXGroup;
			children = (
				D8A7CA6F2BA484370014EC67 /* GroupSettingView.swift */,
				D8A7CA712BA486250014EC67 /* GroupSettingViewModel.swift */,
			);
			path = "Group Setting";
			sourceTree = "<group>";
		};
		D8AC25D12B7F43EA00CEAAD3 /* Plist */ = {
			isa = PBXGroup;
			children = (
				D863857E2B909A5A00A8C6EB /* Info.plist */,
				D8619A822CA28417006618D6 /* GoogleService-Info.plist */,
				D8619A7D2CA1B03D006618D6 /* GoogleService-Info.plist */,
			);
			path = Plist;
			sourceTree = "<group>";
		};
		D8AC26E22B84B12800CEAAD3 /* UI */ = {
			isa = PBXGroup;
			children = (
				D8EB0ED42CAD884A00AC6A44 /* Router */,
				D8AC26E52B84B12800CEAAD3 /* MainRouteView.swift */,
				D86BB33E2C05ED9D00463E6C /* MainRouteViewModel.swift */,
				D8E244B62B972BE700C6C82A /* BaseViewModel.swift */,
				D8AC26E62B84B12800CEAAD3 /* Onboard */,
				D8AC26EB2B84B12800CEAAD3 /* Login */,
				D8AC26E32B84B12800CEAAD3 /* Home */,
			);
			path = UI;
			sourceTree = "<group>";
		};
		D8AC26E32B84B12800CEAAD3 /* Home */ = {
			isa = PBXGroup;
			children = (
				D89DBE412B8CA72700E5F1BD /* HomeRouteView.swift */,
				213BA0652C11B70F00116130 /* HomeRouteViewModel.swift */,
				D89DBE552B8DE8C600E5F1BD /* Groups */,
				D85E86E12BAB06BC002EDF76 /* Expense */,
				21559CAA2CBD21850039F127 /* ActivityLog */,
				D89DBE572B8DE8D400E5F1BD /* Account */,
			);
			path = Home;
			sourceTree = "<group>";
		};
		D8AC26E62B84B12800CEAAD3 /* Onboard */ = {
			isa = PBXGroup;
			children = (
				D8D14A682BA3133500F45FF2 /* OnboardRouteView.swift */,
				D8AC26E72B84B12800CEAAD3 /* OnboardView.swift */,
				D8AC26E82B84B12800CEAAD3 /* OnboardViewModel.swift */,
				D8AC27142B84B72F00CEAAD3 /* PageControl.swift */,
			);
			path = Onboard;
			sourceTree = "<group>";
		};
		D8AC26EB2B84B12800CEAAD3 /* Login */ = {
			isa = PBXGroup;
			children = (
				D8AC26ED2B84B12800CEAAD3 /* LoginView.swift */,
				D8AC26EC2B84B12800CEAAD3 /* LoginViewModel.swift */,
				D89DBE1E2B87327400E5F1BD /* SignInWithAppleDelegate.swift */,
				D89DBE212B875C1000E5F1BD /* PhoneLogin */,
			);
			path = Login;
			sourceTree = "<group>";
		};
		D8CD952A2BD65E6400407B47 /* Expense Split Option */ = {
			isa = PBXGroup;
			children = (
				D8CD952B2BD65F1900407B47 /* ExpenseSplitOptionsView.swift */,
				D8CD952D2BD65F4500407B47 /* ExpenseSplitOptionsViewModel.swift */,
				21F27BDD2C36768D00196D62 /* ExpenseSplitOptionsTabView.swift */,
			);
			path = "Expense Split Option";
			sourceTree = "<group>";
		};
		D8D14A632BA2DD5C00F45FF2 /* User Profile */ = {
			isa = PBXGroup;
			children = (
				D8D14A662BA2E25100F45FF2 /* UserProfileList.swift */,
				D8D14A5F2BA2DCDB00F45FF2 /* UserProfileView.swift */,
				D8D14A612BA2DCE700F45FF2 /* UserProfileViewModel.swift */,
				D8D14A642BA2DD7300F45FF2 /* UserProfileImageView.swift */,
			);
			path = "User Profile";
			sourceTree = "<group>";
		};
		D8EB0ED42CAD884A00AC6A44 /* Router */ = {
			isa = PBXGroup;
			children = (
				D8EB0ED22CAD884A00AC6A44 /* RouterView.swift */,
				D8EB0ED32CAD884A00AC6A44 /* AppRoute.swift */,
			);
			path = Router;
			sourceTree = "<group>";
		};
/* End PBXGroup section */

/* Begin PBXNativeTarget section */
		D89684402B722D3400D5F721 /* Splito */ = {
			isa = PBXNativeTarget;
			buildConfigurationList = D89684652B722D3700D5F721 /* Build configuration list for PBXNativeTarget "Splito" */;
			buildPhases = (
				F65B5F5B138EAB666A181E79 /* [CP] Check Pods Manifest.lock */,
				D896843D2B722D3400D5F721 /* Sources */,
				D8DF8B3C2B7A238000165138 /* SwiftLint */,
				D896843E2B722D3400D5F721 /* Frameworks */,
				D896843F2B722D3400D5F721 /* Resources */,
				D8DB68E02B98AF7600329D51 /* Embed Frameworks */,
				99F5BEA61360E73ECCB0C8EE /* [CP] Embed Pods Frameworks */,
			);
			buildRules = (
			);
			dependencies = (
			);
			name = Splito;
			productName = Splito;
			productReference = D89684412B722D3400D5F721 /* Splito.app */;
			productType = "com.apple.product-type.application";
		};
		D89684502B722D3700D5F721 /* SplitoTests */ = {
			isa = PBXNativeTarget;
			buildConfigurationList = D89684682B722D3700D5F721 /* Build configuration list for PBXNativeTarget "SplitoTests" */;
			buildPhases = (
				9F107B5BDE8F772ECB136F3F /* [CP] Check Pods Manifest.lock */,
				D896844D2B722D3700D5F721 /* Sources */,
				D896844E2B722D3700D5F721 /* Frameworks */,
				D896844F2B722D3700D5F721 /* Resources */,
			);
			buildRules = (
			);
			dependencies = (
				D89684532B722D3700D5F721 /* PBXTargetDependency */,
			);
			name = SplitoTests;
			productName = SplitoTests;
			productReference = D89684512B722D3700D5F721 /* SplitoTests.xctest */;
			productType = "com.apple.product-type.bundle.unit-test";
		};
		D896845A2B722D3700D5F721 /* SplitoUITests */ = {
			isa = PBXNativeTarget;
			buildConfigurationList = D896846B2B722D3700D5F721 /* Build configuration list for PBXNativeTarget "SplitoUITests" */;
			buildPhases = (
				B5B683E90B28A13641426E01 /* [CP] Check Pods Manifest.lock */,
				D89684572B722D3700D5F721 /* Sources */,
				D89684582B722D3700D5F721 /* Frameworks */,
				D89684592B722D3700D5F721 /* Resources */,
				53BEF4256E0CBB19F0329BB3 /* [CP] Embed Pods Frameworks */,
			);
			buildRules = (
			);
			dependencies = (
				D896845D2B722D3700D5F721 /* PBXTargetDependency */,
			);
			name = SplitoUITests;
			productName = SplitoUITests;
			productReference = D896845B2B722D3700D5F721 /* SplitoUITests.xctest */;
			productType = "com.apple.product-type.bundle.ui-testing";
		};
/* End PBXNativeTarget section */

/* Begin PBXProject section */
		D89684392B722D3400D5F721 /* Project object */ = {
			isa = PBXProject;
			attributes = {
				BuildIndependentTargetsInParallel = 1;
				LastSwiftUpdateCheck = 1520;
				LastUpgradeCheck = 1600;
				TargetAttributes = {
					D89684402B722D3400D5F721 = {
						CreatedOnToolsVersion = 15.2;
					};
					D89684502B722D3700D5F721 = {
						CreatedOnToolsVersion = 15.2;
						TestTargetID = D89684402B722D3400D5F721;
					};
					D896845A2B722D3700D5F721 = {
						CreatedOnToolsVersion = 15.2;
						TestTargetID = D89684402B722D3400D5F721;
					};
				};
			};
			buildConfigurationList = D896843C2B722D3400D5F721 /* Build configuration list for PBXProject "Splito" */;
			compatibilityVersion = "Xcode 14.0";
			developmentRegion = en;
			hasScannedForEncodings = 0;
			knownRegions = (
				en,
				Base,
			);
			mainGroup = D89684382B722D3400D5F721;
			productRefGroup = D89684422B722D3400D5F721 /* Products */;
			projectDirPath = "";
			projectRoot = "";
			targets = (
				D89684402B722D3400D5F721 /* Splito */,
				D89684502B722D3700D5F721 /* SplitoTests */,
				D896845A2B722D3700D5F721 /* SplitoUITests */,
			);
		};
/* End PBXProject section */

/* Begin PBXResourcesBuildPhase section */
		D896843F2B722D3400D5F721 /* Resources */ = {
			isa = PBXResourcesBuildPhase;
			buildActionMask = 2147483647;
			files = (
				D896844C2B722D3700D5F721 /* Preview Assets.xcassets in Resources */,
				D89684492B722D3700D5F721 /* Assets.xcassets in Resources */,
				D889F5B92B7A521F008C6A43 /* SplashView.storyboard in Resources */,
				D8682DF92BED0C1C00BB7273 /* Localizable.xcstrings in Resources */,
				D8B4A8A22C9AF3A500E734AE /* GroupSummary.png in Resources */,
				D8B4A8A32C9AF3A500E734AE /* InviteMember.png in Resources */,
				D8B4A8A42C9AF3A500E734AE /* GroupPayment.png in Resources */,
				D8B4A8A52C9AF3A500E734AE /* cta.png in Resources */,
				D8B4A8A62C9AF3A500E734AE /* AddExpense.png in Resources */,
				D8B4A8A72C9AF3A500E734AE /* ExpenseList.png in Resources */,
				D8B4A8A82C9AF3A500E734AE /* banner.png in Resources */,
				D8B4A8A92C9AF3A500E734AE /* AppStore.png in Resources */,
				D8B4A8AA2C9AF3A500E734AE /* GroupList.png in Resources */,
				D8B4A8AB2C9AF3A500E734AE /* GroupBalance.png in Resources */,
				D8B4A8AC2C9AF3A500E734AE /* SplitOptions.png in Resources */,
				D8B4A8AD2C9AF3A500E734AE /* Transactions.png in Resources */,
				D8619A832CA28417006618D6 /* GoogleService-Info.plist in Resources */,
				D8B4A8AE2C9AF3A500E734AE /* SplitoCover.png in Resources */,
				D863857B2B908AB600A8C6EB /* VERSION in Resources */,
			);
			runOnlyForDeploymentPostprocessing = 0;
		};
		D896844F2B722D3700D5F721 /* Resources */ = {
			isa = PBXResourcesBuildPhase;
			buildActionMask = 2147483647;
			files = (
			);
			runOnlyForDeploymentPostprocessing = 0;
		};
		D89684592B722D3700D5F721 /* Resources */ = {
			isa = PBXResourcesBuildPhase;
			buildActionMask = 2147483647;
			files = (
			);
			runOnlyForDeploymentPostprocessing = 0;
		};
/* End PBXResourcesBuildPhase section */

/* Begin PBXShellScriptBuildPhase section */
		53BEF4256E0CBB19F0329BB3 /* [CP] Embed Pods Frameworks */ = {
			isa = PBXShellScriptBuildPhase;
			buildActionMask = 2147483647;
			files = (
			);
			inputFileListPaths = (
				"${PODS_ROOT}/Target Support Files/Pods-Splito-SplitoUITests/Pods-Splito-SplitoUITests-frameworks-${CONFIGURATION}-input-files.xcfilelist",
			);
			name = "[CP] Embed Pods Frameworks";
			outputFileListPaths = (
				"${PODS_ROOT}/Target Support Files/Pods-Splito-SplitoUITests/Pods-Splito-SplitoUITests-frameworks-${CONFIGURATION}-output-files.xcfilelist",
			);
			runOnlyForDeploymentPostprocessing = 0;
			shellPath = /bin/sh;
			shellScript = "\"${PODS_ROOT}/Target Support Files/Pods-Splito-SplitoUITests/Pods-Splito-SplitoUITests-frameworks.sh\"\n";
			showEnvVarsInLog = 0;
		};
		99F5BEA61360E73ECCB0C8EE /* [CP] Embed Pods Frameworks */ = {
			isa = PBXShellScriptBuildPhase;
			buildActionMask = 2147483647;
			files = (
			);
			inputFileListPaths = (
				"${PODS_ROOT}/Target Support Files/Pods-Splito/Pods-Splito-frameworks-${CONFIGURATION}-input-files.xcfilelist",
			);
			name = "[CP] Embed Pods Frameworks";
			outputFileListPaths = (
				"${PODS_ROOT}/Target Support Files/Pods-Splito/Pods-Splito-frameworks-${CONFIGURATION}-output-files.xcfilelist",
			);
			runOnlyForDeploymentPostprocessing = 0;
			shellPath = /bin/sh;
			shellScript = "\"${PODS_ROOT}/Target Support Files/Pods-Splito/Pods-Splito-frameworks.sh\"\n";
			showEnvVarsInLog = 0;
		};
		9F107B5BDE8F772ECB136F3F /* [CP] Check Pods Manifest.lock */ = {
			isa = PBXShellScriptBuildPhase;
			buildActionMask = 2147483647;
			files = (
			);
			inputFileListPaths = (
			);
			inputPaths = (
				"${PODS_PODFILE_DIR_PATH}/Podfile.lock",
				"${PODS_ROOT}/Manifest.lock",
			);
			name = "[CP] Check Pods Manifest.lock";
			outputFileListPaths = (
			);
			outputPaths = (
				"$(DERIVED_FILE_DIR)/Pods-SplitoTests-checkManifestLockResult.txt",
			);
			runOnlyForDeploymentPostprocessing = 0;
			shellPath = /bin/sh;
			shellScript = "diff \"${PODS_PODFILE_DIR_PATH}/Podfile.lock\" \"${PODS_ROOT}/Manifest.lock\" > /dev/null\nif [ $? != 0 ] ; then\n    # print error to STDERR\n    echo \"error: The sandbox is not in sync with the Podfile.lock. Run 'pod install' or update your CocoaPods installation.\" >&2\n    exit 1\nfi\n# This output is used by Xcode 'outputs' to avoid re-running this script phase.\necho \"SUCCESS\" > \"${SCRIPT_OUTPUT_FILE_0}\"\n";
			showEnvVarsInLog = 0;
		};
		B5B683E90B28A13641426E01 /* [CP] Check Pods Manifest.lock */ = {
			isa = PBXShellScriptBuildPhase;
			buildActionMask = 2147483647;
			files = (
			);
			inputFileListPaths = (
			);
			inputPaths = (
				"${PODS_PODFILE_DIR_PATH}/Podfile.lock",
				"${PODS_ROOT}/Manifest.lock",
			);
			name = "[CP] Check Pods Manifest.lock";
			outputFileListPaths = (
			);
			outputPaths = (
				"$(DERIVED_FILE_DIR)/Pods-Splito-SplitoUITests-checkManifestLockResult.txt",
			);
			runOnlyForDeploymentPostprocessing = 0;
			shellPath = /bin/sh;
			shellScript = "diff \"${PODS_PODFILE_DIR_PATH}/Podfile.lock\" \"${PODS_ROOT}/Manifest.lock\" > /dev/null\nif [ $? != 0 ] ; then\n    # print error to STDERR\n    echo \"error: The sandbox is not in sync with the Podfile.lock. Run 'pod install' or update your CocoaPods installation.\" >&2\n    exit 1\nfi\n# This output is used by Xcode 'outputs' to avoid re-running this script phase.\necho \"SUCCESS\" > \"${SCRIPT_OUTPUT_FILE_0}\"\n";
			showEnvVarsInLog = 0;
		};
		D8DF8B3C2B7A238000165138 /* SwiftLint */ = {
			isa = PBXShellScriptBuildPhase;
			alwaysOutOfDate = 1;
			buildActionMask = 2147483647;
			files = (
			);
			inputFileListPaths = (
			);
			inputPaths = (
			);
			name = SwiftLint;
			outputFileListPaths = (
			);
			outputPaths = (
			);
			runOnlyForDeploymentPostprocessing = 0;
			shellPath = /bin/sh;
			shellScript = "# Type a script or drag a script file from your workspace to insert its path.\n\"${PODS_ROOT}/SwiftLint/swiftlint\" --fix Splito\n\"${PODS_ROOT}/SwiftLint/swiftlint\" Splito\n";
		};
		F65B5F5B138EAB666A181E79 /* [CP] Check Pods Manifest.lock */ = {
			isa = PBXShellScriptBuildPhase;
			buildActionMask = 2147483647;
			files = (
			);
			inputFileListPaths = (
			);
			inputPaths = (
				"${PODS_PODFILE_DIR_PATH}/Podfile.lock",
				"${PODS_ROOT}/Manifest.lock",
			);
			name = "[CP] Check Pods Manifest.lock";
			outputFileListPaths = (
			);
			outputPaths = (
				"$(DERIVED_FILE_DIR)/Pods-Splito-checkManifestLockResult.txt",
			);
			runOnlyForDeploymentPostprocessing = 0;
			shellPath = /bin/sh;
			shellScript = "diff \"${PODS_PODFILE_DIR_PATH}/Podfile.lock\" \"${PODS_ROOT}/Manifest.lock\" > /dev/null\nif [ $? != 0 ] ; then\n    # print error to STDERR\n    echo \"error: The sandbox is not in sync with the Podfile.lock. Run 'pod install' or update your CocoaPods installation.\" >&2\n    exit 1\nfi\n# This output is used by Xcode 'outputs' to avoid re-running this script phase.\necho \"SUCCESS\" > \"${SCRIPT_OUTPUT_FILE_0}\"\n";
			showEnvVarsInLog = 0;
		};
/* End PBXShellScriptBuildPhase section */

/* Begin PBXSourcesBuildPhase section */
		D896843D2B722D3400D5F721 /* Sources */ = {
			isa = PBXSourcesBuildPhase;
			buildActionMask = 2147483647;
			files = (
				D83344672C0F2D0000CD9F05 /* GroupWhoIsPayingViewModel.swift in Sources */,
				D8D14A692BA3133500F45FF2 /* OnboardRouteView.swift in Sources */,
				21BA6D4A2C3BB63B0020ED04 /* ChooseMultiplePayerView.swift in Sources */,
				D89DBE1F2B87327400E5F1BD /* SignInWithAppleDelegate.swift in Sources */,
				D83344712C0F2D7D00CD9F05 /* GroupPaymentViewModel.swift in Sources */,
				21AE9DC12CBEAEFD005E6AF8 /* ActivityLogsFunctions.swift in Sources */,
				21BA6D4D2C3BB6AD0020ED04 /* ChooseMultiplePayerViewModel.swift in Sources */,
				D85E86EF2BB41B9F002EDF76 /* SelectGroupViewModel.swift in Sources */,
				D8E244B72B972BE700C6C82A /* BaseViewModel.swift in Sources */,
				21559CA92CBD211F0039F127 /* ActivityLogViewModel.swift in Sources */,
				D8AC26F22B84B12800CEAAD3 /* MainRouteView.swift in Sources */,
				21559CA62CBD20FB0039F127 /* ActivityLogView.swift in Sources */,
				21BA6D4F2C3BBB1B0020ED04 /* ChoosePayerRouteView.swift in Sources */,
				D85E86E02BAB06A3002EDF76 /* AddExpenseView.swift in Sources */,
				D856C7322BCFD21C0008A341 /* ExpenseDetailsView.swift in Sources */,
				D83344612C0EF1F100CD9F05 /* GroupTotalsView.swift in Sources */,
				D88721472B9B2C97009DC5BE /* GroupListViewModel.swift in Sources */,
				D8D14A622BA2DCE700F45FF2 /* UserProfileViewModel.swift in Sources */,
				2177692B2C203160009B3B37 /* GroupTransactionDetailView.swift in Sources */,
				D8A7CA6E2BA483F60014EC67 /* GroupHomeView.swift in Sources */,
				D85E86ED2BB41B87002EDF76 /* SelectGroupView.swift in Sources */,
				D8302DA22B9F284D005ACA13 /* InviteMemberViewModel.swift in Sources */,
				2177692D2C20316B009B3B37 /* GroupTransactionDetailViewModel.swift in Sources */,
				D83344732C0F2D9500CD9F05 /* GroupPaymentView.swift in Sources */,
				D83344582C0DD06F00CD9F05 /* GroupSettleUpView.swift in Sources */,
				D8E244BF2B98592C00C6C82A /* GroupHomeViewModel.swift in Sources */,
				D833446C2C0F2D4200CD9F05 /* GroupWhoGettingPaidView.swift in Sources */,
				D8D14A562BA189EC00F45FF2 /* JoinMemberView.swift in Sources */,
				D89C933D2BC020B200FACD16 /* AccountHomeViewModel.swift in Sources */,
				D8E244BD2B98444900C6C82A /* CreateGroupViewModel.swift in Sources */,
				D83344632C0EF1FA00CD9F05 /* GroupTotalsViewModel.swift in Sources */,
				D8AC26F32B84B12800CEAAD3 /* OnboardView.swift in Sources */,
				D8D6C3A02B79F8110023CF08 /* AppDelegate.swift in Sources */,
				D8AC26F42B84B12800CEAAD3 /* OnboardViewModel.swift in Sources */,
				D826C0E42BDBD66300AAA449 /* GroupBalancesViewModel.swift in Sources */,
				D89DBE3A2B88A6B400E5F1BD /* VerifyOtpViewModel.swift in Sources */,
				D89DBE5F2B8DE98600E5F1BD /* AccountRouteView.swift in Sources */,
				D8CD952C2BD65F1900407B47 /* ExpenseSplitOptionsView.swift in Sources */,
				21559CAC2CBD25B30039F127 /* ActivityLogRouteView.swift in Sources */,
				D8D14A652BA2DD7300F45FF2 /* UserProfileImageView.swift in Sources */,
				D89C933B2BC0204100FACD16 /* AccountHomeView.swift in Sources */,
				D8D14A672BA2E25100F45FF2 /* UserProfileList.swift in Sources */,
				D826C0E22BDBD65600AAA449 /* GroupBalancesView.swift in Sources */,
				219F43D52CC672DF00729C67 /* GroupHomeViewModelExtension.swift in Sources */,
				217620482C50DD6300FED0D4 /* GroupListWithDetailView.swift in Sources */,
				D85E86E72BB2E189002EDF76 /* ExpenseRouteView.swift in Sources */,
				D83344652C0F2CEB00CD9F05 /* GroupWhoIsPayingView.swift in Sources */,
				213BA0662C11B70F00116130 /* HomeRouteViewModel.swift in Sources */,
				D8302DA02B9F282F005ACA13 /* InviteMemberView.swift in Sources */,
				D89684452B722D3400D5F721 /* SplitoApp.swift in Sources */,
				21B1C09C2C1C5A050098B4FD /* GroupTransactionListViewModel.swift in Sources */,
				214CF8492C2977E10044C188 /* CalculateExpensesFunctions.swift in Sources */,
				213BA0602C0F465000116130 /* GroupSettleUpRouteView.swift in Sources */,
				D8AC26F72B84B12800CEAAD3 /* LoginView.swift in Sources */,
				D8CD952E2BD65F4500407B47 /* ExpenseSplitOptionsViewModel.swift in Sources */,
				D85E86E32BAB06D9002EDF76 /* AddExpenseViewModel.swift in Sources */,
				D8A7CA702BA484370014EC67 /* GroupSettingView.swift in Sources */,
				D8A7CA722BA486250014EC67 /* GroupSettingViewModel.swift in Sources */,
				D833445A2C0DD08400CD9F05 /* GroupSettleUpViewModel.swift in Sources */,
				D85E86EB2BB3FD59002EDF76 /* ChoosePayerViewModel.swift in Sources */,
				21B1C09A2C1C59F10098B4FD /* GroupTransactionListView.swift in Sources */,
				D89DBE5B2B8DE97000E5F1BD /* GroupRouteView.swift in Sources */,
				D8AC27152B84B73000CEAAD3 /* PageControl.swift in Sources */,
				D8E244BB2B9843A100C6C82A /* CreateGroupView.swift in Sources */,
				D89DBE382B88A6A800E5F1BD /* VerifyOtpView.swift in Sources */,
				D89DBE422B8CA72700E5F1BD /* HomeRouteView.swift in Sources */,
				21B1C09E2C1C5AA30098B4FD /* GroupExpenseListView.swift in Sources */,
				D89DBE252B875C3000E5F1BD /* PhoneLoginViewModel.swift in Sources */,
				D8D14A602BA2DCDB00F45FF2 /* UserProfileView.swift in Sources */,
				D88721452B9B2C78009DC5BE /* GroupListView.swift in Sources */,
				D86BB33F2C05ED9D00463E6C /* MainRouteViewModel.swift in Sources */,
				D8D14A582BA189F800F45FF2 /* JoinMemberViewModel.swift in Sources */,
				D8EB0ED52CAD884A00AC6A44 /* AppRoute.swift in Sources */,
				D8EB0ED62CAD884A00AC6A44 /* RouterView.swift in Sources */,
				D89DBE232B875C2200E5F1BD /* PhoneLoginView.swift in Sources */,
				21F27BDE2C36768D00196D62 /* ExpenseSplitOptionsTabView.swift in Sources */,
				D85E86E92BB3FD49002EDF76 /* ChoosePayerView.swift in Sources */,
				D833446E2C0F2D4C00CD9F05 /* GroupWhoGettingPaidViewModel.swift in Sources */,
				D856C7342BCFD2260008A341 /* ExpenseDetailsViewModel.swift in Sources */,
				2156A8B02C24069800CFAB64 /* GroupTransactionsRouteView.swift in Sources */,
				D8AC26F62B84B12800CEAAD3 /* LoginViewModel.swift in Sources */,
			);
			runOnlyForDeploymentPostprocessing = 0;
		};
		D896844D2B722D3700D5F721 /* Sources */ = {
			isa = PBXSourcesBuildPhase;
			buildActionMask = 2147483647;
			files = (
				D89684562B722D3700D5F721 /* SplitoTests.swift in Sources */,
			);
			runOnlyForDeploymentPostprocessing = 0;
		};
		D89684572B722D3700D5F721 /* Sources */ = {
			isa = PBXSourcesBuildPhase;
			buildActionMask = 2147483647;
			files = (
				D89684602B722D3700D5F721 /* SplitoUITests.swift in Sources */,
				D89684622B722D3700D5F721 /* SplitoUITestsLaunchTests.swift in Sources */,
			);
			runOnlyForDeploymentPostprocessing = 0;
		};
/* End PBXSourcesBuildPhase section */

/* Begin PBXTargetDependency section */
		D89684532B722D3700D5F721 /* PBXTargetDependency */ = {
			isa = PBXTargetDependency;
			target = D89684402B722D3400D5F721 /* Splito */;
			targetProxy = D89684522B722D3700D5F721 /* PBXContainerItemProxy */;
		};
		D896845D2B722D3700D5F721 /* PBXTargetDependency */ = {
			isa = PBXTargetDependency;
			target = D89684402B722D3400D5F721 /* Splito */;
			targetProxy = D896845C2B722D3700D5F721 /* PBXContainerItemProxy */;
		};
/* End PBXTargetDependency section */

/* Begin XCBuildConfiguration section */
		D89684632B722D3700D5F721 /* Debug */ = {
			isa = XCBuildConfiguration;
			baseConfigurationReference = D815DFD62BEA26C200C0F862 /* Secrets.xcconfig */;
			buildSettings = {
				ALWAYS_SEARCH_USER_PATHS = NO;
				ASSETCATALOG_COMPILER_GENERATE_SWIFT_ASSET_SYMBOL_EXTENSIONS = YES;
				CLANG_ANALYZER_NONNULL = YES;
				CLANG_ANALYZER_NUMBER_OBJECT_CONVERSION = YES_AGGRESSIVE;
				CLANG_CXX_LANGUAGE_STANDARD = "gnu++20";
				CLANG_ENABLE_MODULES = YES;
				CLANG_ENABLE_OBJC_ARC = YES;
				CLANG_ENABLE_OBJC_WEAK = YES;
				CLANG_WARN_BLOCK_CAPTURE_AUTORELEASING = YES;
				CLANG_WARN_BOOL_CONVERSION = YES;
				CLANG_WARN_COMMA = YES;
				CLANG_WARN_CONSTANT_CONVERSION = YES;
				CLANG_WARN_DEPRECATED_OBJC_IMPLEMENTATIONS = YES;
				CLANG_WARN_DIRECT_OBJC_ISA_USAGE = YES_ERROR;
				CLANG_WARN_DOCUMENTATION_COMMENTS = YES;
				CLANG_WARN_EMPTY_BODY = YES;
				CLANG_WARN_ENUM_CONVERSION = YES;
				CLANG_WARN_INFINITE_RECURSION = YES;
				CLANG_WARN_INT_CONVERSION = YES;
				CLANG_WARN_NON_LITERAL_NULL_CONVERSION = YES;
				CLANG_WARN_OBJC_IMPLICIT_RETAIN_SELF = YES;
				CLANG_WARN_OBJC_LITERAL_CONVERSION = YES;
				CLANG_WARN_OBJC_ROOT_CLASS = YES_ERROR;
				CLANG_WARN_QUOTED_INCLUDE_IN_FRAMEWORK_HEADER = YES;
				CLANG_WARN_RANGE_LOOP_ANALYSIS = YES;
				CLANG_WARN_STRICT_PROTOTYPES = YES;
				CLANG_WARN_SUSPICIOUS_MOVE = YES;
				CLANG_WARN_UNGUARDED_AVAILABILITY = YES_AGGRESSIVE;
				CLANG_WARN_UNREACHABLE_CODE = YES;
				CLANG_WARN__DUPLICATE_METHOD_MATCH = YES;
				COPY_PHASE_STRIP = NO;
				DEBUG_INFORMATION_FORMAT = dwarf;
				ENABLE_STRICT_OBJC_MSGSEND = YES;
				ENABLE_TESTABILITY = YES;
				ENABLE_USER_SCRIPT_SANDBOXING = YES;
				GCC_C_LANGUAGE_STANDARD = gnu17;
				GCC_DYNAMIC_NO_PIC = NO;
				GCC_NO_COMMON_BLOCKS = YES;
				GCC_OPTIMIZATION_LEVEL = 0;
				GCC_PREPROCESSOR_DEFINITIONS = (
					"DEBUG=1",
					"$(inherited)",
				);
				GCC_WARN_64_TO_32_BIT_CONVERSION = YES;
				GCC_WARN_ABOUT_RETURN_TYPE = YES_ERROR;
				GCC_WARN_UNDECLARED_SELECTOR = YES;
				GCC_WARN_UNINITIALIZED_AUTOS = YES_AGGRESSIVE;
				GCC_WARN_UNUSED_FUNCTION = YES;
				GCC_WARN_UNUSED_VARIABLE = YES;
				IPHONEOS_DEPLOYMENT_TARGET = 16.4;
				LOCALIZATION_PREFERS_STRING_CATALOGS = YES;
				MTL_ENABLE_DEBUG_INFO = INCLUDE_SOURCE;
				MTL_FAST_MATH = YES;
				ONLY_ACTIVE_ARCH = YES;
				SDKROOT = iphoneos;
				SWIFT_ACTIVE_COMPILATION_CONDITIONS = "DEBUG $(inherited)";
				SWIFT_OPTIMIZATION_LEVEL = "-Onone";
			};
			name = Debug;
		};
		D89684642B722D3700D5F721 /* Release */ = {
			isa = XCBuildConfiguration;
			baseConfigurationReference = D815DFD62BEA26C200C0F862 /* Secrets.xcconfig */;
			buildSettings = {
				ALWAYS_SEARCH_USER_PATHS = NO;
				ASSETCATALOG_COMPILER_GENERATE_SWIFT_ASSET_SYMBOL_EXTENSIONS = YES;
				CLANG_ANALYZER_NONNULL = YES;
				CLANG_ANALYZER_NUMBER_OBJECT_CONVERSION = YES_AGGRESSIVE;
				CLANG_CXX_LANGUAGE_STANDARD = "gnu++20";
				CLANG_ENABLE_MODULES = YES;
				CLANG_ENABLE_OBJC_ARC = YES;
				CLANG_ENABLE_OBJC_WEAK = YES;
				CLANG_WARN_BLOCK_CAPTURE_AUTORELEASING = YES;
				CLANG_WARN_BOOL_CONVERSION = YES;
				CLANG_WARN_COMMA = YES;
				CLANG_WARN_CONSTANT_CONVERSION = YES;
				CLANG_WARN_DEPRECATED_OBJC_IMPLEMENTATIONS = YES;
				CLANG_WARN_DIRECT_OBJC_ISA_USAGE = YES_ERROR;
				CLANG_WARN_DOCUMENTATION_COMMENTS = YES;
				CLANG_WARN_EMPTY_BODY = YES;
				CLANG_WARN_ENUM_CONVERSION = YES;
				CLANG_WARN_INFINITE_RECURSION = YES;
				CLANG_WARN_INT_CONVERSION = YES;
				CLANG_WARN_NON_LITERAL_NULL_CONVERSION = YES;
				CLANG_WARN_OBJC_IMPLICIT_RETAIN_SELF = YES;
				CLANG_WARN_OBJC_LITERAL_CONVERSION = YES;
				CLANG_WARN_OBJC_ROOT_CLASS = YES_ERROR;
				CLANG_WARN_QUOTED_INCLUDE_IN_FRAMEWORK_HEADER = YES;
				CLANG_WARN_RANGE_LOOP_ANALYSIS = YES;
				CLANG_WARN_STRICT_PROTOTYPES = YES;
				CLANG_WARN_SUSPICIOUS_MOVE = YES;
				CLANG_WARN_UNGUARDED_AVAILABILITY = YES_AGGRESSIVE;
				CLANG_WARN_UNREACHABLE_CODE = YES;
				CLANG_WARN__DUPLICATE_METHOD_MATCH = YES;
				COPY_PHASE_STRIP = NO;
				DEBUG_INFORMATION_FORMAT = "dwarf-with-dsym";
				ENABLE_NS_ASSERTIONS = NO;
				ENABLE_STRICT_OBJC_MSGSEND = YES;
				ENABLE_USER_SCRIPT_SANDBOXING = YES;
				GCC_C_LANGUAGE_STANDARD = gnu17;
				GCC_NO_COMMON_BLOCKS = YES;
				GCC_WARN_64_TO_32_BIT_CONVERSION = YES;
				GCC_WARN_ABOUT_RETURN_TYPE = YES_ERROR;
				GCC_WARN_UNDECLARED_SELECTOR = YES;
				GCC_WARN_UNINITIALIZED_AUTOS = YES_AGGRESSIVE;
				GCC_WARN_UNUSED_FUNCTION = YES;
				GCC_WARN_UNUSED_VARIABLE = YES;
				IPHONEOS_DEPLOYMENT_TARGET = 16.4;
				LOCALIZATION_PREFERS_STRING_CATALOGS = YES;
				MTL_ENABLE_DEBUG_INFO = NO;
				MTL_FAST_MATH = YES;
				SDKROOT = iphoneos;
				SWIFT_COMPILATION_MODE = wholemodule;
				VALIDATE_PRODUCT = YES;
			};
			name = Release;
		};
		D89684662B722D3700D5F721 /* Debug */ = {
			isa = XCBuildConfiguration;
			baseConfigurationReference = 44312D517F674E980CBAE838 /* Pods-Splito.debug.xcconfig */;
			buildSettings = {
				ASSETCATALOG_COMPILER_APPICON_NAME = AppIcon;
				ASSETCATALOG_COMPILER_GLOBAL_ACCENT_COLOR_NAME = AccentColor;
				CODE_SIGN_ENTITLEMENTS = Splito/Splito.entitlements;
				CODE_SIGN_IDENTITY = "iPhone Developer";
				CODE_SIGN_STYLE = Automatic;
				CURRENT_PROJECT_VERSION = 10000000;
				DEVELOPMENT_ASSET_PATHS = "\"Splito/Preview Content\"";
				DEVELOPMENT_TEAM = S985H2T7J8;
				ENABLE_PREVIEWS = YES;
				ENABLE_USER_SCRIPT_SANDBOXING = NO;
				GENERATE_INFOPLIST_FILE = NO;
				INFOPLIST_FILE = "$(SRCROOT)/Splito/Plist/Info.plist";
				INFOPLIST_KEY_CFBundleDisplayName = "";
				INFOPLIST_KEY_LSApplicationCategoryType = "";
				INFOPLIST_KEY_UIApplicationSceneManifest_Generation = YES;
				INFOPLIST_KEY_UIApplicationSupportsIndirectInputEvents = YES;
				INFOPLIST_KEY_UILaunchStoryboardName = SplashView;
				INFOPLIST_KEY_UIStatusBarStyle = "";
				INFOPLIST_KEY_UISupportedInterfaceOrientations = "UIInterfaceOrientationLandscapeLeft UIInterfaceOrientationLandscapeRight UIInterfaceOrientationPortrait";
				INFOPLIST_KEY_UISupportedInterfaceOrientations_iPad = "UIInterfaceOrientationLandscapeLeft UIInterfaceOrientationLandscapeRight UIInterfaceOrientationPortrait UIInterfaceOrientationPortraitUpsideDown";
				IPHONEOS_DEPLOYMENT_TARGET = 16.4;
				LD_RUNPATH_SEARCH_PATHS = (
					"$(inherited)",
					"@executable_path/Frameworks",
				);
				MARKETING_VERSION = 1.0;
				OTHER_LDFLAGS = (
					"$(inherited)",
					"-framework",
					"\"AppAuth\"",
					"-framework",
					"\"CocoaLumberjack\"",
					"-framework",
					"\"CoreGraphics\"",
					"-framework",
					"\"CoreText\"",
					"-framework",
					"\"FirebaseAppCheckInterop\"",
					"-framework",
					"\"FirebaseAuth\"",
					"-framework",
					"\"FirebaseCore\"",
					"-framework",
					"\"FirebaseCoreExtension\"",
					"-framework",
					"\"FirebaseCoreInternal\"",
					"-framework",
					"\"FirebaseFirestore\"",
					"-framework",
					"\"FirebaseFirestoreInternal\"",
					"-framework",
					"\"FirebaseSharedSwift\"",
					"-framework",
					"\"Foundation\"",
					"-framework",
					"\"GTMAppAuth\"",
					"-framework",
					"\"GTMSessionFetcher\"",
					"-framework",
					"\"GoogleSignIn\"",
					"-framework",
					"\"GoogleUtilities\"",
					"-framework",
					"\"LocalAuthentication\"",
					"-framework",
					"\"RecaptchaInterop\"",
					"-framework",
					"\"SSZipArchive\"",
					"-framework",
					"\"SafariServices\"",
					"-framework",
					"\"Security\"",
					"-framework",
					"\"Swinject\"",
					"-framework",
					"\"SystemConfiguration\"",
					"-framework",
					"\"UIKit\"",
					"-framework",
					"\"openssl_grpc\"",
					"-weak_framework",
					"\"AuthenticationServices\"",
					"-Wl",
					"-Wno-deprecated-declarations",
				);
				PRODUCT_BUNDLE_IDENTIFIER = com.canopas.splito;
				PRODUCT_NAME = "$(TARGET_NAME)";
				SWIFT_EMIT_LOC_STRINGS = YES;
				SWIFT_VERSION = 5.0;
				TARGETED_DEVICE_FAMILY = "1,2";
			};
			name = Debug;
		};
		D89684672B722D3700D5F721 /* Release */ = {
			isa = XCBuildConfiguration;
			baseConfigurationReference = 9CA8C624122350086DDBE466 /* Pods-Splito.release.xcconfig */;
			buildSettings = {
				ASSETCATALOG_COMPILER_APPICON_NAME = AppIcon;
				ASSETCATALOG_COMPILER_GLOBAL_ACCENT_COLOR_NAME = AccentColor;
				CODE_SIGN_ENTITLEMENTS = Splito/Splito.entitlements;
				CODE_SIGN_IDENTITY = "Apple Distribution";
				"CODE_SIGN_IDENTITY[sdk=iphoneos*]" = "Apple Distribution: CANOPAS SOFTWARE LLP (S985H2T7J8)";
				CODE_SIGN_STYLE = Manual;
				CURRENT_PROJECT_VERSION = 10000000;
				DEVELOPMENT_ASSET_PATHS = "\"Splito/Preview Content\"";
				DEVELOPMENT_TEAM = "";
				"DEVELOPMENT_TEAM[sdk=iphoneos*]" = S985H2T7J8;
				ENABLE_PREVIEWS = YES;
				ENABLE_USER_SCRIPT_SANDBOXING = NO;
				GENERATE_INFOPLIST_FILE = NO;
				INFOPLIST_FILE = "$(SRCROOT)/Splito/Plist/Info.plist";
				INFOPLIST_KEY_CFBundleDisplayName = "";
				INFOPLIST_KEY_LSApplicationCategoryType = "";
				INFOPLIST_KEY_UIApplicationSceneManifest_Generation = YES;
				INFOPLIST_KEY_UIApplicationSupportsIndirectInputEvents = YES;
				INFOPLIST_KEY_UILaunchStoryboardName = SplashView;
				INFOPLIST_KEY_UIStatusBarStyle = "";
				INFOPLIST_KEY_UISupportedInterfaceOrientations = "UIInterfaceOrientationLandscapeLeft UIInterfaceOrientationLandscapeRight UIInterfaceOrientationPortrait";
				INFOPLIST_KEY_UISupportedInterfaceOrientations_iPad = "UIInterfaceOrientationLandscapeLeft UIInterfaceOrientationLandscapeRight UIInterfaceOrientationPortrait UIInterfaceOrientationPortraitUpsideDown";
				IPHONEOS_DEPLOYMENT_TARGET = 16.4;
				LD_RUNPATH_SEARCH_PATHS = (
					"$(inherited)",
					"@executable_path/Frameworks",
				);
				MARKETING_VERSION = 1.0;
				OTHER_LDFLAGS = (
					"$(inherited)",
					"-framework",
					"\"AppAuth\"",
					"-framework",
					"\"CocoaLumberjack\"",
					"-framework",
					"\"CoreGraphics\"",
					"-framework",
					"\"CoreText\"",
					"-framework",
					"\"FirebaseAppCheckInterop\"",
					"-framework",
					"\"FirebaseAuth\"",
					"-framework",
					"\"FirebaseCore\"",
					"-framework",
					"\"FirebaseCoreExtension\"",
					"-framework",
					"\"FirebaseCoreInternal\"",
					"-framework",
					"\"FirebaseFirestore\"",
					"-framework",
					"\"FirebaseFirestoreInternal\"",
					"-framework",
					"\"FirebaseSharedSwift\"",
					"-framework",
					"\"Foundation\"",
					"-framework",
					"\"GTMAppAuth\"",
					"-framework",
					"\"GTMSessionFetcher\"",
					"-framework",
					"\"GoogleSignIn\"",
					"-framework",
					"\"GoogleUtilities\"",
					"-framework",
					"\"LocalAuthentication\"",
					"-framework",
					"\"RecaptchaInterop\"",
					"-framework",
					"\"SSZipArchive\"",
					"-framework",
					"\"SafariServices\"",
					"-framework",
					"\"Security\"",
					"-framework",
					"\"Swinject\"",
					"-framework",
					"\"SystemConfiguration\"",
					"-framework",
					"\"UIKit\"",
					"-framework",
					"\"openssl_grpc\"",
					"-weak_framework",
					"\"AuthenticationServices\"",
					"-Wl",
					"-Wno-deprecated-declarations",
				);
				PRODUCT_BUNDLE_IDENTIFIER = com.canopas.splito;
				PRODUCT_NAME = "$(TARGET_NAME)";
				PROVISIONING_PROFILE_SPECIFIER = "";
				"PROVISIONING_PROFILE_SPECIFIER[sdk=iphoneos*]" = "provision-splito-distribution-2024-03-04";
				SWIFT_EMIT_LOC_STRINGS = YES;
				SWIFT_VERSION = 5.0;
				TARGETED_DEVICE_FAMILY = "1,2";
			};
			name = Release;
		};
		D89684692B722D3700D5F721 /* Debug */ = {
			isa = XCBuildConfiguration;
			baseConfigurationReference = C90B8B47C865162E6A9D4D79 /* Pods-SplitoTests.debug.xcconfig */;
			buildSettings = {
				BUNDLE_LOADER = "$(TEST_HOST)";
				CODE_SIGN_STYLE = Automatic;
				CURRENT_PROJECT_VERSION = 1;
				DEVELOPMENT_TEAM = S985H2T7J8;
				ENABLE_USER_SCRIPT_SANDBOXING = NO;
				GENERATE_INFOPLIST_FILE = YES;
				IPHONEOS_DEPLOYMENT_TARGET = 16.4;
				MARKETING_VERSION = 1.0;
				PRODUCT_BUNDLE_IDENTIFIER = com.project.SplitoTests;
				PRODUCT_NAME = "$(TARGET_NAME)";
				SWIFT_EMIT_LOC_STRINGS = NO;
				SWIFT_VERSION = 5.0;
				TARGETED_DEVICE_FAMILY = "1,2";
				TEST_HOST = "$(BUILT_PRODUCTS_DIR)/Splito.app/$(BUNDLE_EXECUTABLE_FOLDER_PATH)/Splito";
			};
			name = Debug;
		};
		D896846A2B722D3700D5F721 /* Release */ = {
			isa = XCBuildConfiguration;
			baseConfigurationReference = DFDBE222145831CBD9B686FF /* Pods-SplitoTests.release.xcconfig */;
			buildSettings = {
				BUNDLE_LOADER = "$(TEST_HOST)";
				CODE_SIGN_STYLE = Automatic;
				CURRENT_PROJECT_VERSION = 1;
				DEVELOPMENT_TEAM = S985H2T7J8;
				ENABLE_USER_SCRIPT_SANDBOXING = NO;
				GENERATE_INFOPLIST_FILE = YES;
				IPHONEOS_DEPLOYMENT_TARGET = 16.4;
				MARKETING_VERSION = 1.0;
				PRODUCT_BUNDLE_IDENTIFIER = com.project.SplitoTests;
				PRODUCT_NAME = "$(TARGET_NAME)";
				SWIFT_EMIT_LOC_STRINGS = NO;
				SWIFT_VERSION = 5.0;
				TARGETED_DEVICE_FAMILY = "1,2";
				TEST_HOST = "$(BUILT_PRODUCTS_DIR)/Splito.app/$(BUNDLE_EXECUTABLE_FOLDER_PATH)/Splito";
			};
			name = Release;
		};
		D896846C2B722D3700D5F721 /* Debug */ = {
			isa = XCBuildConfiguration;
			baseConfigurationReference = F76BDF4C42A2EF9A9F45B069 /* Pods-Splito-SplitoUITests.debug.xcconfig */;
			buildSettings = {
				CODE_SIGN_STYLE = Automatic;
				CURRENT_PROJECT_VERSION = 1;
				DEVELOPMENT_TEAM = S985H2T7J8;
				ENABLE_USER_SCRIPT_SANDBOXING = NO;
				GENERATE_INFOPLIST_FILE = YES;
				MARKETING_VERSION = 1.0;
				PRODUCT_BUNDLE_IDENTIFIER = com.project.SplitoUITests;
				PRODUCT_NAME = "$(TARGET_NAME)";
				SWIFT_EMIT_LOC_STRINGS = NO;
				SWIFT_VERSION = 5.0;
				TARGETED_DEVICE_FAMILY = "1,2";
				TEST_TARGET_NAME = Splito;
			};
			name = Debug;
		};
		D896846D2B722D3700D5F721 /* Release */ = {
			isa = XCBuildConfiguration;
			baseConfigurationReference = 038CCD15E82A4E16A4AD213C /* Pods-Splito-SplitoUITests.release.xcconfig */;
			buildSettings = {
				CODE_SIGN_STYLE = Automatic;
				CURRENT_PROJECT_VERSION = 1;
				DEVELOPMENT_TEAM = S985H2T7J8;
				ENABLE_USER_SCRIPT_SANDBOXING = NO;
				GENERATE_INFOPLIST_FILE = YES;
				MARKETING_VERSION = 1.0;
				PRODUCT_BUNDLE_IDENTIFIER = com.project.SplitoUITests;
				PRODUCT_NAME = "$(TARGET_NAME)";
				SWIFT_EMIT_LOC_STRINGS = NO;
				SWIFT_VERSION = 5.0;
				TARGETED_DEVICE_FAMILY = "1,2";
				TEST_TARGET_NAME = Splito;
			};
			name = Release;
		};
/* End XCBuildConfiguration section */

/* Begin XCConfigurationList section */
		D896843C2B722D3400D5F721 /* Build configuration list for PBXProject "Splito" */ = {
			isa = XCConfigurationList;
			buildConfigurations = (
				D89684632B722D3700D5F721 /* Debug */,
				D89684642B722D3700D5F721 /* Release */,
			);
			defaultConfigurationIsVisible = 0;
			defaultConfigurationName = Release;
		};
		D89684652B722D3700D5F721 /* Build configuration list for PBXNativeTarget "Splito" */ = {
			isa = XCConfigurationList;
			buildConfigurations = (
				D89684662B722D3700D5F721 /* Debug */,
				D89684672B722D3700D5F721 /* Release */,
			);
			defaultConfigurationIsVisible = 0;
			defaultConfigurationName = Release;
		};
		D89684682B722D3700D5F721 /* Build configuration list for PBXNativeTarget "SplitoTests" */ = {
			isa = XCConfigurationList;
			buildConfigurations = (
				D89684692B722D3700D5F721 /* Debug */,
				D896846A2B722D3700D5F721 /* Release */,
			);
			defaultConfigurationIsVisible = 0;
			defaultConfigurationName = Release;
		};
		D896846B2B722D3700D5F721 /* Build configuration list for PBXNativeTarget "SplitoUITests" */ = {
			isa = XCConfigurationList;
			buildConfigurations = (
				D896846C2B722D3700D5F721 /* Debug */,
				D896846D2B722D3700D5F721 /* Release */,
			);
			defaultConfigurationIsVisible = 0;
			defaultConfigurationName = Release;
		};
/* End XCConfigurationList section */
	};
	rootObject = D89684392B722D3400D5F721 /* Project object */;
}
